<?xml version="1.0" encoding="UTF-8"?>
<!DOCTYPE plist PUBLIC "-//Apple//DTD PLIST 1.0//EN" "http://www.apple.com/DTDs/PropertyList-1.0.dtd">
<plist version="1.0">
<dict>
	<key>archiveVersion</key>
	<string>1</string>
	<key>classes</key>
	<dict/>
	<key>objectVersion</key>
	<string>46</string>
	<key>objects</key>
	<dict>
		<key>0B9F9C9CAB3974A547C3E764</key>
		<dict>
			<key>includeInIndex</key>
			<string>1</string>
			<key>isa</key>
			<string>PBXFileReference</string>
			<key>lastKnownFileType</key>
			<string>text.xcconfig</string>
			<key>name</key>
			<string>Pods-BluffMastrTests.distribution.xcconfig</string>
			<key>path</key>
			<string>Pods/Target Support Files/Pods-BluffMastrTests/Pods-BluffMastrTests.distribution.xcconfig</string>
			<key>sourceTree</key>
			<string>&lt;group&gt;</string>
		</dict>
		<key>0E83DD0A04B4686A5925D1E6</key>
		<dict>
			<key>includeInIndex</key>
			<string>1</string>
			<key>isa</key>
			<string>PBXFileReference</string>
			<key>lastKnownFileType</key>
			<string>text.xcconfig</string>
			<key>name</key>
			<string>Pods-BluffMastr.debug.xcconfig</string>
			<key>path</key>
			<string>Pods/Target Support Files/Pods-BluffMastr/Pods-BluffMastr.debug.xcconfig</string>
			<key>sourceTree</key>
			<string>&lt;group&gt;</string>
		</dict>
		<key>14492564958FCD7704EB8856</key>
		<dict>
			<key>explicitFileType</key>
			<string>wrapper.framework</string>
			<key>includeInIndex</key>
			<string>0</string>
			<key>isa</key>
			<string>PBXFileReference</string>
			<key>path</key>
			<string>Pods_BluffMastrUITests.framework</string>
			<key>sourceTree</key>
			<string>BUILT_PRODUCTS_DIR</string>
		</dict>
		<key>178A33BE6E43426627BB6DE2</key>
		<dict>
			<key>buildActionMask</key>
			<string>2147483647</string>
			<key>files</key>
			<array/>
			<key>inputPaths</key>
			<array/>
			<key>isa</key>
			<string>PBXShellScriptBuildPhase</string>
			<key>name</key>
			<string>&#128230; Check Pods Manifest.lock</string>
			<key>outputPaths</key>
			<array/>
			<key>runOnlyForDeploymentPostprocessing</key>
			<string>0</string>
			<key>shellPath</key>
			<string>/bin/sh</string>
			<key>shellScript</key>
			<string>diff "${PODS_ROOT}/../Podfile.lock" "${PODS_ROOT}/Manifest.lock" &gt; /dev/null
if [[ $? != 0 ]] ; then
    cat &lt;&lt; EOM
error: The sandbox is not in sync with the Podfile.lock. Run 'pod install' or update your CocoaPods installation.
EOM
    exit 1
fi
</string>
			<key>showEnvVarsInLog</key>
			<string>0</string>
		</dict>
		<key>1E1FDB6391A6853AA5868A7C</key>
		<dict>
			<key>includeInIndex</key>
			<string>1</string>
			<key>isa</key>
			<string>PBXFileReference</string>
			<key>lastKnownFileType</key>
			<string>text.xcconfig</string>
			<key>name</key>
			<string>Pods-BluffMastrUITests.distribution.xcconfig</string>
			<key>path</key>
			<string>Pods/Target Support Files/Pods-BluffMastrUITests/Pods-BluffMastrUITests.distribution.xcconfig</string>
			<key>sourceTree</key>
			<string>&lt;group&gt;</string>
		</dict>
		<key>1FC8CEB5040EF801DB61B6BA</key>
		<dict>
			<key>children</key>
			<array>
				<string>0E83DD0A04B4686A5925D1E6</string>
				<string>F56884EED90B4C5E8CF986F5</string>
				<string>D4DEC114591F4CEE03FCDB91</string>
				<string>A922B0AA2F6A3E1FB70B08EB</string>
				<string>4512356BBB25570761C24F52</string>
				<string>0B9F9C9CAB3974A547C3E764</string>
				<string>8D32F1F004E9AE649AF4463F</string>
				<string>B4E59A2CC6F793440006CC11</string>
				<string>1E1FDB6391A6853AA5868A7C</string>
			</array>
			<key>isa</key>
			<string>PBXGroup</string>
			<key>name</key>
			<string>Pods</string>
			<key>sourceTree</key>
			<string>&lt;group&gt;</string>
		</dict>
		<key>3D7024ABAB7330F1BA7A5F5D</key>
		<dict>
			<key>fileRef</key>
			<string>B9DF4A028899D42DFEBF1369</string>
			<key>isa</key>
			<string>PBXBuildFile</string>
		</dict>
		<key>4512356BBB25570761C24F52</key>
		<dict>
			<key>includeInIndex</key>
			<string>1</string>
			<key>isa</key>
			<string>PBXFileReference</string>
			<key>lastKnownFileType</key>
			<string>text.xcconfig</string>
			<key>name</key>
			<string>Pods-BluffMastrTests.release.xcconfig</string>
			<key>path</key>
			<string>Pods/Target Support Files/Pods-BluffMastrTests/Pods-BluffMastrTests.release.xcconfig</string>
			<key>sourceTree</key>
			<string>&lt;group&gt;</string>
		</dict>
		<key>459992FD7483544990DDF961</key>
		<dict>
			<key>explicitFileType</key>
			<string>wrapper.framework</string>
			<key>includeInIndex</key>
			<string>0</string>
			<key>isa</key>
			<string>PBXFileReference</string>
			<key>path</key>
			<string>Pods_BluffMastrTests.framework</string>
			<key>sourceTree</key>
			<string>BUILT_PRODUCTS_DIR</string>
		</dict>
		<key>484053F70CBDA0C6F35370CA</key>
		<dict>
			<key>buildActionMask</key>
			<string>2147483647</string>
			<key>files</key>
			<array/>
			<key>inputPaths</key>
			<array/>
			<key>isa</key>
			<string>PBXShellScriptBuildPhase</string>
			<key>name</key>
			<string>&#128230; Check Pods Manifest.lock</string>
			<key>outputPaths</key>
			<array/>
			<key>runOnlyForDeploymentPostprocessing</key>
			<string>0</string>
			<key>shellPath</key>
			<string>/bin/sh</string>
			<key>shellScript</key>
			<string>diff "${PODS_ROOT}/../Podfile.lock" "${PODS_ROOT}/Manifest.lock" &gt; /dev/null
if [[ $? != 0 ]] ; then
    cat &lt;&lt; EOM
error: The sandbox is not in sync with the Podfile.lock. Run 'pod install' or update your CocoaPods installation.
EOM
    exit 1
fi
</string>
			<key>showEnvVarsInLog</key>
			<string>0</string>
		</dict>
		<key>4D18C13DB0A2D1994A26CBA1</key>
		<dict>
			<key>buildActionMask</key>
			<string>2147483647</string>
			<key>files</key>
			<array/>
			<key>inputPaths</key>
			<array/>
			<key>isa</key>
			<string>PBXShellScriptBuildPhase</string>
			<key>name</key>
			<string>&#128230; Copy Pods Resources</string>
			<key>outputPaths</key>
			<array/>
			<key>runOnlyForDeploymentPostprocessing</key>
			<string>0</string>
			<key>shellPath</key>
			<string>/bin/sh</string>
			<key>shellScript</key>
			<string>"${SRCROOT}/Pods/Target Support Files/Pods-BluffMastrUITests/Pods-BluffMastrUITests-resources.sh"
</string>
			<key>showEnvVarsInLog</key>
			<string>0</string>
		</dict>
		<key>5ED131ACFB19A41CA54BF030</key>
		<dict>
			<key>buildActionMask</key>
			<string>2147483647</string>
			<key>files</key>
			<array/>
			<key>inputPaths</key>
			<array/>
			<key>isa</key>
			<string>PBXShellScriptBuildPhase</string>
			<key>name</key>
			<string>&#128230; Copy Pods Resources</string>
			<key>outputPaths</key>
			<array/>
			<key>runOnlyForDeploymentPostprocessing</key>
			<string>0</string>
			<key>shellPath</key>
			<string>/bin/sh</string>
			<key>shellScript</key>
			<string>"${SRCROOT}/Pods/Target Support Files/Pods-BluffMastr/Pods-BluffMastr-resources.sh"
</string>
			<key>showEnvVarsInLog</key>
			<string>0</string>
		</dict>
		<key>6D0AFF8BE0E741811D885DAE</key>
		<dict>
			<key>buildActionMask</key>
			<string>2147483647</string>
			<key>files</key>
			<array/>
			<key>inputPaths</key>
			<array/>
			<key>isa</key>
			<string>PBXShellScriptBuildPhase</string>
			<key>name</key>
			<string>&#128230; Check Pods Manifest.lock</string>
			<key>outputPaths</key>
			<array/>
			<key>runOnlyForDeploymentPostprocessing</key>
			<string>0</string>
			<key>shellPath</key>
			<string>/bin/sh</string>
			<key>shellScript</key>
			<string>diff "${PODS_ROOT}/../Podfile.lock" "${PODS_ROOT}/Manifest.lock" &gt; /dev/null
if [[ $? != 0 ]] ; then
    cat &lt;&lt; EOM
error: The sandbox is not in sync with the Podfile.lock. Run 'pod install' or update your CocoaPods installation.
EOM
    exit 1
fi
</string>
			<key>showEnvVarsInLog</key>
			<string>0</string>
		</dict>
		<key>7F169561C01883DAFD5B4456</key>
		<dict>
			<key>buildActionMask</key>
			<string>2147483647</string>
			<key>files</key>
			<array/>
			<key>inputPaths</key>
			<array/>
			<key>isa</key>
			<string>PBXShellScriptBuildPhase</string>
			<key>name</key>
			<string>Embed Pods Frameworks</string>
			<key>outputPaths</key>
			<array/>
			<key>runOnlyForDeploymentPostprocessing</key>
			<string>0</string>
			<key>shellPath</key>
			<string>/bin/sh</string>
			<key>shellScript</key>
			<string>"${SRCROOT}/Pods/Target Support Files/Pods-BluffMastr/Pods-BluffMastr-frameworks.sh"
</string>
			<key>showEnvVarsInLog</key>
			<string>0</string>
		</dict>
		<key>8B2F4C65358243D8E78087AC</key>
		<dict>
			<key>fileRef</key>
			<string>14492564958FCD7704EB8856</string>
			<key>isa</key>
			<string>PBXBuildFile</string>
		</dict>
		<key>8BBA0174D74E98FC3218937F</key>
		<dict>
			<key>buildActionMask</key>
			<string>2147483647</string>
			<key>files</key>
			<array/>
			<key>inputPaths</key>
			<array/>
			<key>isa</key>
			<string>PBXShellScriptBuildPhase</string>
			<key>name</key>
			<string>&#128230; Copy Pods Resources</string>
			<key>outputPaths</key>
			<array/>
			<key>runOnlyForDeploymentPostprocessing</key>
			<string>0</string>
			<key>shellPath</key>
			<string>/bin/sh</string>
			<key>shellScript</key>
			<string>"${SRCROOT}/Pods/Target Support Files/Pods-BluffMastrTests/Pods-BluffMastrTests-resources.sh"
</string>
			<key>showEnvVarsInLog</key>
			<string>0</string>
		</dict>
		<key>8D32F1F004E9AE649AF4463F</key>
		<dict>
			<key>includeInIndex</key>
			<string>1</string>
			<key>isa</key>
			<string>PBXFileReference</string>
			<key>lastKnownFileType</key>
			<string>text.xcconfig</string>
			<key>name</key>
			<string>Pods-BluffMastrUITests.debug.xcconfig</string>
			<key>path</key>
			<string>Pods/Target Support Files/Pods-BluffMastrUITests/Pods-BluffMastrUITests.debug.xcconfig</string>
			<key>sourceTree</key>
			<string>&lt;group&gt;</string>
		</dict>
		<key>92A1BC11A11001B56E21F54F</key>
		<dict>
			<key>fileRef</key>
			<string>459992FD7483544990DDF961</string>
			<key>isa</key>
			<string>PBXBuildFile</string>
		</dict>
		<key>9446F8D81CF5F01E00F41FC0</key>
		<dict>
			<key>fileEncoding</key>
			<string>4</string>
			<key>isa</key>
			<string>PBXFileReference</string>
			<key>lastKnownFileType</key>
			<string>sourcecode.swift</string>
			<key>path</key>
			<string>Votes.swift</string>
			<key>sourceTree</key>
			<string>&lt;group&gt;</string>
		</dict>
		<key>9446F8D91CF5F01E00F41FC0</key>
		<dict>
			<key>fileRef</key>
			<string>9446F8D81CF5F01E00F41FC0</string>
			<key>isa</key>
			<string>PBXBuildFile</string>
		</dict>
		<key>949875B81D025FE000BA190E</key>
		<dict>
			<key>fileEncoding</key>
			<string>4</string>
			<key>isa</key>
			<string>PBXFileReference</string>
			<key>lastKnownFileType</key>
			<string>text.plist.xml</string>
			<key>path</key>
			<string>GoogleService-Info.plist</string>
			<key>sourceTree</key>
			<string>&lt;group&gt;</string>
		</dict>
		<key>949875B91D025FE000BA190E</key>
		<dict>
			<key>fileRef</key>
			<string>949875B81D025FE000BA190E</string>
			<key>isa</key>
			<string>PBXBuildFile</string>
		</dict>
		<key>949875BA1D025FE000BA190E</key>
		<dict>
			<key>fileRef</key>
			<string>949875B81D025FE000BA190E</string>
			<key>isa</key>
			<string>PBXBuildFile</string>
		</dict>
		<key>949875BB1D025FE000BA190E</key>
		<dict>
			<key>fileRef</key>
			<string>949875B81D025FE000BA190E</string>
			<key>isa</key>
			<string>PBXBuildFile</string>
		</dict>
		<key>94FED3F11D4C2CFC00DFE2BA</key>
		<dict>
			<key>fileEncoding</key>
			<string>4</string>
			<key>isa</key>
			<string>PBXFileReference</string>
			<key>lastKnownFileType</key>
			<string>sourcecode.swift</string>
			<key>path</key>
			<string>ConclusionVC.swift</string>
			<key>sourceTree</key>
			<string>&lt;group&gt;</string>
		</dict>
		<key>94FED3F21D4C2CFC00DFE2BA</key>
		<dict>
			<key>fileRef</key>
			<string>94FED3F11D4C2CFC00DFE2BA</string>
			<key>isa</key>
			<string>PBXBuildFile</string>
		</dict>
		<key>A922B0AA2F6A3E1FB70B08EB</key>
		<dict>
			<key>includeInIndex</key>
			<string>1</string>
			<key>isa</key>
			<string>PBXFileReference</string>
			<key>lastKnownFileType</key>
			<string>text.xcconfig</string>
			<key>name</key>
			<string>Pods-BluffMastrTests.debug.xcconfig</string>
			<key>path</key>
			<string>Pods/Target Support Files/Pods-BluffMastrTests/Pods-BluffMastrTests.debug.xcconfig</string>
			<key>sourceTree</key>
			<string>&lt;group&gt;</string>
		</dict>
		<key>B4E59A2CC6F793440006CC11</key>
		<dict>
			<key>includeInIndex</key>
			<string>1</string>
			<key>isa</key>
			<string>PBXFileReference</string>
			<key>lastKnownFileType</key>
			<string>text.xcconfig</string>
			<key>name</key>
			<string>Pods-BluffMastrUITests.release.xcconfig</string>
			<key>path</key>
			<string>Pods/Target Support Files/Pods-BluffMastrUITests/Pods-BluffMastrUITests.release.xcconfig</string>
			<key>sourceTree</key>
			<string>&lt;group&gt;</string>
		</dict>
		<key>B8E5682A91625B8E181995E3</key>
		<dict>
			<key>buildActionMask</key>
			<string>2147483647</string>
			<key>files</key>
			<array/>
			<key>inputPaths</key>
			<array/>
			<key>isa</key>
			<string>PBXShellScriptBuildPhase</string>
			<key>name</key>
			<string>&#128230; Embed Pods Frameworks</string>
			<key>outputPaths</key>
			<array/>
			<key>runOnlyForDeploymentPostprocessing</key>
			<string>0</string>
			<key>shellPath</key>
			<string>/bin/sh</string>
			<key>shellScript</key>
			<string>"${SRCROOT}/Pods/Target Support Files/Pods-BluffMastrTests/Pods-BluffMastrTests-frameworks.sh"
</string>
			<key>showEnvVarsInLog</key>
			<string>0</string>
		</dict>
		<key>B9DF4A028899D42DFEBF1369</key>
		<dict>
			<key>explicitFileType</key>
			<string>wrapper.framework</string>
			<key>includeInIndex</key>
			<string>0</string>
			<key>isa</key>
			<string>PBXFileReference</string>
			<key>path</key>
			<string>Pods_BluffMastr.framework</string>
			<key>sourceTree</key>
			<string>BUILT_PRODUCTS_DIR</string>
		</dict>
		<key>CB03724F1D371CCB00E3550D</key>
		<dict>
			<key>fileEncoding</key>
			<string>4</string>
			<key>isa</key>
			<string>PBXFileReference</string>
			<key>lastKnownFileType</key>
			<string>sourcecode.swift</string>
			<key>path</key>
			<string>WelcomeVC.swift</string>
			<key>sourceTree</key>
			<string>&lt;group&gt;</string>
		</dict>
		<key>CB0372501D371CCB00E3550D</key>
		<dict>
			<key>fileRef</key>
			<string>CB03724F1D371CCB00E3550D</string>
			<key>isa</key>
			<string>PBXBuildFile</string>
		</dict>
		<key>CB7867181D1653B200E0CDB0</key>
		<dict>
			<key>isa</key>
			<string>PBXFileReference</string>
			<key>lastKnownFileType</key>
			<string>sourcecode.c.h</string>
			<key>path</key>
			<string>BluffMastr-Bridging-Header.h</string>
			<key>sourceTree</key>
			<string>&lt;group&gt;</string>
		</dict>
		<key>CB78671E1D18B2FD00E0CDB0</key>
		<dict>
			<key>fileEncoding</key>
			<string>4</string>
			<key>isa</key>
			<string>PBXFileReference</string>
			<key>lastKnownFileType</key>
			<string>sourcecode.swift</string>
			<key>path</key>
			<string>ServicesUtil.swift</string>
			<key>sourceTree</key>
			<string>&lt;group&gt;</string>
		</dict>
		<key>CB78671F1D18B2FD00E0CDB0</key>
		<dict>
			<key>fileRef</key>
			<string>CB78671E1D18B2FD00E0CDB0</string>
			<key>isa</key>
			<string>PBXBuildFile</string>
		</dict>
		<key>CB7B0BEB1D3868B400F44727</key>
		<dict>
			<key>fileEncoding</key>
			<string>4</string>
			<key>isa</key>
			<string>PBXFileReference</string>
			<key>lastKnownFileType</key>
			<string>sourcecode.swift</string>
			<key>path</key>
			<string>VerdictVC.swift</string>
			<key>sourceTree</key>
			<string>&lt;group&gt;</string>
		</dict>
		<key>CB7B0BEC1D3868B400F44727</key>
		<dict>
			<key>fileRef</key>
			<string>CB7B0BEB1D3868B400F44727</string>
			<key>isa</key>
			<string>PBXBuildFile</string>
		</dict>
		<key>CB7CEFC01CD6DB8F00356DFB</key>
		<dict>
			<key>children</key>
			<array/>
			<key>isa</key>
			<string>PBXGroup</string>
			<key>name</key>
			<string>Model</string>
			<key>sourceTree</key>
			<string>&lt;group&gt;</string>
		</dict>
		<key>CB7CEFC11CD6DBA200356DFB</key>
		<dict>
			<key>children</key>
			<array>
				<string>CBDA410A1CD5BFD200103F2A</string>
				<string>CB8C3A0C1CD9911D0082215D</string>
				<string>CB7CEFC71CD6F1E000356DFB</string>
				<string>CB7CEFCD1CD6FE3F00356DFB</string>
				<string>CB7CEFCF1CD700B200356DFB</string>
				<string>CBCFD3261CEBE79D00C4AD7B</string>
				<string>CBF846031D1B606100F457E7</string>
			</array>
			<key>isa</key>
			<string>PBXGroup</string>
			<key>name</key>
			<string>View</string>
			<key>sourceTree</key>
			<string>&lt;group&gt;</string>
		</dict>
		<key>CB7CEFC21CD6DBA800356DFB</key>
		<dict>
			<key>children</key>
			<array>
				<string>CBD4B6941D24AA6C00E7A674</string>
				<string>CBDA41081CD5BFD200103F2A</string>
				<string>CB7CEFD11CD7055000356DFB</string>
				<string>CB89CFB41CDF9FFB000D3A7B</string>
				<string>CBC6FDDF1CE6BAE9006CB1C0</string>
				<string>CBC6FDE31CE96844006CB1C0</string>
				<string>CBCFD3281CEBE82F00C4AD7B</string>
				<string>CBD8801F1CF55B17005C2C10</string>
				<string>CBD4B6951D24DB0700E7A674</string>
				<string>CB03724F1D371CCB00E3550D</string>
				<string>CB7B0BEB1D3868B400F44727</string>
			</array>
			<key>isa</key>
			<string>PBXGroup</string>
			<key>name</key>
			<string>Controller</string>
			<key>sourceTree</key>
			<string>&lt;group&gt;</string>
		</dict>
		<key>CB7CEFC31CD6DBDE00356DFB</key>
		<dict>
			<key>children</key>
			<array>
				<string>CB7CEFC91CD6F21300356DFB</string>
				<string>CBC6FDE11CE6D032006CB1C0</string>
				<string>CBCFD3221CEABCC700C4AD7B</string>
				<string>CBB98B1D1D0A66AD00089FE8</string>
				<string>CB78671E1D18B2FD00E0CDB0</string>
			</array>
			<key>isa</key>
			<string>PBXGroup</string>
			<key>name</key>
			<string>Util</string>
			<key>sourceTree</key>
			<string>&lt;group&gt;</string>
		</dict>
		<key>CB7CEFC41CD6DBF100356DFB</key>
		<dict>
			<key>children</key>
			<array>
				<string>9446F8D81CF5F01E00F41FC0</string>
				<string>CB7CEFC51CD6DCDA00356DFB</string>
				<string>CB89CFAE1CDD7421000D3A7B</string>
				<string>CB89CFB01CDD7434000D3A7B</string>
				<string>CB89CFB21CDD7451000D3A7B</string>
				<string>CB89CFB61CE2C173000D3A7B</string>
				<string>CBCFD3201CEAA3EF00C4AD7B</string>
			</array>
			<key>isa</key>
			<string>PBXGroup</string>
			<key>name</key>
			<string>Services</string>
			<key>sourceTree</key>
			<string>&lt;group&gt;</string>
		</dict>
		<key>CB7CEFC51CD6DCDA00356DFB</key>
		<dict>
			<key>fileEncoding</key>
			<string>4</string>
			<key>isa</key>
			<string>PBXFileReference</string>
			<key>lastKnownFileType</key>
			<string>sourcecode.swift</string>
			<key>path</key>
			<string>FirebaseDataServices.swift</string>
			<key>sourceTree</key>
			<string>&lt;group&gt;</string>
		</dict>
		<key>CB7CEFC61CD6DCDA00356DFB</key>
		<dict>
			<key>fileRef</key>
			<string>CB7CEFC51CD6DCDA00356DFB</string>
			<key>isa</key>
			<string>PBXBuildFile</string>
		</dict>
		<key>CB7CEFC71CD6F1E000356DFB</key>
		<dict>
			<key>fileEncoding</key>
			<string>4</string>
			<key>isa</key>
			<string>PBXFileReference</string>
			<key>lastKnownFileType</key>
			<string>sourcecode.swift</string>
			<key>path</key>
			<string>MaterialView.swift</string>
			<key>sourceTree</key>
			<string>&lt;group&gt;</string>
		</dict>
		<key>CB7CEFC81CD6F1E000356DFB</key>
		<dict>
			<key>fileRef</key>
			<string>CB7CEFC71CD6F1E000356DFB</string>
			<key>isa</key>
			<string>PBXBuildFile</string>
		</dict>
		<key>CB7CEFC91CD6F21300356DFB</key>
		<dict>
			<key>fileEncoding</key>
			<string>4</string>
			<key>isa</key>
			<string>PBXFileReference</string>
			<key>lastKnownFileType</key>
			<string>sourcecode.swift</string>
			<key>path</key>
			<string>Constants.swift</string>
			<key>sourceTree</key>
			<string>&lt;group&gt;</string>
		</dict>
		<key>CB7CEFCA1CD6F21300356DFB</key>
		<dict>
			<key>fileRef</key>
			<string>CB7CEFC91CD6F21300356DFB</string>
			<key>isa</key>
			<string>PBXBuildFile</string>
		</dict>
		<key>CB7CEFCD1CD6FE3F00356DFB</key>
		<dict>
			<key>fileEncoding</key>
			<string>4</string>
			<key>isa</key>
			<string>PBXFileReference</string>
			<key>lastKnownFileType</key>
			<string>sourcecode.swift</string>
			<key>path</key>
			<string>MaterialButton.swift</string>
			<key>sourceTree</key>
			<string>&lt;group&gt;</string>
		</dict>
		<key>CB7CEFCE1CD6FE3F00356DFB</key>
		<dict>
			<key>fileRef</key>
			<string>CB7CEFCD1CD6FE3F00356DFB</string>
			<key>isa</key>
			<string>PBXBuildFile</string>
		</dict>
		<key>CB7CEFCF1CD700B200356DFB</key>
		<dict>
			<key>fileEncoding</key>
			<string>4</string>
			<key>isa</key>
			<string>PBXFileReference</string>
			<key>lastKnownFileType</key>
			<string>sourcecode.swift</string>
			<key>path</key>
			<string>MaterialTextField.swift</string>
			<key>sourceTree</key>
			<string>&lt;group&gt;</string>
		</dict>
		<key>CB7CEFD01CD700B200356DFB</key>
		<dict>
			<key>fileRef</key>
			<string>CB7CEFCF1CD700B200356DFB</string>
			<key>isa</key>
			<string>PBXBuildFile</string>
		</dict>
		<key>CB7CEFD11CD7055000356DFB</key>
		<dict>
			<key>fileEncoding</key>
			<string>4</string>
			<key>isa</key>
			<string>PBXFileReference</string>
			<key>lastKnownFileType</key>
			<string>sourcecode.swift</string>
			<key>path</key>
			<string>StagingVC.swift</string>
			<key>sourceTree</key>
			<string>&lt;group&gt;</string>
		</dict>
		<key>CB7CEFD21CD7055000356DFB</key>
		<dict>
			<key>fileRef</key>
			<string>CB7CEFD11CD7055000356DFB</string>
			<key>isa</key>
			<string>PBXBuildFile</string>
		</dict>
		<key>CB848F0F1D497C240033162A</key>
		<dict>
			<key>fileEncoding</key>
			<string>4</string>
			<key>isa</key>
			<string>PBXFileReference</string>
			<key>lastKnownFileType</key>
			<string>sourcecode.swift</string>
			<key>path</key>
			<string>ModeAOnBoardingPageVC.swift</string>
			<key>sourceTree</key>
			<string>&lt;group&gt;</string>
		</dict>
		<key>CB848F101D497C240033162A</key>
		<dict>
			<key>fileRef</key>
			<string>CB848F0F1D497C240033162A</string>
			<key>isa</key>
			<string>PBXBuildFile</string>
		</dict>
		<key>CB89CFAE1CDD7421000D3A7B</key>
		<dict>
			<key>fileEncoding</key>
			<string>4</string>
			<key>isa</key>
			<string>PBXFileReference</string>
			<key>lastKnownFileType</key>
			<string>sourcecode.swift</string>
			<key>path</key>
			<string>Games.swift</string>
			<key>sourceTree</key>
			<string>&lt;group&gt;</string>
		</dict>
		<key>CB89CFAF1CDD7421000D3A7B</key>
		<dict>
			<key>fileRef</key>
			<string>CB89CFAE1CDD7421000D3A7B</string>
			<key>isa</key>
			<string>PBXBuildFile</string>
		</dict>
		<key>CB89CFB01CDD7434000D3A7B</key>
		<dict>
			<key>fileEncoding</key>
			<string>4</string>
			<key>isa</key>
			<string>PBXFileReference</string>
			<key>lastKnownFileType</key>
			<string>sourcecode.swift</string>
			<key>path</key>
			<string>GameMembers.swift</string>
			<key>sourceTree</key>
			<string>&lt;group&gt;</string>
		</dict>
		<key>CB89CFB11CDD7434000D3A7B</key>
		<dict>
			<key>fileRef</key>
			<string>CB89CFB01CDD7434000D3A7B</string>
			<key>isa</key>
			<string>PBXBuildFile</string>
		</dict>
		<key>CB89CFB21CDD7451000D3A7B</key>
		<dict>
			<key>fileEncoding</key>
			<string>4</string>
			<key>isa</key>
			<string>PBXFileReference</string>
			<key>lastKnownFileType</key>
			<string>sourcecode.swift</string>
			<key>path</key>
			<string>Users.swift</string>
			<key>sourceTree</key>
			<string>&lt;group&gt;</string>
		</dict>
		<key>CB89CFB31CDD7451000D3A7B</key>
		<dict>
			<key>fileRef</key>
			<string>CB89CFB21CDD7451000D3A7B</string>
			<key>isa</key>
			<string>PBXBuildFile</string>
		</dict>
		<key>CB89CFB41CDF9FFB000D3A7B</key>
		<dict>
			<key>fileEncoding</key>
			<string>4</string>
			<key>isa</key>
			<string>PBXFileReference</string>
			<key>lastKnownFileType</key>
			<string>sourcecode.swift</string>
			<key>path</key>
			<string>QuestionVC.swift</string>
			<key>sourceTree</key>
			<string>&lt;group&gt;</string>
		</dict>
		<key>CB89CFB51CDF9FFC000D3A7B</key>
		<dict>
			<key>fileRef</key>
			<string>CB89CFB41CDF9FFB000D3A7B</string>
			<key>isa</key>
			<string>PBXBuildFile</string>
		</dict>
		<key>CB89CFB61CE2C173000D3A7B</key>
		<dict>
			<key>fileEncoding</key>
			<string>4</string>
			<key>isa</key>
			<string>PBXFileReference</string>
			<key>lastKnownFileType</key>
			<string>sourcecode.swift</string>
			<key>path</key>
			<string>Questions.swift</string>
			<key>sourceTree</key>
			<string>&lt;group&gt;</string>
		</dict>
		<key>CB89CFB71CE2C173000D3A7B</key>
		<dict>
			<key>fileRef</key>
			<string>CB89CFB61CE2C173000D3A7B</string>
			<key>isa</key>
			<string>PBXBuildFile</string>
		</dict>
		<key>CB8C3A0C1CD9911D0082215D</key>
		<dict>
			<key>fileEncoding</key>
			<string>4</string>
			<key>isa</key>
			<string>PBXFileReference</string>
			<key>lastKnownFileType</key>
			<string>sourcecode.swift</string>
			<key>path</key>
			<string>CustomTableViewCell.swift</string>
			<key>sourceTree</key>
			<string>&lt;group&gt;</string>
		</dict>
		<key>CB8C3A0D1CD9911D0082215D</key>
		<dict>
			<key>fileRef</key>
			<string>CB8C3A0C1CD9911D0082215D</string>
			<key>isa</key>
			<string>PBXBuildFile</string>
		</dict>
		<key>CBAD61FC1D3DE32B004D9D1A</key>
		<dict>
			<key>isa</key>
			<string>PBXFileReference</string>
			<key>lastKnownFileType</key>
			<string>audio.wav</string>
			<key>path</key>
			<string>penalty.wav</string>
			<key>sourceTree</key>
			<string>&lt;group&gt;</string>
		</dict>
		<key>CBAD61FD1D3DE32B004D9D1A</key>
		<dict>
			<key>fileRef</key>
			<string>CBAD61FC1D3DE32B004D9D1A</string>
			<key>isa</key>
			<string>PBXBuildFile</string>
		</dict>
		<key>CBAD61FE1D3DE4A8004D9D1A</key>
		<dict>
			<key>isa</key>
			<string>PBXFileReference</string>
			<key>lastKnownFileType</key>
			<string>audio.wav</string>
			<key>path</key>
			<string>bonus.wav</string>
			<key>sourceTree</key>
			<string>&lt;group&gt;</string>
		</dict>
		<key>CBAD61FF1D3DE4A8004D9D1A</key>
		<dict>
			<key>fileRef</key>
			<string>CBAD61FE1D3DE4A8004D9D1A</string>
			<key>isa</key>
			<string>PBXBuildFile</string>
		</dict>
		<key>CBB98B1D1D0A66AD00089FE8</key>
		<dict>
			<key>fileEncoding</key>
			<string>4</string>
			<key>isa</key>
			<string>PBXFileReference</string>
			<key>lastKnownFileType</key>
			<string>sourcecode.swift</string>
			<key>path</key>
			<string>AudioUtil.swift</string>
			<key>sourceTree</key>
			<string>&lt;group&gt;</string>
		</dict>
		<key>CBB98B1E1D0A66AD00089FE8</key>
		<dict>
			<key>fileRef</key>
			<string>CBB98B1D1D0A66AD00089FE8</string>
			<key>isa</key>
			<string>PBXBuildFile</string>
		</dict>
		<key>CBB98B1F1D0A6BF700089FE8</key>
		<dict>
			<key>children</key>
			<array>
				<string>CBB98B201D0A6C0B00089FE8</string>
				<string>CBF846051D1B947200F457E7</string>
				<string>CBAD61FE1D3DE4A8004D9D1A</string>
				<string>CBAD61FC1D3DE32B004D9D1A</string>
				<string>CBB98B241D0A6C1E00089FE8</string>
				<string>CBB98B221D0A6C1500089FE8</string>
			</array>
			<key>isa</key>
			<string>PBXGroup</string>
			<key>name</key>
			<string>Resources</string>
			<key>sourceTree</key>
			<string>&lt;group&gt;</string>
		</dict>
		<key>CBB98B201D0A6C0B00089FE8</key>
		<dict>
			<key>isa</key>
			<string>PBXFileReference</string>
			<key>lastKnownFileType</key>
			<string>audio.wav</string>
			<key>path</key>
			<string>game_over.wav</string>
			<key>sourceTree</key>
			<string>&lt;group&gt;</string>
		</dict>
		<key>CBB98B211D0A6C0B00089FE8</key>
		<dict>
			<key>fileRef</key>
			<string>CBB98B201D0A6C0B00089FE8</string>
			<key>isa</key>
			<string>PBXBuildFile</string>
		</dict>
		<key>CBB98B221D0A6C1500089FE8</key>
		<dict>
			<key>isa</key>
			<string>PBXFileReference</string>
			<key>lastKnownFileType</key>
			<string>audio.wav</string>
			<key>path</key>
			<string>wrong_vote_out.wav</string>
			<key>sourceTree</key>
			<string>&lt;group&gt;</string>
		</dict>
		<key>CBB98B231D0A6C1500089FE8</key>
		<dict>
			<key>fileRef</key>
			<string>CBB98B221D0A6C1500089FE8</string>
			<key>isa</key>
			<string>PBXBuildFile</string>
		</dict>
		<key>CBB98B241D0A6C1E00089FE8</key>
		<dict>
			<key>isa</key>
			<string>PBXFileReference</string>
			<key>lastKnownFileType</key>
			<string>audio.wav</string>
			<key>path</key>
			<string>bluffmastr_voted_out.wav</string>
			<key>sourceTree</key>
			<string>&lt;group&gt;</string>
		</dict>
		<key>CBB98B251D0A6C1E00089FE8</key>
		<dict>
			<key>fileRef</key>
			<string>CBB98B241D0A6C1E00089FE8</string>
			<key>isa</key>
			<string>PBXBuildFile</string>
		</dict>
		<key>CBC6FDDF1CE6BAE9006CB1C0</key>
		<dict>
			<key>fileEncoding</key>
			<string>4</string>
			<key>isa</key>
			<string>PBXFileReference</string>
			<key>lastKnownFileType</key>
			<string>sourcecode.swift</string>
			<key>path</key>
			<string>AnswersVC.swift</string>
			<key>sourceTree</key>
			<string>&lt;group&gt;</string>
		</dict>
		<key>CBC6FDE01CE6BAE9006CB1C0</key>
		<dict>
			<key>fileRef</key>
			<string>CBC6FDDF1CE6BAE9006CB1C0</string>
			<key>isa</key>
			<string>PBXBuildFile</string>
		</dict>
		<key>CBC6FDE11CE6D032006CB1C0</key>
		<dict>
			<key>fileEncoding</key>
			<string>4</string>
			<key>isa</key>
			<string>PBXFileReference</string>
			<key>lastKnownFileType</key>
			<string>sourcecode.swift</string>
			<key>path</key>
			<string>GameplayUtils.swift</string>
			<key>sourceTree</key>
			<string>&lt;group&gt;</string>
		</dict>
		<key>CBC6FDE21CE6D032006CB1C0</key>
		<dict>
			<key>fileRef</key>
			<string>CBC6FDE11CE6D032006CB1C0</string>
			<key>isa</key>
			<string>PBXBuildFile</string>
		</dict>
		<key>CBC6FDE31CE96844006CB1C0</key>
		<dict>
			<key>fileEncoding</key>
			<string>4</string>
			<key>isa</key>
			<string>PBXFileReference</string>
			<key>lastKnownFileType</key>
			<string>sourcecode.swift</string>
			<key>path</key>
			<string>ScoreVC.swift</string>
			<key>sourceTree</key>
			<string>&lt;group&gt;</string>
		</dict>
		<key>CBC6FDE41CE96844006CB1C0</key>
		<dict>
			<key>fileRef</key>
			<string>CBC6FDE31CE96844006CB1C0</string>
			<key>isa</key>
			<string>PBXBuildFile</string>
		</dict>
		<key>CBCFD3201CEAA3EF00C4AD7B</key>
		<dict>
			<key>fileEncoding</key>
			<string>4</string>
			<key>isa</key>
			<string>PBXFileReference</string>
			<key>lastKnownFileType</key>
			<string>sourcecode.swift</string>
			<key>path</key>
			<string>Scores.swift</string>
			<key>sourceTree</key>
			<string>&lt;group&gt;</string>
		</dict>
		<key>CBCFD3211CEAA3EF00C4AD7B</key>
		<dict>
			<key>fileRef</key>
			<string>CBCFD3201CEAA3EF00C4AD7B</string>
			<key>isa</key>
			<string>PBXBuildFile</string>
		</dict>
		<key>CBCFD3221CEABCC700C4AD7B</key>
		<dict>
			<key>fileEncoding</key>
			<string>4</string>
			<key>isa</key>
			<string>PBXFileReference</string>
			<key>lastKnownFileType</key>
			<string>sourcecode.swift</string>
			<key>path</key>
			<string>ViewUtil.swift</string>
			<key>sourceTree</key>
			<string>&lt;group&gt;</string>
		</dict>
		<key>CBCFD3231CEABCC700C4AD7B</key>
		<dict>
			<key>fileRef</key>
			<string>CBCFD3221CEABCC700C4AD7B</string>
			<key>isa</key>
			<string>PBXBuildFile</string>
		</dict>
		<key>CBCFD3261CEBE79D00C4AD7B</key>
		<dict>
			<key>fileEncoding</key>
			<string>4</string>
			<key>isa</key>
			<string>PBXFileReference</string>
			<key>lastKnownFileType</key>
			<string>sourcecode.swift</string>
			<key>path</key>
			<string>ThisRoundCell.swift</string>
			<key>sourceTree</key>
			<string>&lt;group&gt;</string>
		</dict>
		<key>CBCFD3271CEBE79D00C4AD7B</key>
		<dict>
			<key>fileRef</key>
			<string>CBCFD3261CEBE79D00C4AD7B</string>
			<key>isa</key>
			<string>PBXBuildFile</string>
		</dict>
		<key>CBCFD3281CEBE82F00C4AD7B</key>
		<dict>
			<key>fileEncoding</key>
			<string>4</string>
			<key>isa</key>
			<string>PBXFileReference</string>
			<key>lastKnownFileType</key>
			<string>sourcecode.swift</string>
			<key>path</key>
			<string>LeaderboardVC.swift</string>
			<key>sourceTree</key>
			<string>&lt;group&gt;</string>
		</dict>
		<key>CBCFD3291CEBE82F00C4AD7B</key>
		<dict>
			<key>fileRef</key>
			<string>CBCFD3281CEBE82F00C4AD7B</string>
			<key>isa</key>
			<string>PBXBuildFile</string>
		</dict>
		<key>CBD4B6921D24952300E7A674</key>
		<dict>
			<key>fileEncoding</key>
			<string>4</string>
			<key>isa</key>
			<string>PBXFileReference</string>
			<key>lastKnownFileType</key>
			<string>sourcecode.swift</string>
			<key>path</key>
			<string>HelpForQuestionVC.swift</string>
			<key>sourceTree</key>
			<string>&lt;group&gt;</string>
		</dict>
		<key>CBD4B6931D24952300E7A674</key>
		<dict>
			<key>fileRef</key>
			<string>CBD4B6921D24952300E7A674</string>
			<key>isa</key>
			<string>PBXBuildFile</string>
		</dict>
		<key>CBD4B6941D24AA6C00E7A674</key>
		<dict>
			<key>children</key>
			<array>
				<string>CB848F0F1D497C240033162A</string>
				<string>CBD4B6921D24952300E7A674</string>
				<string>94FED3F11D4C2CFC00DFE2BA</string>
			</array>
			<key>isa</key>
			<string>PBXGroup</string>
			<key>name</key>
			<string>HelpVCs</string>
			<key>sourceTree</key>
			<string>&lt;group&gt;</string>
		</dict>
		<key>CBD4B6951D24DB0700E7A674</key>
		<dict>
			<key>fileEncoding</key>
			<string>4</string>
			<key>isa</key>
			<string>PBXFileReference</string>
			<key>lastKnownFileType</key>
			<string>sourcecode.swift</string>
			<key>path</key>
			<string>AlertVC.swift</string>
			<key>sourceTree</key>
			<string>&lt;group&gt;</string>
		</dict>
		<key>CBD4B6961D24DB0700E7A674</key>
		<dict>
			<key>fileRef</key>
			<string>CBD4B6951D24DB0700E7A674</string>
			<key>isa</key>
			<string>PBXBuildFile</string>
		</dict>
		<key>CBD4B6971D29BFFA00E7A674</key>
		<dict>
			<key>buildSettings</key>
			<dict>
				<key>ALWAYS_SEARCH_USER_PATHS</key>
				<string>NO</string>
				<key>CLANG_ANALYZER_NONNULL</key>
				<string>YES</string>
				<key>CLANG_CXX_LANGUAGE_STANDARD</key>
				<string>gnu++0x</string>
				<key>CLANG_CXX_LIBRARY</key>
				<string>libc++</string>
				<key>CLANG_ENABLE_MODULES</key>
				<string>YES</string>
				<key>CLANG_ENABLE_OBJC_ARC</key>
				<string>YES</string>
				<key>CLANG_WARN_BOOL_CONVERSION</key>
				<string>YES</string>
				<key>CLANG_WARN_CONSTANT_CONVERSION</key>
				<string>YES</string>
				<key>CLANG_WARN_DIRECT_OBJC_ISA_USAGE</key>
				<string>YES_ERROR</string>
				<key>CLANG_WARN_EMPTY_BODY</key>
				<string>YES</string>
				<key>CLANG_WARN_ENUM_CONVERSION</key>
				<string>YES</string>
				<key>CLANG_WARN_INT_CONVERSION</key>
				<string>YES</string>
				<key>CLANG_WARN_OBJC_ROOT_CLASS</key>
				<string>YES_ERROR</string>
				<key>CLANG_WARN_UNREACHABLE_CODE</key>
				<string>YES</string>
				<key>CLANG_WARN__DUPLICATE_METHOD_MATCH</key>
				<string>YES</string>
				<key>CODE_SIGN_IDENTITY</key>
				<string>iPhone Developer: srikantviswanath8@gmail.com (H42N4NNHN9)</string>
				<key>CODE_SIGN_IDENTITY[sdk=iphoneos*]</key>
				<string>iPhone Developer: srikantviswanath8@gmail.com (H42N4NNHN9)</string>
				<key>COPY_PHASE_STRIP</key>
				<string>NO</string>
				<key>DEBUG_INFORMATION_FORMAT</key>
				<string>dwarf-with-dsym</string>
				<key>ENABLE_NS_ASSERTIONS</key>
				<string>NO</string>
				<key>ENABLE_STRICT_OBJC_MSGSEND</key>
				<string>YES</string>
				<key>GCC_C_LANGUAGE_STANDARD</key>
				<string>gnu99</string>
				<key>GCC_NO_COMMON_BLOCKS</key>
				<string>YES</string>
				<key>GCC_WARN_64_TO_32_BIT_CONVERSION</key>
				<string>YES</string>
				<key>GCC_WARN_ABOUT_RETURN_TYPE</key>
				<string>YES_ERROR</string>
				<key>GCC_WARN_UNDECLARED_SELECTOR</key>
				<string>YES</string>
				<key>GCC_WARN_UNINITIALIZED_AUTOS</key>
				<string>YES_AGGRESSIVE</string>
				<key>GCC_WARN_UNUSED_FUNCTION</key>
				<string>YES</string>
				<key>GCC_WARN_UNUSED_VARIABLE</key>
				<string>YES</string>
				<key>IPHONEOS_DEPLOYMENT_TARGET</key>
				<string>9.3</string>
				<key>MTL_ENABLE_DEBUG_INFO</key>
				<string>NO</string>
				<key>PROVISIONING_PROFILE</key>
				<string>e85e3909-7b10-48cc-8005-6da16d5e3a97</string>
				<key>SDKROOT</key>
				<string>iphoneos</string>
				<key>TARGETED_DEVICE_FAMILY</key>
				<string>1,2</string>
				<key>VALIDATE_PRODUCT</key>
				<string>YES</string>
			</dict>
			<key>isa</key>
			<string>XCBuildConfiguration</string>
			<key>name</key>
			<string>Distribution</string>
		</dict>
		<key>CBD4B6981D29BFFA00E7A674</key>
		<dict>
			<key>baseConfigurationReference</key>
			<string>D4DEC114591F4CEE03FCDB91</string>
			<key>buildSettings</key>
			<dict>
				<key>ASSETCATALOG_COMPILER_APPICON_NAME</key>
				<string>AppIcon</string>
				<key>CLANG_ENABLE_MODULES</key>
				<string>YES</string>
				<key>CODE_SIGN_IDENTITY</key>
				<string>iPhone Developer: Srikant Viswanath (49J5Y8YSX2)</string>
				<key>CODE_SIGN_IDENTITY[sdk=iphoneos*]</key>
				<string>iPhone Developer: Srikant Viswanath (49J5Y8YSX2)</string>
				<key>INFOPLIST_FILE</key>
				<string>BluffMastr/Info.plist</string>
				<key>LD_RUNPATH_SEARCH_PATHS</key>
				<string>$(inherited) @executable_path/Frameworks</string>
				<key>PRODUCT_BUNDLE_IDENTIFIER</key>
				<string>com.ghutles.Bluffathon</string>
				<key>PRODUCT_NAME</key>
				<string>$(TARGET_NAME)</string>
				<key>PROVISIONING_PROFILE</key>
				<string>bbe12539-b7fb-40f3-83f5-a5b41de17c9e</string>
				<key>SWIFT_OBJC_BRIDGING_HEADER</key>
				<string>BluffMastr/BluffMastr-Bridging-Header.h</string>
			</dict>
			<key>isa</key>
			<string>XCBuildConfiguration</string>
			<key>name</key>
			<string>Distribution</string>
		</dict>
		<key>CBD4B6991D29BFFA00E7A674</key>
		<dict>
			<key>baseConfigurationReference</key>
			<string>0B9F9C9CAB3974A547C3E764</string>
			<key>buildSettings</key>
			<dict>
				<key>BUNDLE_LOADER</key>
				<string>$(TEST_HOST)</string>
				<key>INFOPLIST_FILE</key>
				<string>BluffMastrTests/Info.plist</string>
				<key>LD_RUNPATH_SEARCH_PATHS</key>
				<string>$(inherited) @executable_path/Frameworks @loader_path/Frameworks</string>
				<key>PRODUCT_BUNDLE_IDENTIFIER</key>
				<string>viswanath-srikant.BluffMastrTests</string>
				<key>PRODUCT_NAME</key>
				<string>$(TARGET_NAME)</string>
				<key>TEST_HOST</key>
				<string>$(BUILT_PRODUCTS_DIR)/BluffMastr.app/BluffMastr</string>
			</dict>
			<key>isa</key>
			<string>XCBuildConfiguration</string>
			<key>name</key>
			<string>Distribution</string>
		</dict>
		<key>CBD4B69A1D29BFFA00E7A674</key>
		<dict>
			<key>baseConfigurationReference</key>
			<string>1E1FDB6391A6853AA5868A7C</string>
			<key>buildSettings</key>
			<dict>
				<key>INFOPLIST_FILE</key>
				<string>BluffMastrUITests/Info.plist</string>
				<key>LD_RUNPATH_SEARCH_PATHS</key>
				<string>$(inherited) @executable_path/Frameworks @loader_path/Frameworks</string>
				<key>PRODUCT_BUNDLE_IDENTIFIER</key>
				<string>viswanath-srikant.BluffMastrUITests</string>
				<key>PRODUCT_NAME</key>
				<string>$(TARGET_NAME)</string>
				<key>TEST_TARGET_NAME</key>
				<string>BluffMastr</string>
			</dict>
			<key>isa</key>
			<string>XCBuildConfiguration</string>
			<key>name</key>
			<string>Distribution</string>
		</dict>
		<key>CBD8801F1CF55B17005C2C10</key>
		<dict>
			<key>fileEncoding</key>
			<string>4</string>
			<key>isa</key>
			<string>PBXFileReference</string>
			<key>lastKnownFileType</key>
			<string>sourcecode.swift</string>
			<key>path</key>
			<string>VoteResultVC.swift</string>
			<key>sourceTree</key>
			<string>&lt;group&gt;</string>
		</dict>
		<key>CBD880201CF55B17005C2C10</key>
		<dict>
			<key>fileRef</key>
			<string>CBD8801F1CF55B17005C2C10</string>
			<key>isa</key>
			<string>PBXBuildFile</string>
		</dict>
		<key>CBDA40FA1CD5BFD100103F2A</key>
		<dict>
			<key>children</key>
			<array>
				<string>CBDA41051CD5BFD200103F2A</string>
				<string>CBDA411D1CD5BFD200103F2A</string>
				<string>CBDA41281CD5BFD200103F2A</string>
				<string>CBDA41041CD5BFD200103F2A</string>
				<string>1FC8CEB5040EF801DB61B6BA</string>
				<string>D3B5B75B8A33B7AA093742BA</string>
			</array>
			<key>isa</key>
			<string>PBXGroup</string>
			<key>sourceTree</key>
			<string>&lt;group&gt;</string>
		</dict>
		<key>CBDA40FB1CD5BFD100103F2A</key>
		<dict>
			<key>attributes</key>
			<dict>
				<key>LastSwiftUpdateCheck</key>
				<string>0730</string>
				<key>LastUpgradeCheck</key>
				<string>0730</string>
				<key>ORGANIZATIONNAME</key>
				<string>Srikant Viswanath</string>
				<key>TargetAttributes</key>
				<dict>
					<key>CBDA41021CD5BFD200103F2A</key>
					<dict>
						<key>CreatedOnToolsVersion</key>
						<string>7.3</string>
						<key>DevelopmentTeam</key>
						<string>8WUCP656VM</string>
					</dict>
					<key>CBDA41191CD5BFD200103F2A</key>
					<dict>
						<key>CreatedOnToolsVersion</key>
						<string>7.3</string>
						<key>TestTargetID</key>
						<string>CBDA41021CD5BFD200103F2A</string>
					</dict>
					<key>CBDA41241CD5BFD200103F2A</key>
					<dict>
						<key>CreatedOnToolsVersion</key>
						<string>7.3</string>
						<key>TestTargetID</key>
						<string>CBDA41021CD5BFD200103F2A</string>
					</dict>
				</dict>
			</dict>
			<key>buildConfigurationList</key>
			<string>CBDA40FE1CD5BFD100103F2A</string>
			<key>compatibilityVersion</key>
			<string>Xcode 3.2</string>
			<key>developmentRegion</key>
			<string>English</string>
			<key>hasScannedForEncodings</key>
			<string>0</string>
			<key>isa</key>
			<string>PBXProject</string>
			<key>knownRegions</key>
			<array>
				<string>en</string>
				<string>Base</string>
			</array>
			<key>mainGroup</key>
			<string>CBDA40FA1CD5BFD100103F2A</string>
			<key>productRefGroup</key>
			<string>CBDA41041CD5BFD200103F2A</string>
			<key>projectDirPath</key>
			<string></string>
			<key>projectReferences</key>
			<array/>
			<key>projectRoot</key>
			<string></string>
			<key>targets</key>
			<array>
				<string>CBDA41021CD5BFD200103F2A</string>
				<string>CBDA41191CD5BFD200103F2A</string>
				<string>CBDA41241CD5BFD200103F2A</string>
			</array>
		</dict>
		<key>CBDA40FE1CD5BFD100103F2A</key>
		<dict>
			<key>buildConfigurations</key>
			<array>
				<string>CBDA412C1CD5BFD200103F2A</string>
				<string>CBDA412D1CD5BFD200103F2A</string>
				<string>CBD4B6971D29BFFA00E7A674</string>
			</array>
			<key>defaultConfigurationIsVisible</key>
			<string>0</string>
			<key>defaultConfigurationName</key>
			<string>Release</string>
			<key>isa</key>
			<string>XCConfigurationList</string>
		</dict>
		<key>CBDA40FF1CD5BFD200103F2A</key>
		<dict>
			<key>buildActionMask</key>
			<string>2147483647</string>
			<key>files</key>
			<array>
				<string>CB7CEFCE1CD6FE3F00356DFB</string>
				<string>CB7CEFC61CD6DCDA00356DFB</string>
				<string>CBCFD3271CEBE79D00C4AD7B</string>
				<string>CBD880201CF55B17005C2C10</string>
				<string>CBCFD3211CEAA3EF00C4AD7B</string>
				<string>CBD4B6961D24DB0700E7A674</string>
				<string>CB7CEFD01CD700B200356DFB</string>
				<string>CBDA41091CD5BFD200103F2A</string>
				<string>CB89CFAF1CDD7421000D3A7B</string>
				<string>CB89CFB71CE2C173000D3A7B</string>
				<string>CB7CEFC81CD6F1E000356DFB</string>
				<string>CBD4B6931D24952300E7A674</string>
				<string>CBCFD3231CEABCC700C4AD7B</string>
				<string>CBDA41071CD5BFD200103F2A</string>
				<string>CB8C3A0D1CD9911D0082215D</string>
				<string>CBF846041D1B606100F457E7</string>
				<string>CBDA410F1CD5BFD200103F2A</string>
				<string>CB89CFB31CDD7451000D3A7B</string>
				<string>CBB98B1E1D0A66AD00089FE8</string>
				<string>9446F8D91CF5F01E00F41FC0</string>
				<string>CB89CFB11CDD7434000D3A7B</string>
				<string>CB0372501D371CCB00E3550D</string>
				<string>CB848F101D497C240033162A</string>
				<string>CB7B0BEC1D3868B400F44727</string>
				<string>CB78671F1D18B2FD00E0CDB0</string>
				<string>CBC6FDE01CE6BAE9006CB1C0</string>
				<string>CB7CEFCA1CD6F21300356DFB</string>
				<string>CBC6FDE21CE6D032006CB1C0</string>
				<string>CBC6FDE41CE96844006CB1C0</string>
				<string>CBCFD3291CEBE82F00C4AD7B</string>
				<string>94FED3F21D4C2CFC00DFE2BA</string>
				<string>CB89CFB51CDF9FFC000D3A7B</string>
				<string>CB7CEFD21CD7055000356DFB</string>
			</array>
			<key>isa</key>
			<string>PBXSourcesBuildPhase</string>
			<key>runOnlyForDeploymentPostprocessing</key>
			<string>0</string>
		</dict>
		<key>CBDA41001CD5BFD200103F2A</key>
		<dict>
			<key>buildActionMask</key>
			<string>2147483647</string>
			<key>files</key>
			<array>
				<string>3D7024ABAB7330F1BA7A5F5D</string>
			</array>
			<key>isa</key>
			<string>PBXFrameworksBuildPhase</string>
			<key>runOnlyForDeploymentPostprocessing</key>
			<string>0</string>
		</dict>
		<key>CBDA41011CD5BFD200103F2A</key>
		<dict>
			<key>buildActionMask</key>
			<string>2147483647</string>
			<key>files</key>
			<array>
				<string>CBAD61FD1D3DE32B004D9D1A</string>
				<string>CBDA41141CD5BFD200103F2A</string>
				<string>CBB98B231D0A6C1500089FE8</string>
				<string>CBF846061D1B947200F457E7</string>
				<string>CBAD61FF1D3DE4A8004D9D1A</string>
				<string>949875B91D025FE000BA190E</string>
				<string>CBDA41111CD5BFD200103F2A</string>
				<string>CBB98B211D0A6C0B00089FE8</string>
				<string>CBDA410C1CD5BFD200103F2A</string>
				<string>CBB98B251D0A6C1E00089FE8</string>
			</array>
			<key>isa</key>
			<string>PBXResourcesBuildPhase</string>
			<key>runOnlyForDeploymentPostprocessing</key>
			<string>0</string>
		</dict>
		<key>CBDA41021CD5BFD200103F2A</key>
		<dict>
			<key>buildConfigurationList</key>
			<string>CBDA412E1CD5BFD200103F2A</string>
			<key>buildPhases</key>
			<array>
				<string>484053F70CBDA0C6F35370CA</string>
				<string>CBDA40FF1CD5BFD200103F2A</string>
				<string>CBDA41001CD5BFD200103F2A</string>
				<string>CBDA41011CD5BFD200103F2A</string>
				<string>EE4E0A9B7C06819A41A96F12</string>
				<string>5ED131ACFB19A41CA54BF030</string>
				<string>7F169561C01883DAFD5B4456</string>
			</array>
			<key>buildRules</key>
			<array/>
			<key>dependencies</key>
			<array/>
			<key>isa</key>
			<string>PBXNativeTarget</string>
			<key>name</key>
			<string>BluffMastr</string>
			<key>productName</key>
			<string>BluffMastr</string>
			<key>productReference</key>
			<string>CBDA41031CD5BFD200103F2A</string>
			<key>productType</key>
			<string>com.apple.product-type.application</string>
		</dict>
		<key>CBDA41031CD5BFD200103F2A</key>
		<dict>
			<key>explicitFileType</key>
			<string>wrapper.application</string>
			<key>includeInIndex</key>
			<string>0</string>
			<key>isa</key>
			<string>PBXFileReference</string>
			<key>path</key>
			<string>BluffMastr.app</string>
			<key>sourceTree</key>
			<string>BUILT_PRODUCTS_DIR</string>
		</dict>
		<key>CBDA41041CD5BFD200103F2A</key>
		<dict>
			<key>children</key>
			<array>
				<string>CBDA41031CD5BFD200103F2A</string>
				<string>CBDA411A1CD5BFD200103F2A</string>
				<string>CBDA41251CD5BFD200103F2A</string>
			</array>
			<key>isa</key>
			<string>PBXGroup</string>
			<key>name</key>
			<string>Products</string>
			<key>sourceTree</key>
			<string>&lt;group&gt;</string>
		</dict>
		<key>CBDA41051CD5BFD200103F2A</key>
		<dict>
			<key>children</key>
			<array>
				<string>CBB98B1F1D0A6BF700089FE8</string>
				<string>CB7CEFC41CD6DBF100356DFB</string>
				<string>CB7CEFC31CD6DBDE00356DFB</string>
				<string>CB7CEFC01CD6DB8F00356DFB</string>
				<string>CB7CEFC21CD6DBA800356DFB</string>
				<string>CB7CEFC11CD6DBA200356DFB</string>
				<string>CBDA41061CD5BFD200103F2A</string>
				<string>CBDA41101CD5BFD200103F2A</string>
				<string>CBDA41121CD5BFD200103F2A</string>
				<string>CBDA41151CD5BFD200103F2A</string>
				<string>CBDA410D1CD5BFD200103F2A</string>
				<string>949875B81D025FE000BA190E</string>
				<string>CB7867181D1653B200E0CDB0</string>
			</array>
			<key>isa</key>
			<string>PBXGroup</string>
			<key>path</key>
			<string>BluffMastr</string>
			<key>sourceTree</key>
			<string>&lt;group&gt;</string>
		</dict>
		<key>CBDA41061CD5BFD200103F2A</key>
		<dict>
			<key>isa</key>
			<string>PBXFileReference</string>
			<key>lastKnownFileType</key>
			<string>sourcecode.swift</string>
			<key>path</key>
			<string>AppDelegate.swift</string>
			<key>sourceTree</key>
			<string>&lt;group&gt;</string>
		</dict>
		<key>CBDA41071CD5BFD200103F2A</key>
		<dict>
			<key>fileRef</key>
			<string>CBDA41061CD5BFD200103F2A</string>
			<key>isa</key>
			<string>PBXBuildFile</string>
		</dict>
		<key>CBDA41081CD5BFD200103F2A</key>
		<dict>
			<key>isa</key>
			<string>PBXFileReference</string>
			<key>lastKnownFileType</key>
			<string>sourcecode.swift</string>
			<key>path</key>
			<string>LandingVC.swift</string>
			<key>sourceTree</key>
			<string>&lt;group&gt;</string>
		</dict>
		<key>CBDA41091CD5BFD200103F2A</key>
		<dict>
			<key>fileRef</key>
			<string>CBDA41081CD5BFD200103F2A</string>
			<key>isa</key>
			<string>PBXBuildFile</string>
		</dict>
		<key>CBDA410A1CD5BFD200103F2A</key>
		<dict>
			<key>children</key>
			<array>
				<string>CBDA410B1CD5BFD200103F2A</string>
			</array>
			<key>isa</key>
			<string>PBXVariantGroup</string>
			<key>name</key>
			<string>Main.storyboard</string>
			<key>sourceTree</key>
			<string>&lt;group&gt;</string>
		</dict>
		<key>CBDA410B1CD5BFD200103F2A</key>
		<dict>
			<key>isa</key>
			<string>PBXFileReference</string>
			<key>lastKnownFileType</key>
			<string>file.storyboard</string>
			<key>name</key>
			<string>Base</string>
			<key>path</key>
			<string>Base.lproj/Main.storyboard</string>
			<key>sourceTree</key>
			<string>&lt;group&gt;</string>
		</dict>
		<key>CBDA410C1CD5BFD200103F2A</key>
		<dict>
			<key>fileRef</key>
			<string>CBDA410A1CD5BFD200103F2A</string>
			<key>isa</key>
			<string>PBXBuildFile</string>
		</dict>
		<key>CBDA410D1CD5BFD200103F2A</key>
		<dict>
			<key>children</key>
			<array>
				<string>CBDA410E1CD5BFD200103F2A</string>
			</array>
			<key>currentVersion</key>
			<string>CBDA410E1CD5BFD200103F2A</string>
			<key>isa</key>
			<string>XCVersionGroup</string>
			<key>path</key>
			<string>BluffMastr.xcdatamodeld</string>
			<key>sourceTree</key>
			<string>&lt;group&gt;</string>
			<key>versionGroupType</key>
			<string>wrapper.xcdatamodel</string>
		</dict>
		<key>CBDA410E1CD5BFD200103F2A</key>
		<dict>
			<key>isa</key>
			<string>PBXFileReference</string>
			<key>lastKnownFileType</key>
			<string>wrapper.xcdatamodel</string>
			<key>path</key>
			<string>BluffMastr.xcdatamodel</string>
			<key>sourceTree</key>
			<string>&lt;group&gt;</string>
		</dict>
		<key>CBDA410F1CD5BFD200103F2A</key>
		<dict>
			<key>fileRef</key>
			<string>CBDA410D1CD5BFD200103F2A</string>
			<key>isa</key>
			<string>PBXBuildFile</string>
		</dict>
		<key>CBDA41101CD5BFD200103F2A</key>
		<dict>
			<key>isa</key>
			<string>PBXFileReference</string>
			<key>lastKnownFileType</key>
			<string>folder.assetcatalog</string>
			<key>path</key>
			<string>Assets.xcassets</string>
			<key>sourceTree</key>
			<string>&lt;group&gt;</string>
		</dict>
		<key>CBDA41111CD5BFD200103F2A</key>
		<dict>
			<key>fileRef</key>
			<string>CBDA41101CD5BFD200103F2A</string>
			<key>isa</key>
			<string>PBXBuildFile</string>
		</dict>
		<key>CBDA41121CD5BFD200103F2A</key>
		<dict>
			<key>children</key>
			<array>
				<string>CBDA41131CD5BFD200103F2A</string>
			</array>
			<key>isa</key>
			<string>PBXVariantGroup</string>
			<key>name</key>
			<string>LaunchScreen.storyboard</string>
			<key>sourceTree</key>
			<string>&lt;group&gt;</string>
		</dict>
		<key>CBDA41131CD5BFD200103F2A</key>
		<dict>
			<key>isa</key>
			<string>PBXFileReference</string>
			<key>lastKnownFileType</key>
			<string>file.storyboard</string>
			<key>name</key>
			<string>Base</string>
			<key>path</key>
			<string>Base.lproj/LaunchScreen.storyboard</string>
			<key>sourceTree</key>
			<string>&lt;group&gt;</string>
		</dict>
		<key>CBDA41141CD5BFD200103F2A</key>
		<dict>
			<key>fileRef</key>
			<string>CBDA41121CD5BFD200103F2A</string>
			<key>isa</key>
			<string>PBXBuildFile</string>
		</dict>
		<key>CBDA41151CD5BFD200103F2A</key>
		<dict>
			<key>isa</key>
			<string>PBXFileReference</string>
			<key>lastKnownFileType</key>
			<string>text.plist.xml</string>
			<key>path</key>
			<string>Info.plist</string>
			<key>sourceTree</key>
			<string>&lt;group&gt;</string>
		</dict>
		<key>CBDA41161CD5BFD200103F2A</key>
		<dict>
			<key>buildActionMask</key>
			<string>2147483647</string>
			<key>files</key>
			<array>
				<string>CBDA411F1CD5BFD200103F2A</string>
			</array>
			<key>isa</key>
			<string>PBXSourcesBuildPhase</string>
			<key>runOnlyForDeploymentPostprocessing</key>
			<string>0</string>
		</dict>
		<key>CBDA41171CD5BFD200103F2A</key>
		<dict>
			<key>buildActionMask</key>
			<string>2147483647</string>
			<key>files</key>
			<array>
				<string>92A1BC11A11001B56E21F54F</string>
			</array>
			<key>isa</key>
			<string>PBXFrameworksBuildPhase</string>
			<key>runOnlyForDeploymentPostprocessing</key>
			<string>0</string>
		</dict>
		<key>CBDA41181CD5BFD200103F2A</key>
		<dict>
			<key>buildActionMask</key>
			<string>2147483647</string>
			<key>files</key>
			<array>
				<string>949875BA1D025FE000BA190E</string>
			</array>
			<key>isa</key>
			<string>PBXResourcesBuildPhase</string>
			<key>runOnlyForDeploymentPostprocessing</key>
			<string>0</string>
		</dict>
		<key>CBDA41191CD5BFD200103F2A</key>
		<dict>
			<key>buildConfigurationList</key>
			<string>CBDA41311CD5BFD200103F2A</string>
			<key>buildPhases</key>
			<array>
				<string>6D0AFF8BE0E741811D885DAE</string>
				<string>CBDA41161CD5BFD200103F2A</string>
				<string>CBDA41171CD5BFD200103F2A</string>
				<string>CBDA41181CD5BFD200103F2A</string>
				<string>B8E5682A91625B8E181995E3</string>
				<string>8BBA0174D74E98FC3218937F</string>
			</array>
			<key>buildRules</key>
			<array/>
			<key>dependencies</key>
			<array>
				<string>CBDA411C1CD5BFD200103F2A</string>
			</array>
			<key>isa</key>
			<string>PBXNativeTarget</string>
			<key>name</key>
			<string>BluffMastrTests</string>
			<key>productName</key>
			<string>BluffMastrTests</string>
			<key>productReference</key>
			<string>CBDA411A1CD5BFD200103F2A</string>
			<key>productType</key>
			<string>com.apple.product-type.bundle.unit-test</string>
		</dict>
		<key>CBDA411A1CD5BFD200103F2A</key>
		<dict>
			<key>explicitFileType</key>
			<string>wrapper.cfbundle</string>
			<key>includeInIndex</key>
			<string>0</string>
			<key>isa</key>
			<string>PBXFileReference</string>
			<key>path</key>
			<string>BluffMastrTests.xctest</string>
			<key>sourceTree</key>
			<string>BUILT_PRODUCTS_DIR</string>
		</dict>
		<key>CBDA411B1CD5BFD200103F2A</key>
		<dict>
			<key>containerPortal</key>
			<string>CBDA40FB1CD5BFD100103F2A</string>
			<key>isa</key>
			<string>PBXContainerItemProxy</string>
			<key>proxyType</key>
			<string>1</string>
			<key>remoteGlobalIDString</key>
			<string>CBDA41021CD5BFD200103F2A</string>
			<key>remoteInfo</key>
			<string>BluffMastr</string>
		</dict>
		<key>CBDA411C1CD5BFD200103F2A</key>
		<dict>
			<key>isa</key>
			<string>PBXTargetDependency</string>
			<key>target</key>
			<string>CBDA41021CD5BFD200103F2A</string>
			<key>targetProxy</key>
			<string>CBDA411B1CD5BFD200103F2A</string>
		</dict>
		<key>CBDA411D1CD5BFD200103F2A</key>
		<dict>
			<key>children</key>
			<array>
				<string>CBDA411E1CD5BFD200103F2A</string>
				<string>CBDA41201CD5BFD200103F2A</string>
			</array>
			<key>isa</key>
			<string>PBXGroup</string>
			<key>path</key>
			<string>BluffMastrTests</string>
			<key>sourceTree</key>
			<string>&lt;group&gt;</string>
		</dict>
		<key>CBDA411E1CD5BFD200103F2A</key>
		<dict>
			<key>isa</key>
			<string>PBXFileReference</string>
			<key>lastKnownFileType</key>
			<string>sourcecode.swift</string>
			<key>path</key>
			<string>BluffMastrTests.swift</string>
			<key>sourceTree</key>
			<string>&lt;group&gt;</string>
		</dict>
		<key>CBDA411F1CD5BFD200103F2A</key>
		<dict>
			<key>fileRef</key>
			<string>CBDA411E1CD5BFD200103F2A</string>
			<key>isa</key>
			<string>PBXBuildFile</string>
		</dict>
		<key>CBDA41201CD5BFD200103F2A</key>
		<dict>
			<key>isa</key>
			<string>PBXFileReference</string>
			<key>lastKnownFileType</key>
			<string>text.plist.xml</string>
			<key>path</key>
			<string>Info.plist</string>
			<key>sourceTree</key>
			<string>&lt;group&gt;</string>
		</dict>
		<key>CBDA41211CD5BFD200103F2A</key>
		<dict>
			<key>buildActionMask</key>
			<string>2147483647</string>
			<key>files</key>
			<array>
				<string>CBDA412A1CD5BFD200103F2A</string>
			</array>
			<key>isa</key>
			<string>PBXSourcesBuildPhase</string>
			<key>runOnlyForDeploymentPostprocessing</key>
			<string>0</string>
		</dict>
		<key>CBDA41221CD5BFD200103F2A</key>
		<dict>
			<key>buildActionMask</key>
			<string>2147483647</string>
			<key>files</key>
			<array>
				<string>8B2F4C65358243D8E78087AC</string>
			</array>
			<key>isa</key>
			<string>PBXFrameworksBuildPhase</string>
			<key>runOnlyForDeploymentPostprocessing</key>
			<string>0</string>
		</dict>
		<key>CBDA41231CD5BFD200103F2A</key>
		<dict>
			<key>buildActionMask</key>
			<string>2147483647</string>
			<key>files</key>
			<array>
				<string>949875BB1D025FE000BA190E</string>
			</array>
			<key>isa</key>
			<string>PBXResourcesBuildPhase</string>
			<key>runOnlyForDeploymentPostprocessing</key>
			<string>0</string>
		</dict>
		<key>CBDA41241CD5BFD200103F2A</key>
		<dict>
			<key>buildConfigurationList</key>
			<string>CBDA41341CD5BFD200103F2A</string>
			<key>buildPhases</key>
			<array>
				<string>178A33BE6E43426627BB6DE2</string>
				<string>CBDA41211CD5BFD200103F2A</string>
				<string>CBDA41221CD5BFD200103F2A</string>
				<string>CBDA41231CD5BFD200103F2A</string>
				<string>4D18C13DB0A2D1994A26CBA1</string>
			</array>
			<key>buildRules</key>
			<array/>
			<key>dependencies</key>
			<array>
				<string>CBDA41271CD5BFD200103F2A</string>
			</array>
			<key>isa</key>
			<string>PBXNativeTarget</string>
			<key>name</key>
			<string>BluffMastrUITests</string>
			<key>productName</key>
			<string>BluffMastrUITests</string>
			<key>productReference</key>
			<string>CBDA41251CD5BFD200103F2A</string>
			<key>productType</key>
			<string>com.apple.product-type.bundle.ui-testing</string>
		</dict>
		<key>CBDA41251CD5BFD200103F2A</key>
		<dict>
			<key>explicitFileType</key>
			<string>wrapper.cfbundle</string>
			<key>includeInIndex</key>
			<string>0</string>
			<key>isa</key>
			<string>PBXFileReference</string>
			<key>path</key>
			<string>BluffMastrUITests.xctest</string>
			<key>sourceTree</key>
			<string>BUILT_PRODUCTS_DIR</string>
		</dict>
		<key>CBDA41261CD5BFD200103F2A</key>
		<dict>
			<key>containerPortal</key>
			<string>CBDA40FB1CD5BFD100103F2A</string>
			<key>isa</key>
			<string>PBXContainerItemProxy</string>
			<key>proxyType</key>
			<string>1</string>
			<key>remoteGlobalIDString</key>
			<string>CBDA41021CD5BFD200103F2A</string>
			<key>remoteInfo</key>
			<string>BluffMastr</string>
		</dict>
		<key>CBDA41271CD5BFD200103F2A</key>
		<dict>
			<key>isa</key>
			<string>PBXTargetDependency</string>
			<key>target</key>
			<string>CBDA41021CD5BFD200103F2A</string>
			<key>targetProxy</key>
			<string>CBDA41261CD5BFD200103F2A</string>
		</dict>
		<key>CBDA41281CD5BFD200103F2A</key>
		<dict>
			<key>children</key>
			<array>
				<string>CBDA41291CD5BFD200103F2A</string>
				<string>CBDA412B1CD5BFD200103F2A</string>
			</array>
			<key>isa</key>
			<string>PBXGroup</string>
			<key>path</key>
			<string>BluffMastrUITests</string>
			<key>sourceTree</key>
			<string>&lt;group&gt;</string>
		</dict>
		<key>CBDA41291CD5BFD200103F2A</key>
		<dict>
			<key>isa</key>
			<string>PBXFileReference</string>
			<key>lastKnownFileType</key>
			<string>sourcecode.swift</string>
			<key>path</key>
			<string>BluffMastrUITests.swift</string>
			<key>sourceTree</key>
			<string>&lt;group&gt;</string>
		</dict>
		<key>CBDA412A1CD5BFD200103F2A</key>
		<dict>
			<key>fileRef</key>
			<string>CBDA41291CD5BFD200103F2A</string>
			<key>isa</key>
			<string>PBXBuildFile</string>
		</dict>
		<key>CBDA412B1CD5BFD200103F2A</key>
		<dict>
			<key>isa</key>
			<string>PBXFileReference</string>
			<key>lastKnownFileType</key>
			<string>text.plist.xml</string>
			<key>path</key>
			<string>Info.plist</string>
			<key>sourceTree</key>
			<string>&lt;group&gt;</string>
		</dict>
		<key>CBDA412C1CD5BFD200103F2A</key>
		<dict>
			<key>buildSettings</key>
			<dict>
				<key>ALWAYS_SEARCH_USER_PATHS</key>
				<string>NO</string>
				<key>CLANG_ANALYZER_NONNULL</key>
				<string>YES</string>
				<key>CLANG_CXX_LANGUAGE_STANDARD</key>
				<string>gnu++0x</string>
				<key>CLANG_CXX_LIBRARY</key>
				<string>libc++</string>
				<key>CLANG_ENABLE_MODULES</key>
				<string>YES</string>
				<key>CLANG_ENABLE_OBJC_ARC</key>
				<string>YES</string>
				<key>CLANG_WARN_BOOL_CONVERSION</key>
				<string>YES</string>
				<key>CLANG_WARN_CONSTANT_CONVERSION</key>
				<string>YES</string>
				<key>CLANG_WARN_DIRECT_OBJC_ISA_USAGE</key>
				<string>YES_ERROR</string>
				<key>CLANG_WARN_EMPTY_BODY</key>
				<string>YES</string>
				<key>CLANG_WARN_ENUM_CONVERSION</key>
				<string>YES</string>
				<key>CLANG_WARN_INT_CONVERSION</key>
				<string>YES</string>
				<key>CLANG_WARN_OBJC_ROOT_CLASS</key>
				<string>YES_ERROR</string>
				<key>CLANG_WARN_UNREACHABLE_CODE</key>
				<string>YES</string>
				<key>CLANG_WARN__DUPLICATE_METHOD_MATCH</key>
				<string>YES</string>
				<key>CODE_SIGN_IDENTITY</key>
				<string>iPhone Developer: srikantviswanath8@gmail.com (H42N4NNHN9)</string>
				<key>CODE_SIGN_IDENTITY[sdk=iphoneos*]</key>
				<string>iPhone Developer: srikantviswanath8@gmail.com (H42N4NNHN9)</string>
				<key>COPY_PHASE_STRIP</key>
				<string>NO</string>
				<key>DEBUG_INFORMATION_FORMAT</key>
				<string>dwarf</string>
				<key>ENABLE_STRICT_OBJC_MSGSEND</key>
				<string>YES</string>
				<key>ENABLE_TESTABILITY</key>
				<string>YES</string>
				<key>GCC_C_LANGUAGE_STANDARD</key>
				<string>gnu99</string>
				<key>GCC_DYNAMIC_NO_PIC</key>
				<string>NO</string>
				<key>GCC_NO_COMMON_BLOCKS</key>
				<string>YES</string>
				<key>GCC_OPTIMIZATION_LEVEL</key>
				<string>0</string>
				<key>GCC_PREPROCESSOR_DEFINITIONS</key>
				<array>
					<string>DEBUG=1</string>
					<string>$(inherited)</string>
				</array>
				<key>GCC_WARN_64_TO_32_BIT_CONVERSION</key>
				<string>YES</string>
				<key>GCC_WARN_ABOUT_RETURN_TYPE</key>
				<string>YES_ERROR</string>
				<key>GCC_WARN_UNDECLARED_SELECTOR</key>
				<string>YES</string>
				<key>GCC_WARN_UNINITIALIZED_AUTOS</key>
				<string>YES_AGGRESSIVE</string>
				<key>GCC_WARN_UNUSED_FUNCTION</key>
				<string>YES</string>
				<key>GCC_WARN_UNUSED_VARIABLE</key>
				<string>YES</string>
				<key>IPHONEOS_DEPLOYMENT_TARGET</key>
				<string>9.3</string>
				<key>MTL_ENABLE_DEBUG_INFO</key>
				<string>YES</string>
				<key>ONLY_ACTIVE_ARCH</key>
				<string>YES</string>
				<key>PROVISIONING_PROFILE</key>
				<string>e85e3909-7b10-48cc-8005-6da16d5e3a97</string>
				<key>SDKROOT</key>
				<string>iphoneos</string>
				<key>SWIFT_OPTIMIZATION_LEVEL</key>
				<string>-Onone</string>
				<key>TARGETED_DEVICE_FAMILY</key>
				<string>1,2</string>
			</dict>
			<key>isa</key>
			<string>XCBuildConfiguration</string>
			<key>name</key>
			<string>Debug</string>
		</dict>
		<key>CBDA412D1CD5BFD200103F2A</key>
		<dict>
			<key>buildSettings</key>
			<dict>
				<key>ALWAYS_SEARCH_USER_PATHS</key>
				<string>NO</string>
				<key>CLANG_ANALYZER_NONNULL</key>
				<string>YES</string>
				<key>CLANG_CXX_LANGUAGE_STANDARD</key>
				<string>gnu++0x</string>
				<key>CLANG_CXX_LIBRARY</key>
				<string>libc++</string>
				<key>CLANG_ENABLE_MODULES</key>
				<string>YES</string>
				<key>CLANG_ENABLE_OBJC_ARC</key>
				<string>YES</string>
				<key>CLANG_WARN_BOOL_CONVERSION</key>
				<string>YES</string>
				<key>CLANG_WARN_CONSTANT_CONVERSION</key>
				<string>YES</string>
				<key>CLANG_WARN_DIRECT_OBJC_ISA_USAGE</key>
				<string>YES_ERROR</string>
				<key>CLANG_WARN_EMPTY_BODY</key>
				<string>YES</string>
				<key>CLANG_WARN_ENUM_CONVERSION</key>
				<string>YES</string>
				<key>CLANG_WARN_INT_CONVERSION</key>
				<string>YES</string>
				<key>CLANG_WARN_OBJC_ROOT_CLASS</key>
				<string>YES_ERROR</string>
				<key>CLANG_WARN_UNREACHABLE_CODE</key>
				<string>YES</string>
				<key>CLANG_WARN__DUPLICATE_METHOD_MATCH</key>
				<string>YES</string>
				<key>CODE_SIGN_IDENTITY</key>
				<string>iPhone Developer: srikantviswanath8@gmail.com (H42N4NNHN9)</string>
				<key>CODE_SIGN_IDENTITY[sdk=iphoneos*]</key>
				<string>iPhone Developer: srikantviswanath8@gmail.com (H42N4NNHN9)</string>
				<key>COPY_PHASE_STRIP</key>
				<string>NO</string>
				<key>DEBUG_INFORMATION_FORMAT</key>
				<string>dwarf-with-dsym</string>
				<key>ENABLE_NS_ASSERTIONS</key>
				<string>NO</string>
				<key>ENABLE_STRICT_OBJC_MSGSEND</key>
				<string>YES</string>
				<key>GCC_C_LANGUAGE_STANDARD</key>
				<string>gnu99</string>
				<key>GCC_NO_COMMON_BLOCKS</key>
				<string>YES</string>
				<key>GCC_WARN_64_TO_32_BIT_CONVERSION</key>
				<string>YES</string>
				<key>GCC_WARN_ABOUT_RETURN_TYPE</key>
				<string>YES_ERROR</string>
				<key>GCC_WARN_UNDECLARED_SELECTOR</key>
				<string>YES</string>
				<key>GCC_WARN_UNINITIALIZED_AUTOS</key>
				<string>YES_AGGRESSIVE</string>
				<key>GCC_WARN_UNUSED_FUNCTION</key>
				<string>YES</string>
				<key>GCC_WARN_UNUSED_VARIABLE</key>
				<string>YES</string>
				<key>IPHONEOS_DEPLOYMENT_TARGET</key>
				<string>9.3</string>
				<key>MTL_ENABLE_DEBUG_INFO</key>
				<string>NO</string>
				<key>PROVISIONING_PROFILE</key>
				<string>e85e3909-7b10-48cc-8005-6da16d5e3a97</string>
				<key>SDKROOT</key>
				<string>iphoneos</string>
				<key>TARGETED_DEVICE_FAMILY</key>
				<string>1,2</string>
				<key>VALIDATE_PRODUCT</key>
				<string>YES</string>
			</dict>
			<key>isa</key>
			<string>XCBuildConfiguration</string>
			<key>name</key>
			<string>Release</string>
		</dict>
		<key>CBDA412E1CD5BFD200103F2A</key>
		<dict>
			<key>buildConfigurations</key>
			<array>
				<string>CBDA412F1CD5BFD200103F2A</string>
				<string>CBDA41301CD5BFD200103F2A</string>
				<string>CBD4B6981D29BFFA00E7A674</string>
			</array>
			<key>defaultConfigurationIsVisible</key>
			<string>0</string>
			<key>defaultConfigurationName</key>
			<string>Release</string>
			<key>isa</key>
			<string>XCConfigurationList</string>
		</dict>
		<key>CBDA412F1CD5BFD200103F2A</key>
		<dict>
			<key>baseConfigurationReference</key>
			<string>0E83DD0A04B4686A5925D1E6</string>
			<key>buildSettings</key>
			<dict>
				<key>ASSETCATALOG_COMPILER_APPICON_NAME</key>
				<string>AppIcon</string>
				<key>CLANG_ENABLE_MODULES</key>
				<string>YES</string>
				<key>CODE_SIGN_IDENTITY</key>
				<string>iPhone Developer</string>
				<key>CODE_SIGN_IDENTITY[sdk=iphoneos*]</key>
				<string>iPhone Developer</string>
				<key>INFOPLIST_FILE</key>
				<string>BluffMastr/Info.plist</string>
				<key>LD_RUNPATH_SEARCH_PATHS</key>
				<string>$(inherited) @executable_path/Frameworks</string>
				<key>PRODUCT_BUNDLE_IDENTIFIER</key>
				<string>com.ghutles.Bluffathon</string>
				<key>PRODUCT_NAME</key>
				<string>$(TARGET_NAME)</string>
				<key>PROVISIONING_PROFILE</key>
				<string>bbe12539-b7fb-40f3-83f5-a5b41de17c9e</string>
				<key>SWIFT_OBJC_BRIDGING_HEADER</key>
				<string>BluffMastr/BluffMastr-Bridging-Header.h</string>
				<key>SWIFT_OPTIMIZATION_LEVEL</key>
				<string>-Onone</string>
			</dict>
			<key>isa</key>
			<string>XCBuildConfiguration</string>
			<key>name</key>
			<string>Debug</string>
		</dict>
		<key>CBDA41301CD5BFD200103F2A</key>
		<dict>
			<key>baseConfigurationReference</key>
			<string>F56884EED90B4C5E8CF986F5</string>
			<key>buildSettings</key>
			<dict>
				<key>ASSETCATALOG_COMPILER_APPICON_NAME</key>
				<string>AppIcon</string>
				<key>CLANG_ENABLE_MODULES</key>
				<string>YES</string>
				<key>CODE_SIGN_IDENTITY</key>
				<string>iPhone Developer: Srikant Viswanath (49J5Y8YSX2)</string>
				<key>CODE_SIGN_IDENTITY[sdk=iphoneos*]</key>
				<string>iPhone Developer: Srikant Viswanath (49J5Y8YSX2)</string>
				<key>INFOPLIST_FILE</key>
				<string>BluffMastr/Info.plist</string>
				<key>LD_RUNPATH_SEARCH_PATHS</key>
				<string>$(inherited) @executable_path/Frameworks</string>
				<key>PRODUCT_BUNDLE_IDENTIFIER</key>
				<string>com.ghutles.Bluffathon</string>
				<key>PRODUCT_NAME</key>
				<string>$(TARGET_NAME)</string>
				<key>PROVISIONING_PROFILE</key>
				<string>bbe12539-b7fb-40f3-83f5-a5b41de17c9e</string>
				<key>SWIFT_OBJC_BRIDGING_HEADER</key>
				<string>BluffMastr/BluffMastr-Bridging-Header.h</string>
			</dict>
			<key>isa</key>
			<string>XCBuildConfiguration</string>
			<key>name</key>
			<string>Release</string>
		</dict>
		<key>CBDA41311CD5BFD200103F2A</key>
		<dict>
			<key>buildConfigurations</key>
			<array>
				<string>CBDA41321CD5BFD200103F2A</string>
				<string>CBDA41331CD5BFD200103F2A</string>
				<string>CBD4B6991D29BFFA00E7A674</string>
			</array>
			<key>defaultConfigurationIsVisible</key>
			<string>0</string>
			<key>defaultConfigurationName</key>
			<string>Release</string>
			<key>isa</key>
			<string>XCConfigurationList</string>
		</dict>
		<key>CBDA41321CD5BFD200103F2A</key>
		<dict>
			<key>baseConfigurationReference</key>
			<string>A922B0AA2F6A3E1FB70B08EB</string>
			<key>buildSettings</key>
			<dict>
				<key>BUNDLE_LOADER</key>
				<string>$(TEST_HOST)</string>
				<key>INFOPLIST_FILE</key>
				<string>BluffMastrTests/Info.plist</string>
				<key>LD_RUNPATH_SEARCH_PATHS</key>
				<string>$(inherited) @executable_path/Frameworks @loader_path/Frameworks</string>
				<key>PRODUCT_BUNDLE_IDENTIFIER</key>
				<string>viswanath-srikant.BluffMastrTests</string>
				<key>PRODUCT_NAME</key>
				<string>$(TARGET_NAME)</string>
				<key>TEST_HOST</key>
				<string>$(BUILT_PRODUCTS_DIR)/BluffMastr.app/BluffMastr</string>
			</dict>
			<key>isa</key>
			<string>XCBuildConfiguration</string>
			<key>name</key>
			<string>Debug</string>
		</dict>
		<key>CBDA41331CD5BFD200103F2A</key>
		<dict>
			<key>baseConfigurationReference</key>
			<string>4512356BBB25570761C24F52</string>
			<key>buildSettings</key>
			<dict>
				<key>BUNDLE_LOADER</key>
				<string>$(TEST_HOST)</string>
				<key>INFOPLIST_FILE</key>
				<string>BluffMastrTests/Info.plist</string>
				<key>LD_RUNPATH_SEARCH_PATHS</key>
				<string>$(inherited) @executable_path/Frameworks @loader_path/Frameworks</string>
				<key>PRODUCT_BUNDLE_IDENTIFIER</key>
				<string>viswanath-srikant.BluffMastrTests</string>
				<key>PRODUCT_NAME</key>
				<string>$(TARGET_NAME)</string>
				<key>TEST_HOST</key>
				<string>$(BUILT_PRODUCTS_DIR)/BluffMastr.app/BluffMastr</string>
			</dict>
			<key>isa</key>
			<string>XCBuildConfiguration</string>
			<key>name</key>
			<string>Release</string>
		</dict>
		<key>CBDA41341CD5BFD200103F2A</key>
		<dict>
			<key>buildConfigurations</key>
			<array>
				<string>CBDA41351CD5BFD200103F2A</string>
				<string>CBDA41361CD5BFD200103F2A</string>
				<string>CBD4B69A1D29BFFA00E7A674</string>
			</array>
			<key>defaultConfigurationIsVisible</key>
			<string>0</string>
			<key>defaultConfigurationName</key>
			<string>Release</string>
			<key>isa</key>
			<string>XCConfigurationList</string>
		</dict>
		<key>CBDA41351CD5BFD200103F2A</key>
		<dict>
			<key>baseConfigurationReference</key>
			<string>8D32F1F004E9AE649AF4463F</string>
			<key>buildSettings</key>
			<dict>
				<key>INFOPLIST_FILE</key>
				<string>BluffMastrUITests/Info.plist</string>
				<key>LD_RUNPATH_SEARCH_PATHS</key>
				<string>$(inherited) @executable_path/Frameworks @loader_path/Frameworks</string>
				<key>PRODUCT_BUNDLE_IDENTIFIER</key>
				<string>viswanath-srikant.BluffMastrUITests</string>
				<key>PRODUCT_NAME</key>
				<string>$(TARGET_NAME)</string>
				<key>TEST_TARGET_NAME</key>
				<string>BluffMastr</string>
			</dict>
			<key>isa</key>
			<string>XCBuildConfiguration</string>
			<key>name</key>
			<string>Debug</string>
		</dict>
		<key>CBDA41361CD5BFD200103F2A</key>
		<dict>
			<key>baseConfigurationReference</key>
			<string>B4E59A2CC6F793440006CC11</string>
			<key>buildSettings</key>
			<dict>
				<key>INFOPLIST_FILE</key>
				<string>BluffMastrUITests/Info.plist</string>
				<key>LD_RUNPATH_SEARCH_PATHS</key>
				<string>$(inherited) @executable_path/Frameworks @loader_path/Frameworks</string>
				<key>PRODUCT_BUNDLE_IDENTIFIER</key>
				<string>viswanath-srikant.BluffMastrUITests</string>
				<key>PRODUCT_NAME</key>
				<string>$(TARGET_NAME)</string>
				<key>TEST_TARGET_NAME</key>
				<string>BluffMastr</string>
			</dict>
			<key>isa</key>
			<string>XCBuildConfiguration</string>
			<key>name</key>
			<string>Release</string>
		</dict>
		<key>CBF846031D1B606100F457E7</key>
		<dict>
			<key>fileEncoding</key>
			<string>4</string>
			<key>isa</key>
			<string>PBXFileReference</string>
			<key>lastKnownFileType</key>
			<string>sourcecode.swift</string>
			<key>path</key>
			<string>AnimationEngine.swift</string>
			<key>sourceTree</key>
			<string>&lt;group&gt;</string>
		</dict>
		<key>CBF846041D1B606100F457E7</key>
		<dict>
			<key>fileRef</key>
			<string>CBF846031D1B606100F457E7</string>
			<key>isa</key>
			<string>PBXBuildFile</string>
		</dict>
		<key>CBF846051D1B947200F457E7</key>
		<dict>
			<key>isa</key>
			<string>PBXFileReference</string>
			<key>lastKnownFileType</key>
			<string>audio.wav</string>
			<key>path</key>
			<string>score_swoosh.wav</string>
			<key>sourceTree</key>
			<string>&lt;group&gt;</string>
		</dict>
		<key>CBF846061D1B947200F457E7</key>
		<dict>
			<key>fileRef</key>
			<string>CBF846051D1B947200F457E7</string>
			<key>isa</key>
			<string>PBXBuildFile</string>
		</dict>
		<key>D3B5B75B8A33B7AA093742BA</key>
		<dict>
			<key>children</key>
			<array>
				<string>B9DF4A028899D42DFEBF1369</string>
				<string>459992FD7483544990DDF961</string>
				<string>14492564958FCD7704EB8856</string>
			</array>
			<key>isa</key>
			<string>PBXGroup</string>
			<key>name</key>
			<string>Frameworks</string>
			<key>sourceTree</key>
			<string>&lt;group&gt;</string>
		</dict>
		<key>D4DEC114591F4CEE03FCDB91</key>
		<dict>
			<key>includeInIndex</key>
			<string>1</string>
			<key>isa</key>
			<string>PBXFileReference</string>
			<key>lastKnownFileType</key>
			<string>text.xcconfig</string>
			<key>name</key>
			<string>Pods-BluffMastr.distribution.xcconfig</string>
			<key>path</key>
			<string>Pods/Target Support Files/Pods-BluffMastr/Pods-BluffMastr.distribution.xcconfig</string>
			<key>sourceTree</key>
			<string>&lt;group&gt;</string>
		</dict>
		<key>EE4E0A9B7C06819A41A96F12</key>
		<dict>
			<key>buildActionMask</key>
			<string>2147483647</string>
			<key>files</key>
			<array/>
			<key>inputPaths</key>
			<array/>
			<key>isa</key>
			<string>PBXShellScriptBuildPhase</string>
			<key>name</key>
			<string>&#128230; Embed Pods Frameworks</string>
			<key>outputPaths</key>
			<array/>
			<key>runOnlyForDeploymentPostprocessing</key>
			<string>0</string>
			<key>shellPath</key>
			<string>/bin/sh</string>
			<key>shellScript</key>
			<string>"${SRCROOT}/Pods/Target Support Files/Pods-BluffMastr/Pods-BluffMastr-frameworks.sh"
</string>
			<key>showEnvVarsInLog</key>
			<string>0</string>
		</dict>
		<key>F56884EED90B4C5E8CF986F5</key>
		<dict>
			<key>includeInIndex</key>
			<string>1</string>
			<key>isa</key>
			<string>PBXFileReference</string>
			<key>lastKnownFileType</key>
			<string>text.xcconfig</string>
			<key>name</key>
			<string>Pods-BluffMastr.release.xcconfig</string>
			<key>path</key>
			<string>Pods/Target Support Files/Pods-BluffMastr/Pods-BluffMastr.release.xcconfig</string>
			<key>sourceTree</key>
			<string>&lt;group&gt;</string>
		</dict>
	</dict>
	<key>rootObject</key>
	<string>CBDA40FB1CD5BFD100103F2A</string>
</dict>
</plist>
