// !$*UTF8*$!
{
	archiveVersion = 1;
	classes = {
	};
	objectVersion = 46;
	objects = {

/* Begin PBXBuildFile section */
		0552D577E0C749F440AB4F96 /* Pods_BluffMastr.framework in Frameworks */ = {isa = PBXBuildFile; fileRef = FCCB0A6BA7AA5C8D75830A1A /* Pods_BluffMastr.framework */; };
		6BF5D5D0A5456927366CDCFD /* Pods_BluffMastrUITests.framework in Frameworks */ = {isa = PBXBuildFile; fileRef = B764794A8CA05A9C4D5FC124 /* Pods_BluffMastrUITests.framework */; };
		9446F8D91CF5F01E00F41FC0 /* Votes.swift in Sources */ = {isa = PBXBuildFile; fileRef = 9446F8D81CF5F01E00F41FC0 /* Votes.swift */; };
		9447DE7A1D525DA700B373A9 /* extensions.swift in Sources */ = {isa = PBXBuildFile; fileRef = 9447DE791D525DA700B373A9 /* extensions.swift */; };
		949875B91D025FE000BA190E /* GoogleService-Info.plist in Resources */ = {isa = PBXBuildFile; fileRef = 949875B81D025FE000BA190E /* GoogleService-Info.plist */; };
		949875BA1D025FE000BA190E /* GoogleService-Info.plist in Resources */ = {isa = PBXBuildFile; fileRef = 949875B81D025FE000BA190E /* GoogleService-Info.plist */; };
		949875BB1D025FE000BA190E /* GoogleService-Info.plist in Resources */ = {isa = PBXBuildFile; fileRef = 949875B81D025FE000BA190E /* GoogleService-Info.plist */; };
		94FED3F21D4C2CFC00DFE2BA /* ConclusionVC.swift in Sources */ = {isa = PBXBuildFile; fileRef = 94FED3F11D4C2CFC00DFE2BA /* ConclusionVC.swift */; };
		CB0372501D371CCB00E3550D /* WelcomeVC.swift in Sources */ = {isa = PBXBuildFile; fileRef = CB03724F1D371CCB00E3550D /* WelcomeVC.swift */; };
		CB4A33651D614B4F00354FF8 /* PopUpBubble.swift in Sources */ = {isa = PBXBuildFile; fileRef = CB4A33641D614B4F00354FF8 /* PopUpBubble.swift */; };
		CB4A33671D641B4E00354FF8 /* player_votedout.mp3 in Resources */ = {isa = PBXBuildFile; fileRef = CB4A33661D641B4E00354FF8 /* player_votedout.mp3 */; };
		CB5BADDE1D8DB80600E741C2 /* game_win_music.wav in Resources */ = {isa = PBXBuildFile; fileRef = CB5BADDD1D8DB80500E741C2 /* game_win_music.wav */; };
		CB5BADE01D8DBC5500E741C2 /* game_lost_music.wav in Resources */ = {isa = PBXBuildFile; fileRef = CB5BADDF1D8DBC5500E741C2 /* game_lost_music.wav */; };
		CB6A7AF01D5FE09E00EE4D1C /* PopUpTutorialVC.swift in Sources */ = {isa = PBXBuildFile; fileRef = CB6A7AEF1D5FE09E00EE4D1C /* PopUpTutorialVC.swift */; };
		CB78671F1D18B2FD00E0CDB0 /* ServicesUtil.swift in Sources */ = {isa = PBXBuildFile; fileRef = CB78671E1D18B2FD00E0CDB0 /* ServicesUtil.swift */; };
		CB7B0BEC1D3868B400F44727 /* VerdictVC.swift in Sources */ = {isa = PBXBuildFile; fileRef = CB7B0BEB1D3868B400F44727 /* VerdictVC.swift */; };
		CB7CEFC61CD6DCDA00356DFB /* FirebaseDataServices.swift in Sources */ = {isa = PBXBuildFile; fileRef = CB7CEFC51CD6DCDA00356DFB /* FirebaseDataServices.swift */; };
		CB7CEFC81CD6F1E000356DFB /* MaterialView.swift in Sources */ = {isa = PBXBuildFile; fileRef = CB7CEFC71CD6F1E000356DFB /* MaterialView.swift */; };
		CB7CEFCA1CD6F21300356DFB /* Constants.swift in Sources */ = {isa = PBXBuildFile; fileRef = CB7CEFC91CD6F21300356DFB /* Constants.swift */; };
		CB7CEFCE1CD6FE3F00356DFB /* MaterialButton.swift in Sources */ = {isa = PBXBuildFile; fileRef = CB7CEFCD1CD6FE3F00356DFB /* MaterialButton.swift */; };
		CB7CEFD01CD700B200356DFB /* MaterialTextField.swift in Sources */ = {isa = PBXBuildFile; fileRef = CB7CEFCF1CD700B200356DFB /* MaterialTextField.swift */; };
		CB7CEFD21CD7055000356DFB /* StagingVC.swift in Sources */ = {isa = PBXBuildFile; fileRef = CB7CEFD11CD7055000356DFB /* StagingVC.swift */; };
		CB848F101D497C240033162A /* ModeAOnBoardingPageVC.swift in Sources */ = {isa = PBXBuildFile; fileRef = CB848F0F1D497C240033162A /* ModeAOnBoardingPageVC.swift */; };
		CB89CFAF1CDD7421000D3A7B /* Games.swift in Sources */ = {isa = PBXBuildFile; fileRef = CB89CFAE1CDD7421000D3A7B /* Games.swift */; };
		CB89CFB11CDD7434000D3A7B /* GameMembers.swift in Sources */ = {isa = PBXBuildFile; fileRef = CB89CFB01CDD7434000D3A7B /* GameMembers.swift */; };
		CB89CFB31CDD7451000D3A7B /* Users.swift in Sources */ = {isa = PBXBuildFile; fileRef = CB89CFB21CDD7451000D3A7B /* Users.swift */; };
		CB89CFB51CDF9FFC000D3A7B /* QuestionVC.swift in Sources */ = {isa = PBXBuildFile; fileRef = CB89CFB41CDF9FFB000D3A7B /* QuestionVC.swift */; };
		CB89CFB71CE2C173000D3A7B /* Questions.swift in Sources */ = {isa = PBXBuildFile; fileRef = CB89CFB61CE2C173000D3A7B /* Questions.swift */; };
		CB8C3A0D1CD9911D0082215D /* CustomTableViewCell.swift in Sources */ = {isa = PBXBuildFile; fileRef = CB8C3A0C1CD9911D0082215D /* CustomTableViewCell.swift */; };
		CB98B7481D516E6F00FF7076 /* GraveyardVC.swift in Sources */ = {isa = PBXBuildFile; fileRef = CB98B7471D516E6F00FF7076 /* GraveyardVC.swift */; };
		CBAD61FD1D3DE32B004D9D1A /* penalty.wav in Resources */ = {isa = PBXBuildFile; fileRef = CBAD61FC1D3DE32B004D9D1A /* penalty.wav */; };
		CBAD61FF1D3DE4A8004D9D1A /* bonus.wav in Resources */ = {isa = PBXBuildFile; fileRef = CBAD61FE1D3DE4A8004D9D1A /* bonus.wav */; };
		CBB70EC51D5450E6002342DC /* female_scream.mp3 in Resources */ = {isa = PBXBuildFile; fileRef = CBB70EC41D5450E6002342DC /* female_scream.mp3 */; };
		CBB98B1E1D0A66AD00089FE8 /* AudioUtil.swift in Sources */ = {isa = PBXBuildFile; fileRef = CBB98B1D1D0A66AD00089FE8 /* AudioUtil.swift */; };
		CBB98B211D0A6C0B00089FE8 /* game_over.wav in Resources */ = {isa = PBXBuildFile; fileRef = CBB98B201D0A6C0B00089FE8 /* game_over.wav */; };
		CBB98B231D0A6C1500089FE8 /* wrong_vote_out.wav in Resources */ = {isa = PBXBuildFile; fileRef = CBB98B221D0A6C1500089FE8 /* wrong_vote_out.wav */; };
		CBB98B251D0A6C1E00089FE8 /* bluffmastr_voted_out.wav in Resources */ = {isa = PBXBuildFile; fileRef = CBB98B241D0A6C1E00089FE8 /* bluffmastr_voted_out.wav */; };
		CBC6FDE01CE6BAE9006CB1C0 /* AnswersVC.swift in Sources */ = {isa = PBXBuildFile; fileRef = CBC6FDDF1CE6BAE9006CB1C0 /* AnswersVC.swift */; };
		CBC6FDE21CE6D032006CB1C0 /* GameplayUtils.swift in Sources */ = {isa = PBXBuildFile; fileRef = CBC6FDE11CE6D032006CB1C0 /* GameplayUtils.swift */; };
		CBC6FDE41CE96844006CB1C0 /* ScoreVC.swift in Sources */ = {isa = PBXBuildFile; fileRef = CBC6FDE31CE96844006CB1C0 /* ScoreVC.swift */; };
		CBCFD3211CEAA3EF00C4AD7B /* Scores.swift in Sources */ = {isa = PBXBuildFile; fileRef = CBCFD3201CEAA3EF00C4AD7B /* Scores.swift */; };
		CBCFD3231CEABCC700C4AD7B /* ViewUtil.swift in Sources */ = {isa = PBXBuildFile; fileRef = CBCFD3221CEABCC700C4AD7B /* ViewUtil.swift */; };
		CBCFD3271CEBE79D00C4AD7B /* ThisRoundCell.swift in Sources */ = {isa = PBXBuildFile; fileRef = CBCFD3261CEBE79D00C4AD7B /* ThisRoundCell.swift */; };
		CBCFD3291CEBE82F00C4AD7B /* LeaderboardVC.swift in Sources */ = {isa = PBXBuildFile; fileRef = CBCFD3281CEBE82F00C4AD7B /* LeaderboardVC.swift */; };
		CBD4B6931D24952300E7A674 /* HelpForQuestionVC.swift in Sources */ = {isa = PBXBuildFile; fileRef = CBD4B6921D24952300E7A674 /* HelpForQuestionVC.swift */; };
		CBD4B6961D24DB0700E7A674 /* AlertVC.swift in Sources */ = {isa = PBXBuildFile; fileRef = CBD4B6951D24DB0700E7A674 /* AlertVC.swift */; };
		CBD5ED511D52FA7400B2257E /* spooky_breath.wav in Resources */ = {isa = PBXBuildFile; fileRef = CBD5ED501D52FA7400B2257E /* spooky_breath.wav */; };
		CBD880201CF55B17005C2C10 /* VoteResultVC.swift in Sources */ = {isa = PBXBuildFile; fileRef = CBD8801F1CF55B17005C2C10 /* VoteResultVC.swift */; };
		CBDA41071CD5BFD200103F2A /* AppDelegate.swift in Sources */ = {isa = PBXBuildFile; fileRef = CBDA41061CD5BFD200103F2A /* AppDelegate.swift */; };
		CBDA41091CD5BFD200103F2A /* LandingVC.swift in Sources */ = {isa = PBXBuildFile; fileRef = CBDA41081CD5BFD200103F2A /* LandingVC.swift */; };
		CBDA410C1CD5BFD200103F2A /* Main.storyboard in Resources */ = {isa = PBXBuildFile; fileRef = CBDA410A1CD5BFD200103F2A /* Main.storyboard */; };
		CBDA410F1CD5BFD200103F2A /* BluffMastr.xcdatamodeld in Sources */ = {isa = PBXBuildFile; fileRef = CBDA410D1CD5BFD200103F2A /* BluffMastr.xcdatamodeld */; };
		CBDA41111CD5BFD200103F2A /* Assets.xcassets in Resources */ = {isa = PBXBuildFile; fileRef = CBDA41101CD5BFD200103F2A /* Assets.xcassets */; };
		CBDA41141CD5BFD200103F2A /* LaunchScreen.storyboard in Resources */ = {isa = PBXBuildFile; fileRef = CBDA41121CD5BFD200103F2A /* LaunchScreen.storyboard */; };
		CBDA411F1CD5BFD200103F2A /* BluffMastrTests.swift in Sources */ = {isa = PBXBuildFile; fileRef = CBDA411E1CD5BFD200103F2A /* BluffMastrTests.swift */; };
		CBDA412A1CD5BFD200103F2A /* BluffMastrUITests.swift in Sources */ = {isa = PBXBuildFile; fileRef = CBDA41291CD5BFD200103F2A /* BluffMastrUITests.swift */; };
		CBF846041D1B606100F457E7 /* AnimationEngine.swift in Sources */ = {isa = PBXBuildFile; fileRef = CBF846031D1B606100F457E7 /* AnimationEngine.swift */; };
		CBF846061D1B947200F457E7 /* score_swoosh.wav in Resources */ = {isa = PBXBuildFile; fileRef = CBF846051D1B947200F457E7 /* score_swoosh.wav */; };
		FC82D2DC8171A00006ABE6AC /* Pods_BluffMastrTests.framework in Frameworks */ = {isa = PBXBuildFile; fileRef = 3E0ECDD1838735219971FFB7 /* Pods_BluffMastrTests.framework */; };
/* End PBXBuildFile section */

/* Begin PBXContainerItemProxy section */
		CBDA411B1CD5BFD200103F2A /* PBXContainerItemProxy */ = {
			isa = PBXContainerItemProxy;
			containerPortal = CBDA40FB1CD5BFD100103F2A /* Project object */;
			proxyType = 1;
			remoteGlobalIDString = CBDA41021CD5BFD200103F2A;
			remoteInfo = BluffMastr;
		};
		CBDA41261CD5BFD200103F2A /* PBXContainerItemProxy */ = {
			isa = PBXContainerItemProxy;
			containerPortal = CBDA40FB1CD5BFD100103F2A /* Project object */;
			proxyType = 1;
			remoteGlobalIDString = CBDA41021CD5BFD200103F2A;
			remoteInfo = BluffMastr;
		};
/* End PBXContainerItemProxy section */

/* Begin PBXFileReference section */
		04EF7594D60A5B435C36F968 /* Pods-BluffMastrUITests.release.xcconfig */ = {isa = PBXFileReference; includeInIndex = 1; lastKnownFileType = text.xcconfig; name = "Pods-BluffMastrUITests.release.xcconfig"; path = "Pods/Target Support Files/Pods-BluffMastrUITests/Pods-BluffMastrUITests.release.xcconfig"; sourceTree = "<group>"; };
		1CF07AEC96F211F5E4849D68 /* Pods-BluffMastr.release.xcconfig */ = {isa = PBXFileReference; includeInIndex = 1; lastKnownFileType = text.xcconfig; name = "Pods-BluffMastr.release.xcconfig"; path = "Pods/Target Support Files/Pods-BluffMastr/Pods-BluffMastr.release.xcconfig"; sourceTree = "<group>"; };
		3E0ECDD1838735219971FFB7 /* Pods_BluffMastrTests.framework */ = {isa = PBXFileReference; explicitFileType = wrapper.framework; includeInIndex = 0; path = Pods_BluffMastrTests.framework; sourceTree = BUILT_PRODUCTS_DIR; };
		53D15AA9529212A2C2FA58EF /* Pods-BluffMastrUITests.debug.xcconfig */ = {isa = PBXFileReference; includeInIndex = 1; lastKnownFileType = text.xcconfig; name = "Pods-BluffMastrUITests.debug.xcconfig"; path = "Pods/Target Support Files/Pods-BluffMastrUITests/Pods-BluffMastrUITests.debug.xcconfig"; sourceTree = "<group>"; };
		6249CE919A35F5CFFE14EDBE /* Pods-BluffMastr.distribution.xcconfig */ = {isa = PBXFileReference; includeInIndex = 1; lastKnownFileType = text.xcconfig; name = "Pods-BluffMastr.distribution.xcconfig"; path = "Pods/Target Support Files/Pods-BluffMastr/Pods-BluffMastr.distribution.xcconfig"; sourceTree = "<group>"; };
		7307C08C58AE5B881290CEA8 /* Pods-BluffMastr.debug.xcconfig */ = {isa = PBXFileReference; includeInIndex = 1; lastKnownFileType = text.xcconfig; name = "Pods-BluffMastr.debug.xcconfig"; path = "Pods/Target Support Files/Pods-BluffMastr/Pods-BluffMastr.debug.xcconfig"; sourceTree = "<group>"; };
		8BCDFA3FC06CDC97696C2F1D /* Pods-BluffMastrTests.release.xcconfig */ = {isa = PBXFileReference; includeInIndex = 1; lastKnownFileType = text.xcconfig; name = "Pods-BluffMastrTests.release.xcconfig"; path = "Pods/Target Support Files/Pods-BluffMastrTests/Pods-BluffMastrTests.release.xcconfig"; sourceTree = "<group>"; };
		8FDC87538C5459B1BB3CCBC0 /* Pods-BluffMastrUITests.distribution.xcconfig */ = {isa = PBXFileReference; includeInIndex = 1; lastKnownFileType = text.xcconfig; name = "Pods-BluffMastrUITests.distribution.xcconfig"; path = "Pods/Target Support Files/Pods-BluffMastrUITests/Pods-BluffMastrUITests.distribution.xcconfig"; sourceTree = "<group>"; };
		9446F8D81CF5F01E00F41FC0 /* Votes.swift */ = {isa = PBXFileReference; fileEncoding = 4; lastKnownFileType = sourcecode.swift; path = Votes.swift; sourceTree = "<group>"; };
		9447DE791D525DA700B373A9 /* extensions.swift */ = {isa = PBXFileReference; fileEncoding = 4; lastKnownFileType = sourcecode.swift; path = extensions.swift; sourceTree = "<group>"; };
		949875B81D025FE000BA190E /* GoogleService-Info.plist */ = {isa = PBXFileReference; fileEncoding = 4; lastKnownFileType = text.plist.xml; path = "GoogleService-Info.plist"; sourceTree = "<group>"; };
		94FED3F11D4C2CFC00DFE2BA /* ConclusionVC.swift */ = {isa = PBXFileReference; fileEncoding = 4; lastKnownFileType = sourcecode.swift; path = ConclusionVC.swift; sourceTree = "<group>"; };
		B764794A8CA05A9C4D5FC124 /* Pods_BluffMastrUITests.framework */ = {isa = PBXFileReference; explicitFileType = wrapper.framework; includeInIndex = 0; path = Pods_BluffMastrUITests.framework; sourceTree = BUILT_PRODUCTS_DIR; };
		CB03724F1D371CCB00E3550D /* WelcomeVC.swift */ = {isa = PBXFileReference; fileEncoding = 4; lastKnownFileType = sourcecode.swift; path = WelcomeVC.swift; sourceTree = "<group>"; };
		CB4A33641D614B4F00354FF8 /* PopUpBubble.swift */ = {isa = PBXFileReference; fileEncoding = 4; lastKnownFileType = sourcecode.swift; path = PopUpBubble.swift; sourceTree = "<group>"; };
		CB4A33661D641B4E00354FF8 /* player_votedout.mp3 */ = {isa = PBXFileReference; lastKnownFileType = audio.mp3; path = player_votedout.mp3; sourceTree = "<group>"; };
		CB5BADDD1D8DB80500E741C2 /* game_win_music.wav */ = {isa = PBXFileReference; lastKnownFileType = audio.wav; name = game_win_music.wav; path = ../../game_win_music.wav; sourceTree = "<group>"; };
		CB5BADDF1D8DBC5500E741C2 /* game_lost_music.wav */ = {isa = PBXFileReference; lastKnownFileType = audio.wav; name = game_lost_music.wav; path = ../../game_lost_music.wav; sourceTree = "<group>"; };
		CB6A7AEF1D5FE09E00EE4D1C /* PopUpTutorialVC.swift */ = {isa = PBXFileReference; fileEncoding = 4; lastKnownFileType = sourcecode.swift; path = PopUpTutorialVC.swift; sourceTree = "<group>"; };
		CB7867181D1653B200E0CDB0 /* BluffMastr-Bridging-Header.h */ = {isa = PBXFileReference; lastKnownFileType = sourcecode.c.h; path = "BluffMastr-Bridging-Header.h"; sourceTree = "<group>"; };
		CB78671E1D18B2FD00E0CDB0 /* ServicesUtil.swift */ = {isa = PBXFileReference; fileEncoding = 4; lastKnownFileType = sourcecode.swift; path = ServicesUtil.swift; sourceTree = "<group>"; };
		CB7B0BEB1D3868B400F44727 /* VerdictVC.swift */ = {isa = PBXFileReference; fileEncoding = 4; lastKnownFileType = sourcecode.swift; path = VerdictVC.swift; sourceTree = "<group>"; };
		CB7CEFC51CD6DCDA00356DFB /* FirebaseDataServices.swift */ = {isa = PBXFileReference; fileEncoding = 4; lastKnownFileType = sourcecode.swift; path = FirebaseDataServices.swift; sourceTree = "<group>"; };
		CB7CEFC71CD6F1E000356DFB /* MaterialView.swift */ = {isa = PBXFileReference; fileEncoding = 4; lastKnownFileType = sourcecode.swift; path = MaterialView.swift; sourceTree = "<group>"; };
		CB7CEFC91CD6F21300356DFB /* Constants.swift */ = {isa = PBXFileReference; fileEncoding = 4; lastKnownFileType = sourcecode.swift; path = Constants.swift; sourceTree = "<group>"; };
		CB7CEFCD1CD6FE3F00356DFB /* MaterialButton.swift */ = {isa = PBXFileReference; fileEncoding = 4; lastKnownFileType = sourcecode.swift; path = MaterialButton.swift; sourceTree = "<group>"; };
		CB7CEFCF1CD700B200356DFB /* MaterialTextField.swift */ = {isa = PBXFileReference; fileEncoding = 4; lastKnownFileType = sourcecode.swift; path = MaterialTextField.swift; sourceTree = "<group>"; };
		CB7CEFD11CD7055000356DFB /* StagingVC.swift */ = {isa = PBXFileReference; fileEncoding = 4; lastKnownFileType = sourcecode.swift; path = StagingVC.swift; sourceTree = "<group>"; };
		CB848F0F1D497C240033162A /* ModeAOnBoardingPageVC.swift */ = {isa = PBXFileReference; fileEncoding = 4; lastKnownFileType = sourcecode.swift; path = ModeAOnBoardingPageVC.swift; sourceTree = "<group>"; };
		CB89CFAE1CDD7421000D3A7B /* Games.swift */ = {isa = PBXFileReference; fileEncoding = 4; lastKnownFileType = sourcecode.swift; path = Games.swift; sourceTree = "<group>"; };
		CB89CFB01CDD7434000D3A7B /* GameMembers.swift */ = {isa = PBXFileReference; fileEncoding = 4; lastKnownFileType = sourcecode.swift; path = GameMembers.swift; sourceTree = "<group>"; };
		CB89CFB21CDD7451000D3A7B /* Users.swift */ = {isa = PBXFileReference; fileEncoding = 4; lastKnownFileType = sourcecode.swift; path = Users.swift; sourceTree = "<group>"; };
		CB89CFB41CDF9FFB000D3A7B /* QuestionVC.swift */ = {isa = PBXFileReference; fileEncoding = 4; lastKnownFileType = sourcecode.swift; path = QuestionVC.swift; sourceTree = "<group>"; };
		CB89CFB61CE2C173000D3A7B /* Questions.swift */ = {isa = PBXFileReference; fileEncoding = 4; lastKnownFileType = sourcecode.swift; path = Questions.swift; sourceTree = "<group>"; };
		CB8C3A0C1CD9911D0082215D /* CustomTableViewCell.swift */ = {isa = PBXFileReference; fileEncoding = 4; lastKnownFileType = sourcecode.swift; path = CustomTableViewCell.swift; sourceTree = "<group>"; };
		CB98B7471D516E6F00FF7076 /* GraveyardVC.swift */ = {isa = PBXFileReference; fileEncoding = 4; lastKnownFileType = sourcecode.swift; path = GraveyardVC.swift; sourceTree = "<group>"; };
		CBAD61FC1D3DE32B004D9D1A /* penalty.wav */ = {isa = PBXFileReference; lastKnownFileType = audio.wav; path = penalty.wav; sourceTree = "<group>"; };
		CBAD61FE1D3DE4A8004D9D1A /* bonus.wav */ = {isa = PBXFileReference; lastKnownFileType = audio.wav; path = bonus.wav; sourceTree = "<group>"; };
		CBB70EC41D5450E6002342DC /* female_scream.mp3 */ = {isa = PBXFileReference; lastKnownFileType = audio.mp3; path = female_scream.mp3; sourceTree = "<group>"; };
		CBB98B1D1D0A66AD00089FE8 /* AudioUtil.swift */ = {isa = PBXFileReference; fileEncoding = 4; lastKnownFileType = sourcecode.swift; path = AudioUtil.swift; sourceTree = "<group>"; };
		CBB98B201D0A6C0B00089FE8 /* game_over.wav */ = {isa = PBXFileReference; lastKnownFileType = audio.wav; path = game_over.wav; sourceTree = "<group>"; };
		CBB98B221D0A6C1500089FE8 /* wrong_vote_out.wav */ = {isa = PBXFileReference; lastKnownFileType = audio.wav; path = wrong_vote_out.wav; sourceTree = "<group>"; };
		CBB98B241D0A6C1E00089FE8 /* bluffmastr_voted_out.wav */ = {isa = PBXFileReference; lastKnownFileType = audio.wav; path = bluffmastr_voted_out.wav; sourceTree = "<group>"; };
		CBC6FDDF1CE6BAE9006CB1C0 /* AnswersVC.swift */ = {isa = PBXFileReference; fileEncoding = 4; lastKnownFileType = sourcecode.swift; path = AnswersVC.swift; sourceTree = "<group>"; };
		CBC6FDE11CE6D032006CB1C0 /* GameplayUtils.swift */ = {isa = PBXFileReference; fileEncoding = 4; lastKnownFileType = sourcecode.swift; path = GameplayUtils.swift; sourceTree = "<group>"; };
		CBC6FDE31CE96844006CB1C0 /* ScoreVC.swift */ = {isa = PBXFileReference; fileEncoding = 4; lastKnownFileType = sourcecode.swift; path = ScoreVC.swift; sourceTree = "<group>"; };
		CBCFD3201CEAA3EF00C4AD7B /* Scores.swift */ = {isa = PBXFileReference; fileEncoding = 4; lastKnownFileType = sourcecode.swift; path = Scores.swift; sourceTree = "<group>"; };
		CBCFD3221CEABCC700C4AD7B /* ViewUtil.swift */ = {isa = PBXFileReference; fileEncoding = 4; lastKnownFileType = sourcecode.swift; path = ViewUtil.swift; sourceTree = "<group>"; };
		CBCFD3261CEBE79D00C4AD7B /* ThisRoundCell.swift */ = {isa = PBXFileReference; fileEncoding = 4; lastKnownFileType = sourcecode.swift; path = ThisRoundCell.swift; sourceTree = "<group>"; };
		CBCFD3281CEBE82F00C4AD7B /* LeaderboardVC.swift */ = {isa = PBXFileReference; fileEncoding = 4; lastKnownFileType = sourcecode.swift; path = LeaderboardVC.swift; sourceTree = "<group>"; };
		CBD4B6921D24952300E7A674 /* HelpForQuestionVC.swift */ = {isa = PBXFileReference; fileEncoding = 4; lastKnownFileType = sourcecode.swift; path = HelpForQuestionVC.swift; sourceTree = "<group>"; };
		CBD4B6951D24DB0700E7A674 /* AlertVC.swift */ = {isa = PBXFileReference; fileEncoding = 4; lastKnownFileType = sourcecode.swift; path = AlertVC.swift; sourceTree = "<group>"; };
		CBD5ED501D52FA7400B2257E /* spooky_breath.wav */ = {isa = PBXFileReference; lastKnownFileType = audio.wav; path = spooky_breath.wav; sourceTree = "<group>"; };
		CBD8801F1CF55B17005C2C10 /* VoteResultVC.swift */ = {isa = PBXFileReference; fileEncoding = 4; lastKnownFileType = sourcecode.swift; path = VoteResultVC.swift; sourceTree = "<group>"; };
		CBDA41031CD5BFD200103F2A /* BluffMastr.app */ = {isa = PBXFileReference; explicitFileType = wrapper.application; includeInIndex = 0; path = BluffMastr.app; sourceTree = BUILT_PRODUCTS_DIR; };
		CBDA41061CD5BFD200103F2A /* AppDelegate.swift */ = {isa = PBXFileReference; lastKnownFileType = sourcecode.swift; path = AppDelegate.swift; sourceTree = "<group>"; };
		CBDA41081CD5BFD200103F2A /* LandingVC.swift */ = {isa = PBXFileReference; lastKnownFileType = sourcecode.swift; path = LandingVC.swift; sourceTree = "<group>"; };
		CBDA410B1CD5BFD200103F2A /* Base */ = {isa = PBXFileReference; lastKnownFileType = file.storyboard; name = Base; path = Base.lproj/Main.storyboard; sourceTree = "<group>"; };
		CBDA410E1CD5BFD200103F2A /* BluffMastr.xcdatamodel */ = {isa = PBXFileReference; lastKnownFileType = wrapper.xcdatamodel; path = BluffMastr.xcdatamodel; sourceTree = "<group>"; };
		CBDA41101CD5BFD200103F2A /* Assets.xcassets */ = {isa = PBXFileReference; lastKnownFileType = folder.assetcatalog; path = Assets.xcassets; sourceTree = "<group>"; };
		CBDA41131CD5BFD200103F2A /* Base */ = {isa = PBXFileReference; lastKnownFileType = file.storyboard; name = Base; path = Base.lproj/LaunchScreen.storyboard; sourceTree = "<group>"; };
		CBDA41151CD5BFD200103F2A /* Info.plist */ = {isa = PBXFileReference; lastKnownFileType = text.plist.xml; path = Info.plist; sourceTree = "<group>"; };
		CBDA411A1CD5BFD200103F2A /* BluffMastrTests.xctest */ = {isa = PBXFileReference; explicitFileType = wrapper.cfbundle; includeInIndex = 0; path = BluffMastrTests.xctest; sourceTree = BUILT_PRODUCTS_DIR; };
		CBDA411E1CD5BFD200103F2A /* BluffMastrTests.swift */ = {isa = PBXFileReference; lastKnownFileType = sourcecode.swift; path = BluffMastrTests.swift; sourceTree = "<group>"; };
		CBDA41201CD5BFD200103F2A /* Info.plist */ = {isa = PBXFileReference; lastKnownFileType = text.plist.xml; path = Info.plist; sourceTree = "<group>"; };
		CBDA41251CD5BFD200103F2A /* BluffMastrUITests.xctest */ = {isa = PBXFileReference; explicitFileType = wrapper.cfbundle; includeInIndex = 0; path = BluffMastrUITests.xctest; sourceTree = BUILT_PRODUCTS_DIR; };
		CBDA41291CD5BFD200103F2A /* BluffMastrUITests.swift */ = {isa = PBXFileReference; lastKnownFileType = sourcecode.swift; path = BluffMastrUITests.swift; sourceTree = "<group>"; };
		CBDA412B1CD5BFD200103F2A /* Info.plist */ = {isa = PBXFileReference; lastKnownFileType = text.plist.xml; path = Info.plist; sourceTree = "<group>"; };
		CBF846031D1B606100F457E7 /* AnimationEngine.swift */ = {isa = PBXFileReference; fileEncoding = 4; lastKnownFileType = sourcecode.swift; path = AnimationEngine.swift; sourceTree = "<group>"; };
		CBF846051D1B947200F457E7 /* score_swoosh.wav */ = {isa = PBXFileReference; lastKnownFileType = audio.wav; path = score_swoosh.wav; sourceTree = "<group>"; };
		D5D5BBACDC82CC7E4F03FC32 /* Pods-BluffMastrTests.distribution.xcconfig */ = {isa = PBXFileReference; includeInIndex = 1; lastKnownFileType = text.xcconfig; name = "Pods-BluffMastrTests.distribution.xcconfig"; path = "Pods/Target Support Files/Pods-BluffMastrTests/Pods-BluffMastrTests.distribution.xcconfig"; sourceTree = "<group>"; };
		FC72A0DA427F9D6D0D12188D /* Pods-BluffMastrTests.debug.xcconfig */ = {isa = PBXFileReference; includeInIndex = 1; lastKnownFileType = text.xcconfig; name = "Pods-BluffMastrTests.debug.xcconfig"; path = "Pods/Target Support Files/Pods-BluffMastrTests/Pods-BluffMastrTests.debug.xcconfig"; sourceTree = "<group>"; };
		FCCB0A6BA7AA5C8D75830A1A /* Pods_BluffMastr.framework */ = {isa = PBXFileReference; explicitFileType = wrapper.framework; includeInIndex = 0; path = Pods_BluffMastr.framework; sourceTree = BUILT_PRODUCTS_DIR; };
/* End PBXFileReference section */

/* Begin PBXFrameworksBuildPhase section */
		CBDA41001CD5BFD200103F2A /* Frameworks */ = {
			isa = PBXFrameworksBuildPhase;
			buildActionMask = 2147483647;
			files = (
				0552D577E0C749F440AB4F96 /* Pods_BluffMastr.framework in Frameworks */,
			);
			runOnlyForDeploymentPostprocessing = 0;
		};
		CBDA41171CD5BFD200103F2A /* Frameworks */ = {
			isa = PBXFrameworksBuildPhase;
			buildActionMask = 2147483647;
			files = (
				FC82D2DC8171A00006ABE6AC /* Pods_BluffMastrTests.framework in Frameworks */,
			);
			runOnlyForDeploymentPostprocessing = 0;
		};
		CBDA41221CD5BFD200103F2A /* Frameworks */ = {
			isa = PBXFrameworksBuildPhase;
			buildActionMask = 2147483647;
			files = (
				6BF5D5D0A5456927366CDCFD /* Pods_BluffMastrUITests.framework in Frameworks */,
			);
			runOnlyForDeploymentPostprocessing = 0;
		};
/* End PBXFrameworksBuildPhase section */

/* Begin PBXGroup section */
		8E5695260E2CC72675AEDDB5 /* Frameworks */ = {
			isa = PBXGroup;
			children = (
				FCCB0A6BA7AA5C8D75830A1A /* Pods_BluffMastr.framework */,
				3E0ECDD1838735219971FFB7 /* Pods_BluffMastrTests.framework */,
				B764794A8CA05A9C4D5FC124 /* Pods_BluffMastrUITests.framework */,
			);
			name = Frameworks;
			sourceTree = "<group>";
		};
		A4287A80893910E0E09AEFE0 /* Pods */ = {
			isa = PBXGroup;
			children = (
				7307C08C58AE5B881290CEA8 /* Pods-BluffMastr.debug.xcconfig */,
				1CF07AEC96F211F5E4849D68 /* Pods-BluffMastr.release.xcconfig */,
				6249CE919A35F5CFFE14EDBE /* Pods-BluffMastr.distribution.xcconfig */,
				FC72A0DA427F9D6D0D12188D /* Pods-BluffMastrTests.debug.xcconfig */,
				8BCDFA3FC06CDC97696C2F1D /* Pods-BluffMastrTests.release.xcconfig */,
				D5D5BBACDC82CC7E4F03FC32 /* Pods-BluffMastrTests.distribution.xcconfig */,
				53D15AA9529212A2C2FA58EF /* Pods-BluffMastrUITests.debug.xcconfig */,
				04EF7594D60A5B435C36F968 /* Pods-BluffMastrUITests.release.xcconfig */,
				8FDC87538C5459B1BB3CCBC0 /* Pods-BluffMastrUITests.distribution.xcconfig */,
			);
			name = Pods;
			sourceTree = "<group>";
		};
		CB7CEFC01CD6DB8F00356DFB /* Model */ = {
			isa = PBXGroup;
			children = (
				CB4A33641D614B4F00354FF8 /* PopUpBubble.swift */,
			);
			name = Model;
			sourceTree = "<group>";
		};
		CB7CEFC11CD6DBA200356DFB /* View */ = {
			isa = PBXGroup;
			children = (
				CBDA410A1CD5BFD200103F2A /* Main.storyboard */,
				CB8C3A0C1CD9911D0082215D /* CustomTableViewCell.swift */,
				CB7CEFC71CD6F1E000356DFB /* MaterialView.swift */,
				CB7CEFCD1CD6FE3F00356DFB /* MaterialButton.swift */,
				CB7CEFCF1CD700B200356DFB /* MaterialTextField.swift */,
				CBCFD3261CEBE79D00C4AD7B /* ThisRoundCell.swift */,
				CBF846031D1B606100F457E7 /* AnimationEngine.swift */,
			);
			name = View;
			sourceTree = "<group>";
		};
		CB7CEFC21CD6DBA800356DFB /* Controller */ = {
			isa = PBXGroup;
			children = (
				CB98B7461D516D6500FF7076 /* ModalVCs */,
				CBD4B6941D24AA6C00E7A674 /* HelpVCs */,
				CBDA41081CD5BFD200103F2A /* LandingVC.swift */,
				CB7CEFD11CD7055000356DFB /* StagingVC.swift */,
				CB89CFB41CDF9FFB000D3A7B /* QuestionVC.swift */,
				CBC6FDDF1CE6BAE9006CB1C0 /* AnswersVC.swift */,
				CBC6FDE31CE96844006CB1C0 /* ScoreVC.swift */,
				CBCFD3281CEBE82F00C4AD7B /* LeaderboardVC.swift */,
				CBD8801F1CF55B17005C2C10 /* VoteResultVC.swift */,
				CB7B0BEB1D3868B400F44727 /* VerdictVC.swift */,
				CB98B7471D516E6F00FF7076 /* GraveyardVC.swift */,
			);
			name = Controller;
			sourceTree = "<group>";
		};
		CB7CEFC31CD6DBDE00356DFB /* Util */ = {
			isa = PBXGroup;
			children = (
				CB7CEFC91CD6F21300356DFB /* Constants.swift */,
				CBC6FDE11CE6D032006CB1C0 /* GameplayUtils.swift */,
				CBCFD3221CEABCC700C4AD7B /* ViewUtil.swift */,
				CBB98B1D1D0A66AD00089FE8 /* AudioUtil.swift */,
				CB78671E1D18B2FD00E0CDB0 /* ServicesUtil.swift */,
				9447DE791D525DA700B373A9 /* extensions.swift */,
			);
			name = Util;
			sourceTree = "<group>";
		};
		CB7CEFC41CD6DBF100356DFB /* Services */ = {
			isa = PBXGroup;
			children = (
				9446F8D81CF5F01E00F41FC0 /* Votes.swift */,
				CB7CEFC51CD6DCDA00356DFB /* FirebaseDataServices.swift */,
				CB89CFAE1CDD7421000D3A7B /* Games.swift */,
				CB89CFB01CDD7434000D3A7B /* GameMembers.swift */,
				CB89CFB21CDD7451000D3A7B /* Users.swift */,
				CB89CFB61CE2C173000D3A7B /* Questions.swift */,
				CBCFD3201CEAA3EF00C4AD7B /* Scores.swift */,
			);
			name = Services;
			sourceTree = "<group>";
		};
		CB98B7461D516D6500FF7076 /* ModalVCs */ = {
			isa = PBXGroup;
			children = (
				CBD4B6951D24DB0700E7A674 /* AlertVC.swift */,
				CB03724F1D371CCB00E3550D /* WelcomeVC.swift */,
				CB6A7AEF1D5FE09E00EE4D1C /* PopUpTutorialVC.swift */,
			);
			name = ModalVCs;
			sourceTree = "<group>";
		};
		CBB98B1F1D0A6BF700089FE8 /* Resources */ = {
			isa = PBXGroup;
			children = (
				CBB98B201D0A6C0B00089FE8 /* game_over.wav */,
				CBF846051D1B947200F457E7 /* score_swoosh.wav */,
				CBAD61FE1D3DE4A8004D9D1A /* bonus.wav */,
				CBD5ED501D52FA7400B2257E /* spooky_breath.wav */,
				CB5BADDD1D8DB80500E741C2 /* game_win_music.wav */,
				CB5BADDF1D8DBC5500E741C2 /* game_lost_music.wav */,
				CBB70EC41D5450E6002342DC /* female_scream.mp3 */,
				CB4A33661D641B4E00354FF8 /* player_votedout.mp3 */,
				CBAD61FC1D3DE32B004D9D1A /* penalty.wav */,
				CBB98B241D0A6C1E00089FE8 /* bluffmastr_voted_out.wav */,
				CBB98B221D0A6C1500089FE8 /* wrong_vote_out.wav */,
			);
			name = Resources;
			sourceTree = "<group>";
		};
		CBD4B6941D24AA6C00E7A674 /* HelpVCs */ = {
			isa = PBXGroup;
			children = (
				CB848F0F1D497C240033162A /* ModeAOnBoardingPageVC.swift */,
				CBD4B6921D24952300E7A674 /* HelpForQuestionVC.swift */,
				94FED3F11D4C2CFC00DFE2BA /* ConclusionVC.swift */,
			);
			name = HelpVCs;
			sourceTree = "<group>";
		};
		CBDA40FA1CD5BFD100103F2A = {
			isa = PBXGroup;
			children = (
				CBDA41051CD5BFD200103F2A /* BluffMastr */,
				CBDA411D1CD5BFD200103F2A /* BluffMastrTests */,
				CBDA41281CD5BFD200103F2A /* BluffMastrUITests */,
				CBDA41041CD5BFD200103F2A /* Products */,
				A4287A80893910E0E09AEFE0 /* Pods */,
				8E5695260E2CC72675AEDDB5 /* Frameworks */,
			);
			sourceTree = "<group>";
		};
		CBDA41041CD5BFD200103F2A /* Products */ = {
			isa = PBXGroup;
			children = (
				CBDA41031CD5BFD200103F2A /* BluffMastr.app */,
				CBDA411A1CD5BFD200103F2A /* BluffMastrTests.xctest */,
				CBDA41251CD5BFD200103F2A /* BluffMastrUITests.xctest */,
			);
			name = Products;
			sourceTree = "<group>";
		};
		CBDA41051CD5BFD200103F2A /* BluffMastr */ = {
			isa = PBXGroup;
			children = (
				CBB98B1F1D0A6BF700089FE8 /* Resources */,
				CB7CEFC41CD6DBF100356DFB /* Services */,
				CB7CEFC31CD6DBDE00356DFB /* Util */,
				CB7CEFC01CD6DB8F00356DFB /* Model */,
				CB7CEFC21CD6DBA800356DFB /* Controller */,
				CB7CEFC11CD6DBA200356DFB /* View */,
				CBDA41061CD5BFD200103F2A /* AppDelegate.swift */,
				CBDA41101CD5BFD200103F2A /* Assets.xcassets */,
				CBDA41121CD5BFD200103F2A /* LaunchScreen.storyboard */,
				CBDA41151CD5BFD200103F2A /* Info.plist */,
				CBDA410D1CD5BFD200103F2A /* BluffMastr.xcdatamodeld */,
				949875B81D025FE000BA190E /* GoogleService-Info.plist */,
				CB7867181D1653B200E0CDB0 /* BluffMastr-Bridging-Header.h */,
			);
			path = BluffMastr;
			sourceTree = "<group>";
		};
		CBDA411D1CD5BFD200103F2A /* BluffMastrTests */ = {
			isa = PBXGroup;
			children = (
				CBDA411E1CD5BFD200103F2A /* BluffMastrTests.swift */,
				CBDA41201CD5BFD200103F2A /* Info.plist */,
			);
			path = BluffMastrTests;
			sourceTree = "<group>";
		};
		CBDA41281CD5BFD200103F2A /* BluffMastrUITests */ = {
			isa = PBXGroup;
			children = (
				CBDA41291CD5BFD200103F2A /* BluffMastrUITests.swift */,
				CBDA412B1CD5BFD200103F2A /* Info.plist */,
			);
			path = BluffMastrUITests;
			sourceTree = "<group>";
		};
/* End PBXGroup section */

/* Begin PBXNativeTarget section */
		CBDA41021CD5BFD200103F2A /* BluffMastr */ = {
			isa = PBXNativeTarget;
			buildConfigurationList = CBDA412E1CD5BFD200103F2A /* Build configuration list for PBXNativeTarget "BluffMastr" */;
			buildPhases = (
				233160CF1F90E6FD27705B16 /* 📦 Check Pods Manifest.lock */,
				CBDA40FF1CD5BFD200103F2A /* Sources */,
				CBDA41001CD5BFD200103F2A /* Frameworks */,
				CBDA41011CD5BFD200103F2A /* Resources */,
				53D03EEF64AB21AEB63B656E /* 📦 Embed Pods Frameworks */,
				C7FBBD8C25CD7539EE24755E /* 📦 Copy Pods Resources */,
				AB7B5E192B833762699A0FF1 /* Embed Pods Frameworks */,
			);
			buildRules = (
			);
			dependencies = (
			);
			name = BluffMastr;
			productName = BluffMastr;
			productReference = CBDA41031CD5BFD200103F2A /* BluffMastr.app */;
			productType = "com.apple.product-type.application";
		};
		CBDA41191CD5BFD200103F2A /* BluffMastrTests */ = {
			isa = PBXNativeTarget;
			buildConfigurationList = CBDA41311CD5BFD200103F2A /* Build configuration list for PBXNativeTarget "BluffMastrTests" */;
			buildPhases = (
				05C4E80A525E6D3EE6EECC2B /* 📦 Check Pods Manifest.lock */,
				CBDA41161CD5BFD200103F2A /* Sources */,
				CBDA41171CD5BFD200103F2A /* Frameworks */,
				CBDA41181CD5BFD200103F2A /* Resources */,
				45C9F5A856F03A42002DB4C2 /* 📦 Embed Pods Frameworks */,
				CF09C2847423507354194825 /* 📦 Copy Pods Resources */,
			);
			buildRules = (
			);
			dependencies = (
				CBDA411C1CD5BFD200103F2A /* PBXTargetDependency */,
			);
			name = BluffMastrTests;
			productName = BluffMastrTests;
			productReference = CBDA411A1CD5BFD200103F2A /* BluffMastrTests.xctest */;
			productType = "com.apple.product-type.bundle.unit-test";
		};
		CBDA41241CD5BFD200103F2A /* BluffMastrUITests */ = {
			isa = PBXNativeTarget;
			buildConfigurationList = CBDA41341CD5BFD200103F2A /* Build configuration list for PBXNativeTarget "BluffMastrUITests" */;
			buildPhases = (
				AC7564A3397E07CE32876B43 /* 📦 Check Pods Manifest.lock */,
				CBDA41211CD5BFD200103F2A /* Sources */,
				CBDA41221CD5BFD200103F2A /* Frameworks */,
				CBDA41231CD5BFD200103F2A /* Resources */,
				98022D7C42634161E09E5DB0 /* 📦 Copy Pods Resources */,
			);
			buildRules = (
			);
			dependencies = (
				CBDA41271CD5BFD200103F2A /* PBXTargetDependency */,
			);
			name = BluffMastrUITests;
			productName = BluffMastrUITests;
			productReference = CBDA41251CD5BFD200103F2A /* BluffMastrUITests.xctest */;
			productType = "com.apple.product-type.bundle.ui-testing";
		};
/* End PBXNativeTarget section */

/* Begin PBXProject section */
		CBDA40FB1CD5BFD100103F2A /* Project object */ = {
			isa = PBXProject;
			attributes = {
				LastSwiftUpdateCheck = 0730;
				LastUpgradeCheck = 0730;
				ORGANIZATIONNAME = "Srikant Viswanath";
				TargetAttributes = {
					CBDA41021CD5BFD200103F2A = {
						CreatedOnToolsVersion = 7.3;
						DevelopmentTeam = 8WUCP656VM;
					};
					CBDA41191CD5BFD200103F2A = {
						CreatedOnToolsVersion = 7.3;
						TestTargetID = CBDA41021CD5BFD200103F2A;
					};
					CBDA41241CD5BFD200103F2A = {
						CreatedOnToolsVersion = 7.3;
						TestTargetID = CBDA41021CD5BFD200103F2A;
					};
				};
			};
			buildConfigurationList = CBDA40FE1CD5BFD100103F2A /* Build configuration list for PBXProject "Bluffathon" */;
			compatibilityVersion = "Xcode 3.2";
			developmentRegion = English;
			hasScannedForEncodings = 0;
			knownRegions = (
				en,
				Base,
			);
			mainGroup = CBDA40FA1CD5BFD100103F2A;
			productRefGroup = CBDA41041CD5BFD200103F2A /* Products */;
			projectDirPath = "";
			projectRoot = "";
			targets = (
				CBDA41021CD5BFD200103F2A /* BluffMastr */,
				CBDA41191CD5BFD200103F2A /* BluffMastrTests */,
				CBDA41241CD5BFD200103F2A /* BluffMastrUITests */,
			);
		};
/* End PBXProject section */

/* Begin PBXResourcesBuildPhase section */
		CBDA41011CD5BFD200103F2A /* Resources */ = {
			isa = PBXResourcesBuildPhase;
			buildActionMask = 2147483647;
			files = (
				CB5BADE01D8DBC5500E741C2 /* game_lost_music.wav in Resources */,
				CBAD61FD1D3DE32B004D9D1A /* penalty.wav in Resources */,
				CBDA41141CD5BFD200103F2A /* LaunchScreen.storyboard in Resources */,
				CBB98B231D0A6C1500089FE8 /* wrong_vote_out.wav in Resources */,
				CB4A33671D641B4E00354FF8 /* player_votedout.mp3 in Resources */,
				CBF846061D1B947200F457E7 /* score_swoosh.wav in Resources */,
				CBAD61FF1D3DE4A8004D9D1A /* bonus.wav in Resources */,
				949875B91D025FE000BA190E /* GoogleService-Info.plist in Resources */,
				CBDA41111CD5BFD200103F2A /* Assets.xcassets in Resources */,
				CBB98B211D0A6C0B00089FE8 /* game_over.wav in Resources */,
				CB5BADDE1D8DB80600E741C2 /* game_win_music.wav in Resources */,
				CBDA410C1CD5BFD200103F2A /* Main.storyboard in Resources */,
				CBD5ED511D52FA7400B2257E /* spooky_breath.wav in Resources */,
				CBB98B251D0A6C1E00089FE8 /* bluffmastr_voted_out.wav in Resources */,
				CBB70EC51D5450E6002342DC /* female_scream.mp3 in Resources */,
			);
			runOnlyForDeploymentPostprocessing = 0;
		};
		CBDA41181CD5BFD200103F2A /* Resources */ = {
			isa = PBXResourcesBuildPhase;
			buildActionMask = 2147483647;
			files = (
				949875BA1D025FE000BA190E /* GoogleService-Info.plist in Resources */,
			);
			runOnlyForDeploymentPostprocessing = 0;
		};
		CBDA41231CD5BFD200103F2A /* Resources */ = {
			isa = PBXResourcesBuildPhase;
			buildActionMask = 2147483647;
			files = (
				949875BB1D025FE000BA190E /* GoogleService-Info.plist in Resources */,
			);
			runOnlyForDeploymentPostprocessing = 0;
		};
/* End PBXResourcesBuildPhase section */

/* Begin PBXShellScriptBuildPhase section */
		05C4E80A525E6D3EE6EECC2B /* 📦 Check Pods Manifest.lock */ = {
			isa = PBXShellScriptBuildPhase;
			buildActionMask = 2147483647;
			files = (
			);
			inputPaths = (
			);
			name = "📦 Check Pods Manifest.lock";
			outputPaths = (
			);
			runOnlyForDeploymentPostprocessing = 0;
			shellPath = /bin/sh;
			shellScript = "diff \"${PODS_ROOT}/../Podfile.lock\" \"${PODS_ROOT}/Manifest.lock\" > /dev/null\nif [[ $? != 0 ]] ; then\n    cat << EOM\nerror: The sandbox is not in sync with the Podfile.lock. Run 'pod install' or update your CocoaPods installation.\nEOM\n    exit 1\nfi\n";
			showEnvVarsInLog = 0;
		};
		233160CF1F90E6FD27705B16 /* 📦 Check Pods Manifest.lock */ = {
			isa = PBXShellScriptBuildPhase;
			buildActionMask = 2147483647;
			files = (
			);
			inputPaths = (
			);
			name = "📦 Check Pods Manifest.lock";
			outputPaths = (
			);
			runOnlyForDeploymentPostprocessing = 0;
			shellPath = /bin/sh;
			shellScript = "diff \"${PODS_ROOT}/../Podfile.lock\" \"${PODS_ROOT}/Manifest.lock\" > /dev/null\nif [[ $? != 0 ]] ; then\n    cat << EOM\nerror: The sandbox is not in sync with the Podfile.lock. Run 'pod install' or update your CocoaPods installation.\nEOM\n    exit 1\nfi\n";
			showEnvVarsInLog = 0;
		};
		45C9F5A856F03A42002DB4C2 /* 📦 Embed Pods Frameworks */ = {
			isa = PBXShellScriptBuildPhase;
			buildActionMask = 2147483647;
			files = (
			);
			inputPaths = (
			);
			name = "📦 Embed Pods Frameworks";
			outputPaths = (
			);
			runOnlyForDeploymentPostprocessing = 0;
			shellPath = /bin/sh;
			shellScript = "\"${SRCROOT}/Pods/Target Support Files/Pods-BluffMastrTests/Pods-BluffMastrTests-frameworks.sh\"\n";
			showEnvVarsInLog = 0;
		};
		53D03EEF64AB21AEB63B656E /* 📦 Embed Pods Frameworks */ = {
			isa = PBXShellScriptBuildPhase;
			buildActionMask = 2147483647;
			files = (
			);
			inputPaths = (
			);
			name = "📦 Embed Pods Frameworks";
			outputPaths = (
			);
			runOnlyForDeploymentPostprocessing = 0;
			shellPath = /bin/sh;
			shellScript = "\"${SRCROOT}/Pods/Target Support Files/Pods-BluffMastr/Pods-BluffMastr-frameworks.sh\"\n";
			showEnvVarsInLog = 0;
		};
		98022D7C42634161E09E5DB0 /* 📦 Copy Pods Resources */ = {
			isa = PBXShellScriptBuildPhase;
			buildActionMask = 2147483647;
			files = (
			);
			inputPaths = (
			);
			name = "📦 Copy Pods Resources";
			outputPaths = (
			);
			runOnlyForDeploymentPostprocessing = 0;
			shellPath = /bin/sh;
			shellScript = "\"${SRCROOT}/Pods/Target Support Files/Pods-BluffMastrUITests/Pods-BluffMastrUITests-resources.sh\"\n";
			showEnvVarsInLog = 0;
		};
		AB7B5E192B833762699A0FF1 /* Embed Pods Frameworks */ = {
			isa = PBXShellScriptBuildPhase;
			buildActionMask = 2147483647;
			files = (
			);
			inputPaths = (
			);
			name = "Embed Pods Frameworks";
			outputPaths = (
			);
			runOnlyForDeploymentPostprocessing = 0;
			shellPath = /bin/sh;
			shellScript = "\"${SRCROOT}/Pods/Target Support Files/Pods-BluffMastr/Pods-BluffMastr-frameworks.sh\"\n";
			showEnvVarsInLog = 0;
		};
		AC7564A3397E07CE32876B43 /* 📦 Check Pods Manifest.lock */ = {
			isa = PBXShellScriptBuildPhase;
			buildActionMask = 2147483647;
			files = (
			);
			inputPaths = (
			);
			name = "📦 Check Pods Manifest.lock";
			outputPaths = (
			);
			runOnlyForDeploymentPostprocessing = 0;
			shellPath = /bin/sh;
			shellScript = "diff \"${PODS_ROOT}/../Podfile.lock\" \"${PODS_ROOT}/Manifest.lock\" > /dev/null\nif [[ $? != 0 ]] ; then\n    cat << EOM\nerror: The sandbox is not in sync with the Podfile.lock. Run 'pod install' or update your CocoaPods installation.\nEOM\n    exit 1\nfi\n";
			showEnvVarsInLog = 0;
		};
		C7FBBD8C25CD7539EE24755E /* 📦 Copy Pods Resources */ = {
			isa = PBXShellScriptBuildPhase;
			buildActionMask = 2147483647;
			files = (
			);
			inputPaths = (
			);
			name = "📦 Copy Pods Resources";
			outputPaths = (
			);
			runOnlyForDeploymentPostprocessing = 0;
			shellPath = /bin/sh;
			shellScript = "\"${SRCROOT}/Pods/Target Support Files/Pods-BluffMastr/Pods-BluffMastr-resources.sh\"\n";
			showEnvVarsInLog = 0;
		};
		CF09C2847423507354194825 /* 📦 Copy Pods Resources */ = {
			isa = PBXShellScriptBuildPhase;
			buildActionMask = 2147483647;
			files = (
			);
			inputPaths = (
			);
			name = "📦 Copy Pods Resources";
			outputPaths = (
			);
			runOnlyForDeploymentPostprocessing = 0;
			shellPath = /bin/sh;
			shellScript = "\"${SRCROOT}/Pods/Target Support Files/Pods-BluffMastrTests/Pods-BluffMastrTests-resources.sh\"\n";
			showEnvVarsInLog = 0;
		};
/* End PBXShellScriptBuildPhase section */

/* Begin PBXSourcesBuildPhase section */
		CBDA40FF1CD5BFD200103F2A /* Sources */ = {
			isa = PBXSourcesBuildPhase;
			buildActionMask = 2147483647;
			files = (
				CB4A33651D614B4F00354FF8 /* PopUpBubble.swift in Sources */,
				CB7CEFCE1CD6FE3F00356DFB /* MaterialButton.swift in Sources */,
				CB7CEFC61CD6DCDA00356DFB /* FirebaseDataServices.swift in Sources */,
				CBCFD3271CEBE79D00C4AD7B /* ThisRoundCell.swift in Sources */,
				CBD880201CF55B17005C2C10 /* VoteResultVC.swift in Sources */,
				CBCFD3211CEAA3EF00C4AD7B /* Scores.swift in Sources */,
				CBD4B6961D24DB0700E7A674 /* AlertVC.swift in Sources */,
				CB7CEFD01CD700B200356DFB /* MaterialTextField.swift in Sources */,
				CBDA41091CD5BFD200103F2A /* LandingVC.swift in Sources */,
				CB89CFAF1CDD7421000D3A7B /* Games.swift in Sources */,
				CB6A7AF01D5FE09E00EE4D1C /* PopUpTutorialVC.swift in Sources */,
				CB89CFB71CE2C173000D3A7B /* Questions.swift in Sources */,
				9447DE7A1D525DA700B373A9 /* extensions.swift in Sources */,
				CB7CEFC81CD6F1E000356DFB /* MaterialView.swift in Sources */,
				CBD4B6931D24952300E7A674 /* HelpForQuestionVC.swift in Sources */,
				CBCFD3231CEABCC700C4AD7B /* ViewUtil.swift in Sources */,
				CBDA41071CD5BFD200103F2A /* AppDelegate.swift in Sources */,
				CB8C3A0D1CD9911D0082215D /* CustomTableViewCell.swift in Sources */,
				CBF846041D1B606100F457E7 /* AnimationEngine.swift in Sources */,
				CB98B7481D516E6F00FF7076 /* GraveyardVC.swift in Sources */,
				CBDA410F1CD5BFD200103F2A /* BluffMastr.xcdatamodeld in Sources */,
				CB89CFB31CDD7451000D3A7B /* Users.swift in Sources */,
				CBB98B1E1D0A66AD00089FE8 /* AudioUtil.swift in Sources */,
				9446F8D91CF5F01E00F41FC0 /* Votes.swift in Sources */,
				CB89CFB11CDD7434000D3A7B /* GameMembers.swift in Sources */,
				CB0372501D371CCB00E3550D /* WelcomeVC.swift in Sources */,
				CB848F101D497C240033162A /* ModeAOnBoardingPageVC.swift in Sources */,
				CB7B0BEC1D3868B400F44727 /* VerdictVC.swift in Sources */,
				CB78671F1D18B2FD00E0CDB0 /* ServicesUtil.swift in Sources */,
				CBC6FDE01CE6BAE9006CB1C0 /* AnswersVC.swift in Sources */,
				CB7CEFCA1CD6F21300356DFB /* Constants.swift in Sources */,
				CBC6FDE21CE6D032006CB1C0 /* GameplayUtils.swift in Sources */,
				CBC6FDE41CE96844006CB1C0 /* ScoreVC.swift in Sources */,
				CBCFD3291CEBE82F00C4AD7B /* LeaderboardVC.swift in Sources */,
				94FED3F21D4C2CFC00DFE2BA /* ConclusionVC.swift in Sources */,
				CB89CFB51CDF9FFC000D3A7B /* QuestionVC.swift in Sources */,
				CB7CEFD21CD7055000356DFB /* StagingVC.swift in Sources */,
			);
			runOnlyForDeploymentPostprocessing = 0;
		};
		CBDA41161CD5BFD200103F2A /* Sources */ = {
			isa = PBXSourcesBuildPhase;
			buildActionMask = 2147483647;
			files = (
				CBDA411F1CD5BFD200103F2A /* BluffMastrTests.swift in Sources */,
			);
			runOnlyForDeploymentPostprocessing = 0;
		};
		CBDA41211CD5BFD200103F2A /* Sources */ = {
			isa = PBXSourcesBuildPhase;
			buildActionMask = 2147483647;
			files = (
				CBDA412A1CD5BFD200103F2A /* BluffMastrUITests.swift in Sources */,
			);
			runOnlyForDeploymentPostprocessing = 0;
		};
/* End PBXSourcesBuildPhase section */

/* Begin PBXTargetDependency section */
		CBDA411C1CD5BFD200103F2A /* PBXTargetDependency */ = {
			isa = PBXTargetDependency;
			target = CBDA41021CD5BFD200103F2A /* BluffMastr */;
			targetProxy = CBDA411B1CD5BFD200103F2A /* PBXContainerItemProxy */;
		};
		CBDA41271CD5BFD200103F2A /* PBXTargetDependency */ = {
			isa = PBXTargetDependency;
			target = CBDA41021CD5BFD200103F2A /* BluffMastr */;
			targetProxy = CBDA41261CD5BFD200103F2A /* PBXContainerItemProxy */;
		};
/* End PBXTargetDependency section */

/* Begin PBXVariantGroup section */
		CBDA410A1CD5BFD200103F2A /* Main.storyboard */ = {
			isa = PBXVariantGroup;
			children = (
				CBDA410B1CD5BFD200103F2A /* Base */,
			);
			name = Main.storyboard;
			sourceTree = "<group>";
		};
		CBDA41121CD5BFD200103F2A /* LaunchScreen.storyboard */ = {
			isa = PBXVariantGroup;
			children = (
				CBDA41131CD5BFD200103F2A /* Base */,
			);
			name = LaunchScreen.storyboard;
			sourceTree = "<group>";
		};
/* End PBXVariantGroup section */

/* Begin XCBuildConfiguration section */
		CBD4B6971D29BFFA00E7A674 /* Distribution */ = {
			isa = XCBuildConfiguration;
			buildSettings = {
				ALWAYS_SEARCH_USER_PATHS = NO;
				CLANG_ANALYZER_NONNULL = YES;
				CLANG_CXX_LANGUAGE_STANDARD = "gnu++0x";
				CLANG_CXX_LIBRARY = "libc++";
				CLANG_ENABLE_MODULES = YES;
				CLANG_ENABLE_OBJC_ARC = YES;
				CLANG_WARN_BOOL_CONVERSION = YES;
				CLANG_WARN_CONSTANT_CONVERSION = YES;
				CLANG_WARN_DIRECT_OBJC_ISA_USAGE = YES_ERROR;
				CLANG_WARN_EMPTY_BODY = YES;
				CLANG_WARN_ENUM_CONVERSION = YES;
				CLANG_WARN_INT_CONVERSION = YES;
				CLANG_WARN_OBJC_ROOT_CLASS = YES_ERROR;
				CLANG_WARN_UNREACHABLE_CODE = YES;
				CLANG_WARN__DUPLICATE_METHOD_MATCH = YES;
				CODE_SIGN_IDENTITY = "iPhone Developer: srikantviswanath8@gmail.com (H42N4NNHN9)";
				"CODE_SIGN_IDENTITY[sdk=iphoneos*]" = "iPhone Developer: srikantviswanath8@gmail.com (H42N4NNHN9)";
				COPY_PHASE_STRIP = NO;
				DEBUG_INFORMATION_FORMAT = "dwarf-with-dsym";
				ENABLE_NS_ASSERTIONS = NO;
				ENABLE_STRICT_OBJC_MSGSEND = YES;
				GCC_C_LANGUAGE_STANDARD = gnu99;
				GCC_NO_COMMON_BLOCKS = YES;
				GCC_WARN_64_TO_32_BIT_CONVERSION = YES;
				GCC_WARN_ABOUT_RETURN_TYPE = YES_ERROR;
				GCC_WARN_UNDECLARED_SELECTOR = YES;
				GCC_WARN_UNINITIALIZED_AUTOS = YES_AGGRESSIVE;
				GCC_WARN_UNUSED_FUNCTION = YES;
				GCC_WARN_UNUSED_VARIABLE = YES;
				IPHONEOS_DEPLOYMENT_TARGET = 9.3;
				MTL_ENABLE_DEBUG_INFO = NO;
				PROVISIONING_PROFILE = "e85e3909-7b10-48cc-8005-6da16d5e3a97";
				SDKROOT = iphoneos;
				TARGETED_DEVICE_FAMILY = "1,2";
				VALIDATE_PRODUCT = YES;
			};
			name = Distribution;
		};
		CBD4B6981D29BFFA00E7A674 /* Distribution */ = {
			isa = XCBuildConfiguration;
			baseConfigurationReference = 6249CE919A35F5CFFE14EDBE /* Pods-BluffMastr.distribution.xcconfig */;
			buildSettings = {
				ALWAYS_SEARCH_USER_PATHS = NO;
				ASSETCATALOG_COMPILER_APPICON_NAME = AppIcon;
				CLANG_ENABLE_MODULES = YES;
				CODE_SIGN_IDENTITY = "iPhone Developer";
				"CODE_SIGN_IDENTITY[sdk=iphoneos*]" = "iPhone Developer";
				INFOPLIST_FILE = BluffMastr/Info.plist;
				LD_RUNPATH_SEARCH_PATHS = "$(inherited) @executable_path/Frameworks";
				PRODUCT_BUNDLE_IDENTIFIER = com.ghutles.Bluffathonn;
				PRODUCT_NAME = "$(TARGET_NAME)";
				PROVISIONING_PROFILE = "";
				SWIFT_OBJC_BRIDGING_HEADER = "BluffMastr/BluffMastr-Bridging-Header.h";
				USER_HEADER_SEARCH_PATHS = "";
			};
			name = Distribution;
		};
		CBD4B6991D29BFFA00E7A674 /* Distribution */ = {
			isa = XCBuildConfiguration;
			baseConfigurationReference = D5D5BBACDC82CC7E4F03FC32 /* Pods-BluffMastrTests.distribution.xcconfig */;
			buildSettings = {
				BUNDLE_LOADER = "$(TEST_HOST)";
				INFOPLIST_FILE = BluffMastrTests/Info.plist;
				LD_RUNPATH_SEARCH_PATHS = "$(inherited) @executable_path/Frameworks @loader_path/Frameworks";
				PRODUCT_BUNDLE_IDENTIFIER = "viswanath-srikant.BluffMastrTests";
				PRODUCT_NAME = "$(TARGET_NAME)";
				TEST_HOST = "$(BUILT_PRODUCTS_DIR)/BluffMastr.app/BluffMastr";
			};
			name = Distribution;
		};
		CBD4B69A1D29BFFA00E7A674 /* Distribution */ = {
			isa = XCBuildConfiguration;
			baseConfigurationReference = 8FDC87538C5459B1BB3CCBC0 /* Pods-BluffMastrUITests.distribution.xcconfig */;
			buildSettings = {
				INFOPLIST_FILE = BluffMastrUITests/Info.plist;
				LD_RUNPATH_SEARCH_PATHS = "$(inherited) @executable_path/Frameworks @loader_path/Frameworks";
				PRODUCT_BUNDLE_IDENTIFIER = "viswanath-srikant.BluffMastrUITests";
				PRODUCT_NAME = "$(TARGET_NAME)";
				TEST_TARGET_NAME = BluffMastr;
			};
			name = Distribution;
		};
		CBDA412C1CD5BFD200103F2A /* Debug */ = {
			isa = XCBuildConfiguration;
			buildSettings = {
				ALWAYS_SEARCH_USER_PATHS = NO;
				CLANG_ANALYZER_NONNULL = YES;
				CLANG_CXX_LANGUAGE_STANDARD = "gnu++0x";
				CLANG_CXX_LIBRARY = "libc++";
				CLANG_ENABLE_MODULES = YES;
				CLANG_ENABLE_OBJC_ARC = YES;
				CLANG_WARN_BOOL_CONVERSION = YES;
				CLANG_WARN_CONSTANT_CONVERSION = YES;
				CLANG_WARN_DIRECT_OBJC_ISA_USAGE = YES_ERROR;
				CLANG_WARN_EMPTY_BODY = YES;
				CLANG_WARN_ENUM_CONVERSION = YES;
				CLANG_WARN_INT_CONVERSION = YES;
				CLANG_WARN_OBJC_ROOT_CLASS = YES_ERROR;
				CLANG_WARN_UNREACHABLE_CODE = YES;
				CLANG_WARN__DUPLICATE_METHOD_MATCH = YES;
				CODE_SIGN_IDENTITY = "iPhone Developer: srikantviswanath8@gmail.com (H42N4NNHN9)";
				"CODE_SIGN_IDENTITY[sdk=iphoneos*]" = "iPhone Developer: srikantviswanath8@gmail.com (H42N4NNHN9)";
				COPY_PHASE_STRIP = NO;
				DEBUG_INFORMATION_FORMAT = dwarf;
				ENABLE_STRICT_OBJC_MSGSEND = YES;
				ENABLE_TESTABILITY = YES;
				GCC_C_LANGUAGE_STANDARD = gnu99;
				GCC_DYNAMIC_NO_PIC = NO;
				GCC_NO_COMMON_BLOCKS = YES;
				GCC_OPTIMIZATION_LEVEL = 0;
				GCC_PREPROCESSOR_DEFINITIONS = (
					"DEBUG=1",
					"$(inherited)",
				);
				GCC_WARN_64_TO_32_BIT_CONVERSION = YES;
				GCC_WARN_ABOUT_RETURN_TYPE = YES_ERROR;
				GCC_WARN_UNDECLARED_SELECTOR = YES;
				GCC_WARN_UNINITIALIZED_AUTOS = YES_AGGRESSIVE;
				GCC_WARN_UNUSED_FUNCTION = YES;
				GCC_WARN_UNUSED_VARIABLE = YES;
				IPHONEOS_DEPLOYMENT_TARGET = 9.3;
				MTL_ENABLE_DEBUG_INFO = YES;
				ONLY_ACTIVE_ARCH = YES;
				PROVISIONING_PROFILE = "e85e3909-7b10-48cc-8005-6da16d5e3a97";
				SDKROOT = iphoneos;
				SWIFT_OPTIMIZATION_LEVEL = "-Onone";
				TARGETED_DEVICE_FAMILY = "1,2";
			};
			name = Debug;
		};
		CBDA412D1CD5BFD200103F2A /* Release */ = {
			isa = XCBuildConfiguration;
			buildSettings = {
				ALWAYS_SEARCH_USER_PATHS = NO;
				CLANG_ANALYZER_NONNULL = YES;
				CLANG_CXX_LANGUAGE_STANDARD = "gnu++0x";
				CLANG_CXX_LIBRARY = "libc++";
				CLANG_ENABLE_MODULES = YES;
				CLANG_ENABLE_OBJC_ARC = YES;
				CLANG_WARN_BOOL_CONVERSION = YES;
				CLANG_WARN_CONSTANT_CONVERSION = YES;
				CLANG_WARN_DIRECT_OBJC_ISA_USAGE = YES_ERROR;
				CLANG_WARN_EMPTY_BODY = YES;
				CLANG_WARN_ENUM_CONVERSION = YES;
				CLANG_WARN_INT_CONVERSION = YES;
				CLANG_WARN_OBJC_ROOT_CLASS = YES_ERROR;
				CLANG_WARN_UNREACHABLE_CODE = YES;
				CLANG_WARN__DUPLICATE_METHOD_MATCH = YES;
				CODE_SIGN_IDENTITY = "iPhone Developer: srikantviswanath8@gmail.com (H42N4NNHN9)";
				"CODE_SIGN_IDENTITY[sdk=iphoneos*]" = "iPhone Developer: srikantviswanath8@gmail.com (H42N4NNHN9)";
				COPY_PHASE_STRIP = NO;
				DEBUG_INFORMATION_FORMAT = "dwarf-with-dsym";
				ENABLE_NS_ASSERTIONS = NO;
				ENABLE_STRICT_OBJC_MSGSEND = YES;
				GCC_C_LANGUAGE_STANDARD = gnu99;
				GCC_NO_COMMON_BLOCKS = YES;
				GCC_WARN_64_TO_32_BIT_CONVERSION = YES;
				GCC_WARN_ABOUT_RETURN_TYPE = YES_ERROR;
				GCC_WARN_UNDECLARED_SELECTOR = YES;
				GCC_WARN_UNINITIALIZED_AUTOS = YES_AGGRESSIVE;
				GCC_WARN_UNUSED_FUNCTION = YES;
				GCC_WARN_UNUSED_VARIABLE = YES;
				IPHONEOS_DEPLOYMENT_TARGET = 9.3;
				MTL_ENABLE_DEBUG_INFO = NO;
				PROVISIONING_PROFILE = "e85e3909-7b10-48cc-8005-6da16d5e3a97";
				SDKROOT = iphoneos;
				TARGETED_DEVICE_FAMILY = "1,2";
				VALIDATE_PRODUCT = YES;
			};
			name = Release;
		};
		CBDA412F1CD5BFD200103F2A /* Debug */ = {
			isa = XCBuildConfiguration;
			baseConfigurationReference = 7307C08C58AE5B881290CEA8 /* Pods-BluffMastr.debug.xcconfig */;
			buildSettings = {
				ALWAYS_SEARCH_USER_PATHS = NO;
				ASSETCATALOG_COMPILER_APPICON_NAME = AppIcon;
				CLANG_ENABLE_MODULES = YES;
				CODE_SIGN_IDENTITY = "iPhone Developer";
				"CODE_SIGN_IDENTITY[sdk=iphoneos*]" = "iPhone Developer";
				INFOPLIST_FILE = BluffMastr/Info.plist;
				LD_RUNPATH_SEARCH_PATHS = "$(inherited) @executable_path/Frameworks";
				PRODUCT_BUNDLE_IDENTIFIER = com.ghutles.Bluffathonn;
				PRODUCT_NAME = "$(TARGET_NAME)";
				PROVISIONING_PROFILE = "";
				SWIFT_OBJC_BRIDGING_HEADER = "BluffMastr/BluffMastr-Bridging-Header.h";
				SWIFT_OPTIMIZATION_LEVEL = "-Onone";
				USER_HEADER_SEARCH_PATHS = "";
			};
			name = Debug;
		};
		CBDA41301CD5BFD200103F2A /* Release */ = {
			isa = XCBuildConfiguration;
			baseConfigurationReference = 1CF07AEC96F211F5E4849D68 /* Pods-BluffMastr.release.xcconfig */;
			buildSettings = {
				ALWAYS_SEARCH_USER_PATHS = NO;
				ASSETCATALOG_COMPILER_APPICON_NAME = AppIcon;
				CLANG_ENABLE_MODULES = YES;
				CODE_SIGN_IDENTITY = "iPhone Developer";
				"CODE_SIGN_IDENTITY[sdk=iphoneos*]" = "iPhone Developer";
				INFOPLIST_FILE = BluffMastr/Info.plist;
				LD_RUNPATH_SEARCH_PATHS = "$(inherited) @executable_path/Frameworks";
				PRODUCT_BUNDLE_IDENTIFIER = com.ghutles.Bluffathonn;
				PRODUCT_NAME = "$(TARGET_NAME)";
				PROVISIONING_PROFILE = "";
				SWIFT_OBJC_BRIDGING_HEADER = "BluffMastr/BluffMastr-Bridging-Header.h";
				USER_HEADER_SEARCH_PATHS = "";
			};
			name = Release;
		};
		CBDA41321CD5BFD200103F2A /* Debug */ = {
			isa = XCBuildConfiguration;
			baseConfigurationReference = FC72A0DA427F9D6D0D12188D /* Pods-BluffMastrTests.debug.xcconfig */;
			buildSettings = {
				BUNDLE_LOADER = "$(TEST_HOST)";
				INFOPLIST_FILE = BluffMastrTests/Info.plist;
				LD_RUNPATH_SEARCH_PATHS = "$(inherited) @executable_path/Frameworks @loader_path/Frameworks";
				PRODUCT_BUNDLE_IDENTIFIER = "viswanath-srikant.BluffMastrTests";
				PRODUCT_NAME = "$(TARGET_NAME)";
				TEST_HOST = "$(BUILT_PRODUCTS_DIR)/BluffMastr.app/BluffMastr";
			};
			name = Debug;
		};
		CBDA41331CD5BFD200103F2A /* Release */ = {
			isa = XCBuildConfiguration;
			baseConfigurationReference = 8BCDFA3FC06CDC97696C2F1D /* Pods-BluffMastrTests.release.xcconfig */;
			buildSettings = {
				BUNDLE_LOADER = "$(TEST_HOST)";
				INFOPLIST_FILE = BluffMastrTests/Info.plist;
				LD_RUNPATH_SEARCH_PATHS = "$(inherited) @executable_path/Frameworks @loader_path/Frameworks";
				PRODUCT_BUNDLE_IDENTIFIER = "viswanath-srikant.BluffMastrTests";
				PRODUCT_NAME = "$(TARGET_NAME)";
				TEST_HOST = "$(BUILT_PRODUCTS_DIR)/BluffMastr.app/BluffMastr";
			};
			name = Release;
		};
		CBDA41351CD5BFD200103F2A /* Debug */ = {
			isa = XCBuildConfiguration;
			baseConfigurationReference = 53D15AA9529212A2C2FA58EF /* Pods-BluffMastrUITests.debug.xcconfig */;
			buildSettings = {
				INFOPLIST_FILE = BluffMastrUITests/Info.plist;
				LD_RUNPATH_SEARCH_PATHS = "$(inherited) @executable_path/Frameworks @loader_path/Frameworks";
				PRODUCT_BUNDLE_IDENTIFIER = "viswanath-srikant.BluffMastrUITests";
				PRODUCT_NAME = "$(TARGET_NAME)";
				TEST_TARGET_NAME = BluffMastr;
			};
			name = Debug;
		};
		CBDA41361CD5BFD200103F2A /* Release */ = {
			isa = XCBuildConfiguration;
			baseConfigurationReference = 04EF7594D60A5B435C36F968 /* Pods-BluffMastrUITests.release.xcconfig */;
			buildSettings = {
				INFOPLIST_FILE = BluffMastrUITests/Info.plist;
				LD_RUNPATH_SEARCH_PATHS = "$(inherited) @executable_path/Frameworks @loader_path/Frameworks";
				PRODUCT_BUNDLE_IDENTIFIER = "viswanath-srikant.BluffMastrUITests";
				PRODUCT_NAME = "$(TARGET_NAME)";
				TEST_TARGET_NAME = BluffMastr;
			};
			name = Release;
		};
/* End XCBuildConfiguration section */

/* Begin XCConfigurationList section */
		CBDA40FE1CD5BFD100103F2A /* Build configuration list for PBXProject "Bluffathon" */ = {
			isa = XCConfigurationList;
			buildConfigurations = (
				CBDA412C1CD5BFD200103F2A /* Debug */,
				CBDA412D1CD5BFD200103F2A /* Release */,
				CBD4B6971D29BFFA00E7A674 /* Distribution */,
			);
			defaultConfigurationIsVisible = 0;
			defaultConfigurationName = Release;
		};
		CBDA412E1CD5BFD200103F2A /* Build configuration list for PBXNativeTarget "BluffMastr" */ = {
			isa = XCConfigurationList;
			buildConfigurations = (
				CBDA412F1CD5BFD200103F2A /* Debug */,
				CBDA41301CD5BFD200103F2A /* Release */,
				CBD4B6981D29BFFA00E7A674 /* Distribution */,
			);
			defaultConfigurationIsVisible = 0;
			defaultConfigurationName = Release;
		};
		CBDA41311CD5BFD200103F2A /* Build configuration list for PBXNativeTarget "BluffMastrTests" */ = {
			isa = XCConfigurationList;
			buildConfigurations = (
				CBDA41321CD5BFD200103F2A /* Debug */,
				CBDA41331CD5BFD200103F2A /* Release */,
				CBD4B6991D29BFFA00E7A674 /* Distribution */,
			);
			defaultConfigurationIsVisible = 0;
			defaultConfigurationName = Release;
		};
		CBDA41341CD5BFD200103F2A /* Build configuration list for PBXNativeTarget "BluffMastrUITests" */ = {
			isa = XCConfigurationList;
			buildConfigurations = (
				CBDA41351CD5BFD200103F2A /* Debug */,
				CBDA41361CD5BFD200103F2A /* Release */,
				CBD4B69A1D29BFFA00E7A674 /* Distribution */,
			);
			defaultConfigurationIsVisible = 0;
			defaultConfigurationName = Release;
		};
/* End XCConfigurationList section */

/* Begin XCVersionGroup section */
		CBDA410D1CD5BFD200103F2A /* BluffMastr.xcdatamodeld */ = {
			isa = XCVersionGroup;
			children = (
				CBDA410E1CD5BFD200103F2A /* BluffMastr.xcdatamodel */,
			);
			currentVersion = CBDA410E1CD5BFD200103F2A /* BluffMastr.xcdatamodel */;
			path = BluffMastr.xcdatamodeld;
			sourceTree = "<group>";
			versionGroupType = wrapper.xcdatamodel;
		};
/* End XCVersionGroup section */
	};
	rootObject = CBDA40FB1CD5BFD100103F2A /* Project object */;
}
