// !$*UTF8*$!
{
	archiveVersion = 1;
	classes = {
	};
	objectVersion = 46;
	objects = {

/* Begin PBXBuildFile section */
		0233DC72563C954433603EFE /* Pods_BluffMastrUITests.framework in Frameworks */ = {isa = PBXBuildFile; fileRef = 8F43BFFE6EF7A0979274332E /* Pods_BluffMastrUITests.framework */; };
		756D2FCF3EB652E3D7391F82 /* Pods_BluffMastr.framework in Frameworks */ = {isa = PBXBuildFile; fileRef = 37882A413A0E8AC91F604434 /* Pods_BluffMastr.framework */; };
		9446F8D91CF5F01E00F41FC0 /* Votes.swift in Sources */ = {isa = PBXBuildFile; fileRef = 9446F8D81CF5F01E00F41FC0 /* Votes.swift */; };

		949875B91D025FE000BA190E /* GoogleService-Info.plist in Resources */ = {isa = PBXBuildFile; fileRef = 949875B81D025FE000BA190E /* GoogleService-Info.plist */; };
		949875BA1D025FE000BA190E /* GoogleService-Info.plist in Resources */ = {isa = PBXBuildFile; fileRef = 949875B81D025FE000BA190E /* GoogleService-Info.plist */; };
		949875BB1D025FE000BA190E /* GoogleService-Info.plist in Resources */ = {isa = PBXBuildFile; fileRef = 949875B81D025FE000BA190E /* GoogleService-Info.plist */; };
		94EDAB2C1CDDC48E00A12321 /* Errors.swift in Sources */ = {isa = PBXBuildFile; fileRef = 94EDAB2B1CDDC48E00A12321 /* Errors.swift */; };
		BC8970900265258FB4D83D32 /* Pods_BluffMastrTests.framework in Frameworks */ = {isa = PBXBuildFile; fileRef = AD991CBB79C84B667E5AE531 /* Pods_BluffMastrTests.framework */; };
		CB7CEFC61CD6DCDA00356DFB /* FirebaseDataServices.swift in Sources */ = {isa = PBXBuildFile; fileRef = CB7CEFC51CD6DCDA00356DFB /* FirebaseDataServices.swift */; };
		CB7CEFC81CD6F1E000356DFB /* MaterialView.swift in Sources */ = {isa = PBXBuildFile; fileRef = CB7CEFC71CD6F1E000356DFB /* MaterialView.swift */; };
		CB7CEFCA1CD6F21300356DFB /* Constants.swift in Sources */ = {isa = PBXBuildFile; fileRef = CB7CEFC91CD6F21300356DFB /* Constants.swift */; };
		CB7CEFCE1CD6FE3F00356DFB /* MaterialButton.swift in Sources */ = {isa = PBXBuildFile; fileRef = CB7CEFCD1CD6FE3F00356DFB /* MaterialButton.swift */; };
		CB7CEFD01CD700B200356DFB /* MaterialTextField.swift in Sources */ = {isa = PBXBuildFile; fileRef = CB7CEFCF1CD700B200356DFB /* MaterialTextField.swift */; };
		CB7CEFD21CD7055000356DFB /* StagingVC.swift in Sources */ = {isa = PBXBuildFile; fileRef = CB7CEFD11CD7055000356DFB /* StagingVC.swift */; };
		CB89CFAF1CDD7421000D3A7B /* Games.swift in Sources */ = {isa = PBXBuildFile; fileRef = CB89CFAE1CDD7421000D3A7B /* Games.swift */; };
		CB89CFB11CDD7434000D3A7B /* GameMembers.swift in Sources */ = {isa = PBXBuildFile; fileRef = CB89CFB01CDD7434000D3A7B /* GameMembers.swift */; };
		CB89CFB31CDD7451000D3A7B /* Users.swift in Sources */ = {isa = PBXBuildFile; fileRef = CB89CFB21CDD7451000D3A7B /* Users.swift */; };
		CB89CFB51CDF9FFC000D3A7B /* QuestionVC.swift in Sources */ = {isa = PBXBuildFile; fileRef = CB89CFB41CDF9FFB000D3A7B /* QuestionVC.swift */; };
		CB89CFB71CE2C173000D3A7B /* Questions.swift in Sources */ = {isa = PBXBuildFile; fileRef = CB89CFB61CE2C173000D3A7B /* Questions.swift */; };
		CB8C3A0D1CD9911D0082215D /* CustomTableViewCell.swift in Sources */ = {isa = PBXBuildFile; fileRef = CB8C3A0C1CD9911D0082215D /* CustomTableViewCell.swift */; };
		CBC6FDE01CE6BAE9006CB1C0 /* AnswersVC.swift in Sources */ = {isa = PBXBuildFile; fileRef = CBC6FDDF1CE6BAE9006CB1C0 /* AnswersVC.swift */; };
		CBC6FDE21CE6D032006CB1C0 /* GameplayUtils.swift in Sources */ = {isa = PBXBuildFile; fileRef = CBC6FDE11CE6D032006CB1C0 /* GameplayUtils.swift */; };
		CBC6FDE41CE96844006CB1C0 /* ScoreVC.swift in Sources */ = {isa = PBXBuildFile; fileRef = CBC6FDE31CE96844006CB1C0 /* ScoreVC.swift */; };
		CBCFD3211CEAA3EF00C4AD7B /* Scores.swift in Sources */ = {isa = PBXBuildFile; fileRef = CBCFD3201CEAA3EF00C4AD7B /* Scores.swift */; };
		CBCFD3231CEABCC700C4AD7B /* ViewUtil.swift in Sources */ = {isa = PBXBuildFile; fileRef = CBCFD3221CEABCC700C4AD7B /* ViewUtil.swift */; };
		CBCFD3271CEBE79D00C4AD7B /* ThisRoundCell.swift in Sources */ = {isa = PBXBuildFile; fileRef = CBCFD3261CEBE79D00C4AD7B /* ThisRoundCell.swift */; };
		CBCFD3291CEBE82F00C4AD7B /* LeaderboardVC.swift in Sources */ = {isa = PBXBuildFile; fileRef = CBCFD3281CEBE82F00C4AD7B /* LeaderboardVC.swift */; };
		CBD880201CF55B17005C2C10 /* VoteResultVC.swift in Sources */ = {isa = PBXBuildFile; fileRef = CBD8801F1CF55B17005C2C10 /* VoteResultVC.swift */; };
		CBDA41071CD5BFD200103F2A /* AppDelegate.swift in Sources */ = {isa = PBXBuildFile; fileRef = CBDA41061CD5BFD200103F2A /* AppDelegate.swift */; };
		CBDA41091CD5BFD200103F2A /* LandingVC.swift in Sources */ = {isa = PBXBuildFile; fileRef = CBDA41081CD5BFD200103F2A /* LandingVC.swift */; };
		CBDA410C1CD5BFD200103F2A /* Main.storyboard in Resources */ = {isa = PBXBuildFile; fileRef = CBDA410A1CD5BFD200103F2A /* Main.storyboard */; };
		CBDA410F1CD5BFD200103F2A /* BluffMastr.xcdatamodeld in Sources */ = {isa = PBXBuildFile; fileRef = CBDA410D1CD5BFD200103F2A /* BluffMastr.xcdatamodeld */; };
		CBDA41111CD5BFD200103F2A /* Assets.xcassets in Resources */ = {isa = PBXBuildFile; fileRef = CBDA41101CD5BFD200103F2A /* Assets.xcassets */; };
		CBDA41141CD5BFD200103F2A /* LaunchScreen.storyboard in Resources */ = {isa = PBXBuildFile; fileRef = CBDA41121CD5BFD200103F2A /* LaunchScreen.storyboard */; };
		CBDA411F1CD5BFD200103F2A /* BluffMastrTests.swift in Sources */ = {isa = PBXBuildFile; fileRef = CBDA411E1CD5BFD200103F2A /* BluffMastrTests.swift */; };
		CBDA412A1CD5BFD200103F2A /* BluffMastrUITests.swift in Sources */ = {isa = PBXBuildFile; fileRef = CBDA41291CD5BFD200103F2A /* BluffMastrUITests.swift */; };
/* End PBXBuildFile section */

/* Begin PBXContainerItemProxy section */
		CBDA411B1CD5BFD200103F2A /* PBXContainerItemProxy */ = {
			isa = PBXContainerItemProxy;
			containerPortal = CBDA40FB1CD5BFD100103F2A /* Project object */;
			proxyType = 1;
			remoteGlobalIDString = CBDA41021CD5BFD200103F2A;
			remoteInfo = BluffMastr;
		};
		CBDA41261CD5BFD200103F2A /* PBXContainerItemProxy */ = {
			isa = PBXContainerItemProxy;
			containerPortal = CBDA40FB1CD5BFD100103F2A /* Project object */;
			proxyType = 1;
			remoteGlobalIDString = CBDA41021CD5BFD200103F2A;
			remoteInfo = BluffMastr;
		};
/* End PBXContainerItemProxy section */

/* Begin PBXFileReference section */
		058D074EA13CDF2F70ADA458 /* Pods-BluffMastrTests.debug.xcconfig */ = {isa = PBXFileReference; includeInIndex = 1; lastKnownFileType = text.xcconfig; name = "Pods-BluffMastrTests.debug.xcconfig"; path = "Pods/Target Support Files/Pods-BluffMastrTests/Pods-BluffMastrTests.debug.xcconfig"; sourceTree = "<group>"; };
		159F3E10CB2C0D6304C10B04 /* Pods-BluffMastrTests.release.xcconfig */ = {isa = PBXFileReference; includeInIndex = 1; lastKnownFileType = text.xcconfig; name = "Pods-BluffMastrTests.release.xcconfig"; path = "Pods/Target Support Files/Pods-BluffMastrTests/Pods-BluffMastrTests.release.xcconfig"; sourceTree = "<group>"; };
		37882A413A0E8AC91F604434 /* Pods_BluffMastr.framework */ = {isa = PBXFileReference; explicitFileType = wrapper.framework; includeInIndex = 0; path = Pods_BluffMastr.framework; sourceTree = BUILT_PRODUCTS_DIR; };
		53F8C31FAEE215C18ADD7B78 /* Pods-BluffMastr.debug.xcconfig */ = {isa = PBXFileReference; includeInIndex = 1; lastKnownFileType = text.xcconfig; name = "Pods-BluffMastr.debug.xcconfig"; path = "Pods/Target Support Files/Pods-BluffMastr/Pods-BluffMastr.debug.xcconfig"; sourceTree = "<group>"; };
		8F43BFFE6EF7A0979274332E /* Pods_BluffMastrUITests.framework */ = {isa = PBXFileReference; explicitFileType = wrapper.framework; includeInIndex = 0; path = Pods_BluffMastrUITests.framework; sourceTree = BUILT_PRODUCTS_DIR; };
		900961ED9134A9383EF027AE /* Pods-BluffMastrUITests.release.xcconfig */ = {isa = PBXFileReference; includeInIndex = 1; lastKnownFileType = text.xcconfig; name = "Pods-BluffMastrUITests.release.xcconfig"; path = "Pods/Target Support Files/Pods-BluffMastrUITests/Pods-BluffMastrUITests.release.xcconfig"; sourceTree = "<group>"; };
		9446F8D81CF5F01E00F41FC0 /* Votes.swift */ = {isa = PBXFileReference; fileEncoding = 4; lastKnownFileType = sourcecode.swift; path = Votes.swift; sourceTree = "<group>"; };

		949875B81D025FE000BA190E /* GoogleService-Info.plist */ = {isa = PBXFileReference; fileEncoding = 4; lastKnownFileType = text.plist.xml; path = "GoogleService-Info.plist"; sourceTree = "<group>"; };
		94EDAB2B1CDDC48E00A12321 /* Errors.swift */ = {isa = PBXFileReference; fileEncoding = 4; lastKnownFileType = sourcecode.swift; path = Errors.swift; sourceTree = "<group>"; };
		AD991CBB79C84B667E5AE531 /* Pods_BluffMastrTests.framework */ = {isa = PBXFileReference; explicitFileType = wrapper.framework; includeInIndex = 0; path = Pods_BluffMastrTests.framework; sourceTree = BUILT_PRODUCTS_DIR; };
		CB7CEFC51CD6DCDA00356DFB /* FirebaseDataServices.swift */ = {isa = PBXFileReference; fileEncoding = 4; lastKnownFileType = sourcecode.swift; path = FirebaseDataServices.swift; sourceTree = "<group>"; };
		CB7CEFC71CD6F1E000356DFB /* MaterialView.swift */ = {isa = PBXFileReference; fileEncoding = 4; lastKnownFileType = sourcecode.swift; path = MaterialView.swift; sourceTree = "<group>"; };
		CB7CEFC91CD6F21300356DFB /* Constants.swift */ = {isa = PBXFileReference; fileEncoding = 4; lastKnownFileType = sourcecode.swift; path = Constants.swift; sourceTree = "<group>"; };
		CB7CEFCD1CD6FE3F00356DFB /* MaterialButton.swift */ = {isa = PBXFileReference; fileEncoding = 4; lastKnownFileType = sourcecode.swift; path = MaterialButton.swift; sourceTree = "<group>"; };
		CB7CEFCF1CD700B200356DFB /* MaterialTextField.swift */ = {isa = PBXFileReference; fileEncoding = 4; lastKnownFileType = sourcecode.swift; path = MaterialTextField.swift; sourceTree = "<group>"; };
		CB7CEFD11CD7055000356DFB /* StagingVC.swift */ = {isa = PBXFileReference; fileEncoding = 4; lastKnownFileType = sourcecode.swift; path = StagingVC.swift; sourceTree = "<group>"; };
		CB89CFAE1CDD7421000D3A7B /* Games.swift */ = {isa = PBXFileReference; fileEncoding = 4; lastKnownFileType = sourcecode.swift; path = Games.swift; sourceTree = "<group>"; };
		CB89CFB01CDD7434000D3A7B /* GameMembers.swift */ = {isa = PBXFileReference; fileEncoding = 4; lastKnownFileType = sourcecode.swift; path = GameMembers.swift; sourceTree = "<group>"; };
		CB89CFB21CDD7451000D3A7B /* Users.swift */ = {isa = PBXFileReference; fileEncoding = 4; lastKnownFileType = sourcecode.swift; path = Users.swift; sourceTree = "<group>"; };
		CB89CFB41CDF9FFB000D3A7B /* QuestionVC.swift */ = {isa = PBXFileReference; fileEncoding = 4; lastKnownFileType = sourcecode.swift; path = QuestionVC.swift; sourceTree = "<group>"; };
		CB89CFB61CE2C173000D3A7B /* Questions.swift */ = {isa = PBXFileReference; fileEncoding = 4; lastKnownFileType = sourcecode.swift; path = Questions.swift; sourceTree = "<group>"; };
		CB8C3A0C1CD9911D0082215D /* CustomTableViewCell.swift */ = {isa = PBXFileReference; fileEncoding = 4; lastKnownFileType = sourcecode.swift; path = CustomTableViewCell.swift; sourceTree = "<group>"; };
		CBC6FDDF1CE6BAE9006CB1C0 /* AnswersVC.swift */ = {isa = PBXFileReference; fileEncoding = 4; lastKnownFileType = sourcecode.swift; path = AnswersVC.swift; sourceTree = "<group>"; };
		CBC6FDE11CE6D032006CB1C0 /* GameplayUtils.swift */ = {isa = PBXFileReference; fileEncoding = 4; lastKnownFileType = sourcecode.swift; path = GameplayUtils.swift; sourceTree = "<group>"; };
		CBC6FDE31CE96844006CB1C0 /* ScoreVC.swift */ = {isa = PBXFileReference; fileEncoding = 4; lastKnownFileType = sourcecode.swift; path = ScoreVC.swift; sourceTree = "<group>"; };
		CBCFD3201CEAA3EF00C4AD7B /* Scores.swift */ = {isa = PBXFileReference; fileEncoding = 4; lastKnownFileType = sourcecode.swift; path = Scores.swift; sourceTree = "<group>"; };
		CBCFD3221CEABCC700C4AD7B /* ViewUtil.swift */ = {isa = PBXFileReference; fileEncoding = 4; lastKnownFileType = sourcecode.swift; path = ViewUtil.swift; sourceTree = "<group>"; };
		CBCFD3261CEBE79D00C4AD7B /* ThisRoundCell.swift */ = {isa = PBXFileReference; fileEncoding = 4; lastKnownFileType = sourcecode.swift; path = ThisRoundCell.swift; sourceTree = "<group>"; };
		CBCFD3281CEBE82F00C4AD7B /* LeaderboardVC.swift */ = {isa = PBXFileReference; fileEncoding = 4; lastKnownFileType = sourcecode.swift; path = LeaderboardVC.swift; sourceTree = "<group>"; };
		CBD8801F1CF55B17005C2C10 /* VoteResultVC.swift */ = {isa = PBXFileReference; fileEncoding = 4; lastKnownFileType = sourcecode.swift; path = VoteResultVC.swift; sourceTree = "<group>"; };
		CBDA41031CD5BFD200103F2A /* BluffMastr.app */ = {isa = PBXFileReference; explicitFileType = wrapper.application; includeInIndex = 0; path = BluffMastr.app; sourceTree = BUILT_PRODUCTS_DIR; };
		CBDA41061CD5BFD200103F2A /* AppDelegate.swift */ = {isa = PBXFileReference; lastKnownFileType = sourcecode.swift; path = AppDelegate.swift; sourceTree = "<group>"; };
		CBDA41081CD5BFD200103F2A /* LandingVC.swift */ = {isa = PBXFileReference; lastKnownFileType = sourcecode.swift; path = LandingVC.swift; sourceTree = "<group>"; };
		CBDA410B1CD5BFD200103F2A /* Base */ = {isa = PBXFileReference; lastKnownFileType = file.storyboard; name = Base; path = Base.lproj/Main.storyboard; sourceTree = "<group>"; };
		CBDA410E1CD5BFD200103F2A /* BluffMastr.xcdatamodel */ = {isa = PBXFileReference; lastKnownFileType = wrapper.xcdatamodel; path = BluffMastr.xcdatamodel; sourceTree = "<group>"; };
		CBDA41101CD5BFD200103F2A /* Assets.xcassets */ = {isa = PBXFileReference; lastKnownFileType = folder.assetcatalog; path = Assets.xcassets; sourceTree = "<group>"; };
		CBDA41131CD5BFD200103F2A /* Base */ = {isa = PBXFileReference; lastKnownFileType = file.storyboard; name = Base; path = Base.lproj/LaunchScreen.storyboard; sourceTree = "<group>"; };
		CBDA41151CD5BFD200103F2A /* Info.plist */ = {isa = PBXFileReference; lastKnownFileType = text.plist.xml; path = Info.plist; sourceTree = "<group>"; };
		CBDA411A1CD5BFD200103F2A /* BluffMastrTests.xctest */ = {isa = PBXFileReference; explicitFileType = wrapper.cfbundle; includeInIndex = 0; path = BluffMastrTests.xctest; sourceTree = BUILT_PRODUCTS_DIR; };
		CBDA411E1CD5BFD200103F2A /* BluffMastrTests.swift */ = {isa = PBXFileReference; lastKnownFileType = sourcecode.swift; path = BluffMastrTests.swift; sourceTree = "<group>"; };
		CBDA41201CD5BFD200103F2A /* Info.plist */ = {isa = PBXFileReference; lastKnownFileType = text.plist.xml; path = Info.plist; sourceTree = "<group>"; };
		CBDA41251CD5BFD200103F2A /* BluffMastrUITests.xctest */ = {isa = PBXFileReference; explicitFileType = wrapper.cfbundle; includeInIndex = 0; path = BluffMastrUITests.xctest; sourceTree = BUILT_PRODUCTS_DIR; };
		CBDA41291CD5BFD200103F2A /* BluffMastrUITests.swift */ = {isa = PBXFileReference; lastKnownFileType = sourcecode.swift; path = BluffMastrUITests.swift; sourceTree = "<group>"; };
		CBDA412B1CD5BFD200103F2A /* Info.plist */ = {isa = PBXFileReference; lastKnownFileType = text.plist.xml; path = Info.plist; sourceTree = "<group>"; };
		D1BE2D87F109437C3C971985 /* Pods-BluffMastrUITests.debug.xcconfig */ = {isa = PBXFileReference; includeInIndex = 1; lastKnownFileType = text.xcconfig; name = "Pods-BluffMastrUITests.debug.xcconfig"; path = "Pods/Target Support Files/Pods-BluffMastrUITests/Pods-BluffMastrUITests.debug.xcconfig"; sourceTree = "<group>"; };
		E07CB4828D6FA88DFEA518F3 /* Pods-BluffMastr.release.xcconfig */ = {isa = PBXFileReference; includeInIndex = 1; lastKnownFileType = text.xcconfig; name = "Pods-BluffMastr.release.xcconfig"; path = "Pods/Target Support Files/Pods-BluffMastr/Pods-BluffMastr.release.xcconfig"; sourceTree = "<group>"; };
/* End PBXFileReference section */

/* Begin PBXFrameworksBuildPhase section */
		CBDA41001CD5BFD200103F2A /* Frameworks */ = {
			isa = PBXFrameworksBuildPhase;
			buildActionMask = 2147483647;
			files = (
				756D2FCF3EB652E3D7391F82 /* Pods_BluffMastr.framework in Frameworks */,
			);
			runOnlyForDeploymentPostprocessing = 0;
		};
		CBDA41171CD5BFD200103F2A /* Frameworks */ = {
			isa = PBXFrameworksBuildPhase;
			buildActionMask = 2147483647;
			files = (
				BC8970900265258FB4D83D32 /* Pods_BluffMastrTests.framework in Frameworks */,
			);
			runOnlyForDeploymentPostprocessing = 0;
		};
		CBDA41221CD5BFD200103F2A /* Frameworks */ = {
			isa = PBXFrameworksBuildPhase;
			buildActionMask = 2147483647;
			files = (
				0233DC72563C954433603EFE /* Pods_BluffMastrUITests.framework in Frameworks */,
			);
			runOnlyForDeploymentPostprocessing = 0;
		};
/* End PBXFrameworksBuildPhase section */

/* Begin PBXGroup section */
		230E2CA533B9B639CA05A90C /* Frameworks */ = {
			isa = PBXGroup;
			children = (
				37882A413A0E8AC91F604434 /* Pods_BluffMastr.framework */,
				AD991CBB79C84B667E5AE531 /* Pods_BluffMastrTests.framework */,
				8F43BFFE6EF7A0979274332E /* Pods_BluffMastrUITests.framework */,
			);
			name = Frameworks;
			sourceTree = "<group>";
		};
		CB7CEFC01CD6DB8F00356DFB /* Model */ = {
			isa = PBXGroup;
			children = (
			);
			name = Model;
			sourceTree = "<group>";
		};
		CB7CEFC11CD6DBA200356DFB /* View */ = {
			isa = PBXGroup;
			children = (
				CBDA410A1CD5BFD200103F2A /* Main.storyboard */,
				CB8C3A0C1CD9911D0082215D /* CustomTableViewCell.swift */,
				CB7CEFC71CD6F1E000356DFB /* MaterialView.swift */,
				CB7CEFCD1CD6FE3F00356DFB /* MaterialButton.swift */,
				CB7CEFCF1CD700B200356DFB /* MaterialTextField.swift */,
				CBCFD3221CEABCC700C4AD7B /* ViewUtil.swift */,
				CBCFD3261CEBE79D00C4AD7B /* ThisRoundCell.swift */,
			);
			name = View;
			sourceTree = "<group>";
		};
		CB7CEFC21CD6DBA800356DFB /* Controller */ = {
			isa = PBXGroup;
			children = (
				CBDA41081CD5BFD200103F2A /* LandingVC.swift */,
				CB7CEFD11CD7055000356DFB /* StagingVC.swift */,
				CB89CFB41CDF9FFB000D3A7B /* QuestionVC.swift */,
				CBC6FDDF1CE6BAE9006CB1C0 /* AnswersVC.swift */,
				CBC6FDE31CE96844006CB1C0 /* ScoreVC.swift */,
				CBCFD3281CEBE82F00C4AD7B /* LeaderboardVC.swift */,
				CBD8801F1CF55B17005C2C10 /* VoteResultVC.swift */,
			);
			name = Controller;
			sourceTree = "<group>";
		};
		CB7CEFC31CD6DBDE00356DFB /* Util */ = {
			isa = PBXGroup;
			children = (
				CB7CEFC91CD6F21300356DFB /* Constants.swift */,
				94EDAB2B1CDDC48E00A12321 /* Errors.swift */,
				CBC6FDE11CE6D032006CB1C0 /* GameplayUtils.swift */,
			);
			name = Util;
			sourceTree = "<group>";
		};
		CB7CEFC41CD6DBF100356DFB /* Services */ = {
			isa = PBXGroup;
			children = (
				9446F8D81CF5F01E00F41FC0 /* Votes.swift */,
				CB7CEFC51CD6DCDA00356DFB /* FirebaseDataServices.swift */,
				CB89CFAE1CDD7421000D3A7B /* Games.swift */,
				CB89CFB01CDD7434000D3A7B /* GameMembers.swift */,
				CB89CFB21CDD7451000D3A7B /* Users.swift */,
				CB89CFB61CE2C173000D3A7B /* Questions.swift */,
				CBCFD3201CEAA3EF00C4AD7B /* Scores.swift */,
			);
			name = Services;
			sourceTree = "<group>";
		};
		CBDA40FA1CD5BFD100103F2A = {
			isa = PBXGroup;
			children = (
				CBDA41051CD5BFD200103F2A /* BluffMastr */,
				CBDA411D1CD5BFD200103F2A /* BluffMastrTests */,
				CBDA41281CD5BFD200103F2A /* BluffMastrUITests */,
				CBDA41041CD5BFD200103F2A /* Products */,
				FA6719FB41B895EFD0807BCC /* Pods */,
				230E2CA533B9B639CA05A90C /* Frameworks */,
			);
			sourceTree = "<group>";
		};
		CBDA41041CD5BFD200103F2A /* Products */ = {
			isa = PBXGroup;
			children = (
				CBDA41031CD5BFD200103F2A /* BluffMastr.app */,
				CBDA411A1CD5BFD200103F2A /* BluffMastrTests.xctest */,
				CBDA41251CD5BFD200103F2A /* BluffMastrUITests.xctest */,
			);
			name = Products;
			sourceTree = "<group>";
		};
		CBDA41051CD5BFD200103F2A /* BluffMastr */ = {
			isa = PBXGroup;
			children = (
				CB7CEFC41CD6DBF100356DFB /* Services */,
				CB7CEFC31CD6DBDE00356DFB /* Util */,
				CB7CEFC01CD6DB8F00356DFB /* Model */,
				CB7CEFC21CD6DBA800356DFB /* Controller */,
				CB7CEFC11CD6DBA200356DFB /* View */,
				CBDA41061CD5BFD200103F2A /* AppDelegate.swift */,
				CBDA41101CD5BFD200103F2A /* Assets.xcassets */,
				CBDA41121CD5BFD200103F2A /* LaunchScreen.storyboard */,
				CBDA41151CD5BFD200103F2A /* Info.plist */,
				CBDA410D1CD5BFD200103F2A /* BluffMastr.xcdatamodeld */,
				949875B81D025FE000BA190E /* GoogleService-Info.plist */,
			);
			path = BluffMastr;
			sourceTree = "<group>";
		};
		CBDA411D1CD5BFD200103F2A /* BluffMastrTests */ = {
			isa = PBXGroup;
			children = (
				CBDA411E1CD5BFD200103F2A /* BluffMastrTests.swift */,
				CBDA41201CD5BFD200103F2A /* Info.plist */,
			);
			path = BluffMastrTests;
			sourceTree = "<group>";
		};
		CBDA41281CD5BFD200103F2A /* BluffMastrUITests */ = {
			isa = PBXGroup;
			children = (
				CBDA41291CD5BFD200103F2A /* BluffMastrUITests.swift */,
				CBDA412B1CD5BFD200103F2A /* Info.plist */,
			);
			path = BluffMastrUITests;
			sourceTree = "<group>";
		};
		FA6719FB41B895EFD0807BCC /* Pods */ = {
			isa = PBXGroup;
			children = (
				53F8C31FAEE215C18ADD7B78 /* Pods-BluffMastr.debug.xcconfig */,
				E07CB4828D6FA88DFEA518F3 /* Pods-BluffMastr.release.xcconfig */,
				058D074EA13CDF2F70ADA458 /* Pods-BluffMastrTests.debug.xcconfig */,
				159F3E10CB2C0D6304C10B04 /* Pods-BluffMastrTests.release.xcconfig */,
				D1BE2D87F109437C3C971985 /* Pods-BluffMastrUITests.debug.xcconfig */,
				900961ED9134A9383EF027AE /* Pods-BluffMastrUITests.release.xcconfig */,
			);
			name = Pods;
			sourceTree = "<group>";
		};
/* End PBXGroup section */

/* Begin PBXNativeTarget section */
		CBDA41021CD5BFD200103F2A /* BluffMastr */ = {
			isa = PBXNativeTarget;
			buildConfigurationList = CBDA412E1CD5BFD200103F2A /* Build configuration list for PBXNativeTarget "BluffMastr" */;
			buildPhases = (
				9FB155AB425684FFE687C487 /* 📦 Check Pods Manifest.lock */,
				CBDA40FF1CD5BFD200103F2A /* Sources */,
				CBDA41001CD5BFD200103F2A /* Frameworks */,
				CBDA41011CD5BFD200103F2A /* Resources */,
				C2B9408AB9B0B641B9BFE778 /* 📦 Embed Pods Frameworks */,
				975A5EC63F978D3ADE0053B4 /* 📦 Copy Pods Resources */,
			);
			buildRules = (
			);
			dependencies = (
			);
			name = BluffMastr;
			productName = BluffMastr;
			productReference = CBDA41031CD5BFD200103F2A /* BluffMastr.app */;
			productType = "com.apple.product-type.application";
		};
		CBDA41191CD5BFD200103F2A /* BluffMastrTests */ = {
			isa = PBXNativeTarget;
			buildConfigurationList = CBDA41311CD5BFD200103F2A /* Build configuration list for PBXNativeTarget "BluffMastrTests" */;
			buildPhases = (
				3901F19C217E074BEC168B2A /* 📦 Check Pods Manifest.lock */,
				CBDA41161CD5BFD200103F2A /* Sources */,
				CBDA41171CD5BFD200103F2A /* Frameworks */,
				CBDA41181CD5BFD200103F2A /* Resources */,
				0B7C908CD2F1F8FDC9C28CF4 /* 📦 Embed Pods Frameworks */,
				8A84CB56EAA9A37F3CDAE549 /* 📦 Copy Pods Resources */,
			);
			buildRules = (
			);
			dependencies = (
				CBDA411C1CD5BFD200103F2A /* PBXTargetDependency */,
			);
			name = BluffMastrTests;
			productName = BluffMastrTests;
			productReference = CBDA411A1CD5BFD200103F2A /* BluffMastrTests.xctest */;
			productType = "com.apple.product-type.bundle.unit-test";
		};
		CBDA41241CD5BFD200103F2A /* BluffMastrUITests */ = {
			isa = PBXNativeTarget;
			buildConfigurationList = CBDA41341CD5BFD200103F2A /* Build configuration list for PBXNativeTarget "BluffMastrUITests" */;
			buildPhases = (
				8B2F2B980097E7896237815F /* 📦 Check Pods Manifest.lock */,
				CBDA41211CD5BFD200103F2A /* Sources */,
				CBDA41221CD5BFD200103F2A /* Frameworks */,
				CBDA41231CD5BFD200103F2A /* Resources */,
				44FFA8AE41B02CF8CFB42DE0 /* 📦 Copy Pods Resources */,
			);
			buildRules = (
			);
			dependencies = (
				CBDA41271CD5BFD200103F2A /* PBXTargetDependency */,
			);
			name = BluffMastrUITests;
			productName = BluffMastrUITests;
			productReference = CBDA41251CD5BFD200103F2A /* BluffMastrUITests.xctest */;
			productType = "com.apple.product-type.bundle.ui-testing";
		};
/* End PBXNativeTarget section */

/* Begin PBXProject section */
		CBDA40FB1CD5BFD100103F2A /* Project object */ = {
			isa = PBXProject;
			attributes = {
				LastSwiftUpdateCheck = 0730;
				LastUpgradeCheck = 0730;
				ORGANIZATIONNAME = "Srikant Viswanath";
				TargetAttributes = {
					CBDA41021CD5BFD200103F2A = {
						CreatedOnToolsVersion = 7.3;
						DevelopmentTeam = 59CB6UT3ZF;
					};
					CBDA41191CD5BFD200103F2A = {
						CreatedOnToolsVersion = 7.3;
						TestTargetID = CBDA41021CD5BFD200103F2A;
					};
					CBDA41241CD5BFD200103F2A = {
						CreatedOnToolsVersion = 7.3;
						TestTargetID = CBDA41021CD5BFD200103F2A;
					};
				};
			};
			buildConfigurationList = CBDA40FE1CD5BFD100103F2A /* Build configuration list for PBXProject "BluffMastr" */;
			compatibilityVersion = "Xcode 3.2";
			developmentRegion = English;
			hasScannedForEncodings = 0;
			knownRegions = (
				en,
				Base,
			);
			mainGroup = CBDA40FA1CD5BFD100103F2A;
			productRefGroup = CBDA41041CD5BFD200103F2A /* Products */;
			projectDirPath = "";
			projectRoot = "";
			targets = (
				CBDA41021CD5BFD200103F2A /* BluffMastr */,
				CBDA41191CD5BFD200103F2A /* BluffMastrTests */,
				CBDA41241CD5BFD200103F2A /* BluffMastrUITests */,
			);
		};
/* End PBXProject section */

/* Begin PBXResourcesBuildPhase section */
		CBDA41011CD5BFD200103F2A /* Resources */ = {
			isa = PBXResourcesBuildPhase;
			buildActionMask = 2147483647;
			files = (
				CBDA41141CD5BFD200103F2A /* LaunchScreen.storyboard in Resources */,
				949875B91D025FE000BA190E /* GoogleService-Info.plist in Resources */,
				CBDA41111CD5BFD200103F2A /* Assets.xcassets in Resources */,
				CBDA410C1CD5BFD200103F2A /* Main.storyboard in Resources */,
			);
			runOnlyForDeploymentPostprocessing = 0;
		};
		CBDA41181CD5BFD200103F2A /* Resources */ = {
			isa = PBXResourcesBuildPhase;
			buildActionMask = 2147483647;
			files = (
				949875BA1D025FE000BA190E /* GoogleService-Info.plist in Resources */,
			);
			runOnlyForDeploymentPostprocessing = 0;
		};
		CBDA41231CD5BFD200103F2A /* Resources */ = {
			isa = PBXResourcesBuildPhase;
			buildActionMask = 2147483647;
			files = (
				949875BB1D025FE000BA190E /* GoogleService-Info.plist in Resources */,
			);
			runOnlyForDeploymentPostprocessing = 0;
		};
/* End PBXResourcesBuildPhase section */

/* Begin PBXShellScriptBuildPhase section */
		0B7C908CD2F1F8FDC9C28CF4 /* 📦 Embed Pods Frameworks */ = {
			isa = PBXShellScriptBuildPhase;
			buildActionMask = 2147483647;
			files = (
			);
			inputPaths = (
			);
			name = "📦 Embed Pods Frameworks";
			outputPaths = (
			);
			runOnlyForDeploymentPostprocessing = 0;
			shellPath = /bin/sh;
			shellScript = "\"${SRCROOT}/Pods/Target Support Files/Pods-BluffMastrTests/Pods-BluffMastrTests-frameworks.sh\"\n";
			showEnvVarsInLog = 0;
		};
		3901F19C217E074BEC168B2A /* 📦 Check Pods Manifest.lock */ = {
			isa = PBXShellScriptBuildPhase;
			buildActionMask = 2147483647;
			files = (
			);
			inputPaths = (
			);
			name = "📦 Check Pods Manifest.lock";
			outputPaths = (
			);
			runOnlyForDeploymentPostprocessing = 0;
			shellPath = /bin/sh;
			shellScript = "diff \"${PODS_ROOT}/../Podfile.lock\" \"${PODS_ROOT}/Manifest.lock\" > /dev/null\nif [[ $? != 0 ]] ; then\n    cat << EOM\nerror: The sandbox is not in sync with the Podfile.lock. Run 'pod install' or update your CocoaPods installation.\nEOM\n    exit 1\nfi\n";
			showEnvVarsInLog = 0;
		};
		44FFA8AE41B02CF8CFB42DE0 /* 📦 Copy Pods Resources */ = {
			isa = PBXShellScriptBuildPhase;
			buildActionMask = 2147483647;
			files = (
			);
			inputPaths = (
			);
			name = "📦 Copy Pods Resources";
			outputPaths = (
			);
			runOnlyForDeploymentPostprocessing = 0;
			shellPath = /bin/sh;
			shellScript = "\"${SRCROOT}/Pods/Target Support Files/Pods-BluffMastrUITests/Pods-BluffMastrUITests-resources.sh\"\n";
			showEnvVarsInLog = 0;
		};
		8A84CB56EAA9A37F3CDAE549 /* 📦 Copy Pods Resources */ = {
			isa = PBXShellScriptBuildPhase;
			buildActionMask = 2147483647;
			files = (
			);
			inputPaths = (
			);
			name = "📦 Copy Pods Resources";
			outputPaths = (
			);
			runOnlyForDeploymentPostprocessing = 0;
			shellPath = /bin/sh;
			shellScript = "\"${SRCROOT}/Pods/Target Support Files/Pods-BluffMastrTests/Pods-BluffMastrTests-resources.sh\"\n";
			showEnvVarsInLog = 0;
		};
		8B2F2B980097E7896237815F /* 📦 Check Pods Manifest.lock */ = {
			isa = PBXShellScriptBuildPhase;
			buildActionMask = 2147483647;
			files = (
			);
			inputPaths = (
			);
			name = "📦 Check Pods Manifest.lock";
			outputPaths = (
			);
			runOnlyForDeploymentPostprocessing = 0;
			shellPath = /bin/sh;
			shellScript = "diff \"${PODS_ROOT}/../Podfile.lock\" \"${PODS_ROOT}/Manifest.lock\" > /dev/null\nif [[ $? != 0 ]] ; then\n    cat << EOM\nerror: The sandbox is not in sync with the Podfile.lock. Run 'pod install' or update your CocoaPods installation.\nEOM\n    exit 1\nfi\n";
			showEnvVarsInLog = 0;
		};
		975A5EC63F978D3ADE0053B4 /* 📦 Copy Pods Resources */ = {
			isa = PBXShellScriptBuildPhase;
			buildActionMask = 2147483647;
			files = (
			);
			inputPaths = (
			);
			name = "📦 Copy Pods Resources";
			outputPaths = (
			);
			runOnlyForDeploymentPostprocessing = 0;
			shellPath = /bin/sh;
			shellScript = "\"${SRCROOT}/Pods/Target Support Files/Pods-BluffMastr/Pods-BluffMastr-resources.sh\"\n";
			showEnvVarsInLog = 0;
		};
		9FB155AB425684FFE687C487 /* 📦 Check Pods Manifest.lock */ = {
			isa = PBXShellScriptBuildPhase;
			buildActionMask = 2147483647;
			files = (
			);
			inputPaths = (
			);
			name = "📦 Check Pods Manifest.lock";
			outputPaths = (
			);
			runOnlyForDeploymentPostprocessing = 0;
			shellPath = /bin/sh;
			shellScript = "diff \"${PODS_ROOT}/../Podfile.lock\" \"${PODS_ROOT}/Manifest.lock\" > /dev/null\nif [[ $? != 0 ]] ; then\n    cat << EOM\nerror: The sandbox is not in sync with the Podfile.lock. Run 'pod install' or update your CocoaPods installation.\nEOM\n    exit 1\nfi\n";
			showEnvVarsInLog = 0;
		};
		C2B9408AB9B0B641B9BFE778 /* 📦 Embed Pods Frameworks */ = {
			isa = PBXShellScriptBuildPhase;
			buildActionMask = 2147483647;
			files = (
			);
			inputPaths = (
			);
			name = "📦 Embed Pods Frameworks";
			outputPaths = (
			);
			runOnlyForDeploymentPostprocessing = 0;
			shellPath = /bin/sh;
			shellScript = "\"${SRCROOT}/Pods/Target Support Files/Pods-BluffMastr/Pods-BluffMastr-frameworks.sh\"\n";
			showEnvVarsInLog = 0;
		};
/* End PBXShellScriptBuildPhase section */

/* Begin PBXSourcesBuildPhase section */
		CBDA40FF1CD5BFD200103F2A /* Sources */ = {
			isa = PBXSourcesBuildPhase;
			buildActionMask = 2147483647;
			files = (
				CB7CEFCE1CD6FE3F00356DFB /* MaterialButton.swift in Sources */,
				CB7CEFC61CD6DCDA00356DFB /* FirebaseDataServices.swift in Sources */,
				CBCFD3271CEBE79D00C4AD7B /* ThisRoundCell.swift in Sources */,
				CBD880201CF55B17005C2C10 /* VoteResultVC.swift in Sources */,
				CBCFD3211CEAA3EF00C4AD7B /* Scores.swift in Sources */,
				CB7CEFD01CD700B200356DFB /* MaterialTextField.swift in Sources */,
				CBDA41091CD5BFD200103F2A /* LandingVC.swift in Sources */,
				CB89CFAF1CDD7421000D3A7B /* Games.swift in Sources */,
				CB89CFB71CE2C173000D3A7B /* Questions.swift in Sources */,
				CB7CEFC81CD6F1E000356DFB /* MaterialView.swift in Sources */,
				CBCFD3231CEABCC700C4AD7B /* ViewUtil.swift in Sources */,
				94EDAB2C1CDDC48E00A12321 /* Errors.swift in Sources */,
				CBDA41071CD5BFD200103F2A /* AppDelegate.swift in Sources */,
				CB8C3A0D1CD9911D0082215D /* CustomTableViewCell.swift in Sources */,
				CBDA410F1CD5BFD200103F2A /* BluffMastr.xcdatamodeld in Sources */,
				CB89CFB31CDD7451000D3A7B /* Users.swift in Sources */,
				9446F8D91CF5F01E00F41FC0 /* Votes.swift in Sources */,
				CB89CFB11CDD7434000D3A7B /* GameMembers.swift in Sources */,
				CBC6FDE01CE6BAE9006CB1C0 /* AnswersVC.swift in Sources */,
				CB7CEFCA1CD6F21300356DFB /* Constants.swift in Sources */,
				CBC6FDE21CE6D032006CB1C0 /* GameplayUtils.swift in Sources */,
				CBC6FDE41CE96844006CB1C0 /* ScoreVC.swift in Sources */,
				CBCFD3291CEBE82F00C4AD7B /* LeaderboardVC.swift in Sources */,
				CB89CFB51CDF9FFC000D3A7B /* QuestionVC.swift in Sources */,
				CB7CEFD21CD7055000356DFB /* StagingVC.swift in Sources */,
			);
			runOnlyForDeploymentPostprocessing = 0;
		};
		CBDA41161CD5BFD200103F2A /* Sources */ = {
			isa = PBXSourcesBuildPhase;
			buildActionMask = 2147483647;
			files = (
				CBDA411F1CD5BFD200103F2A /* BluffMastrTests.swift in Sources */,
			);
			runOnlyForDeploymentPostprocessing = 0;
		};
		CBDA41211CD5BFD200103F2A /* Sources */ = {
			isa = PBXSourcesBuildPhase;
			buildActionMask = 2147483647;
			files = (
				CBDA412A1CD5BFD200103F2A /* BluffMastrUITests.swift in Sources */,
			);
			runOnlyForDeploymentPostprocessing = 0;
		};
/* End PBXSourcesBuildPhase section */

/* Begin PBXTargetDependency section */
		CBDA411C1CD5BFD200103F2A /* PBXTargetDependency */ = {
			isa = PBXTargetDependency;
			target = CBDA41021CD5BFD200103F2A /* BluffMastr */;
			targetProxy = CBDA411B1CD5BFD200103F2A /* PBXContainerItemProxy */;
		};
		CBDA41271CD5BFD200103F2A /* PBXTargetDependency */ = {
			isa = PBXTargetDependency;
			target = CBDA41021CD5BFD200103F2A /* BluffMastr */;
			targetProxy = CBDA41261CD5BFD200103F2A /* PBXContainerItemProxy */;
		};
/* End PBXTargetDependency section */

/* Begin PBXVariantGroup section */
		CBDA410A1CD5BFD200103F2A /* Main.storyboard */ = {
			isa = PBXVariantGroup;
			children = (
				CBDA410B1CD5BFD200103F2A /* Base */,
			);
			name = Main.storyboard;
			sourceTree = "<group>";
		};
		CBDA41121CD5BFD200103F2A /* LaunchScreen.storyboard */ = {
			isa = PBXVariantGroup;
			children = (
				CBDA41131CD5BFD200103F2A /* Base */,
			);
			name = LaunchScreen.storyboard;
			sourceTree = "<group>";
		};
/* End PBXVariantGroup section */

/* Begin XCBuildConfiguration section */
		CBDA412C1CD5BFD200103F2A /* Debug */ = {
			isa = XCBuildConfiguration;
			buildSettings = {
				ALWAYS_SEARCH_USER_PATHS = NO;
				CLANG_ANALYZER_NONNULL = YES;
				CLANG_CXX_LANGUAGE_STANDARD = "gnu++0x";
				CLANG_CXX_LIBRARY = "libc++";
				CLANG_ENABLE_MODULES = YES;
				CLANG_ENABLE_OBJC_ARC = YES;
				CLANG_WARN_BOOL_CONVERSION = YES;
				CLANG_WARN_CONSTANT_CONVERSION = YES;
				CLANG_WARN_DIRECT_OBJC_ISA_USAGE = YES_ERROR;
				CLANG_WARN_EMPTY_BODY = YES;
				CLANG_WARN_ENUM_CONVERSION = YES;
				CLANG_WARN_INT_CONVERSION = YES;
				CLANG_WARN_OBJC_ROOT_CLASS = YES_ERROR;
				CLANG_WARN_UNREACHABLE_CODE = YES;
				CLANG_WARN__DUPLICATE_METHOD_MATCH = YES;
				"CODE_SIGN_IDENTITY[sdk=iphoneos*]" = "iPhone Developer";
				COPY_PHASE_STRIP = NO;
				DEBUG_INFORMATION_FORMAT = dwarf;
				ENABLE_STRICT_OBJC_MSGSEND = YES;
				ENABLE_TESTABILITY = YES;
				GCC_C_LANGUAGE_STANDARD = gnu99;
				GCC_DYNAMIC_NO_PIC = NO;
				GCC_NO_COMMON_BLOCKS = YES;
				GCC_OPTIMIZATION_LEVEL = 0;
				GCC_PREPROCESSOR_DEFINITIONS = (
					"DEBUG=1",
					"$(inherited)",
				);
				GCC_WARN_64_TO_32_BIT_CONVERSION = YES;
				GCC_WARN_ABOUT_RETURN_TYPE = YES_ERROR;
				GCC_WARN_UNDECLARED_SELECTOR = YES;
				GCC_WARN_UNINITIALIZED_AUTOS = YES_AGGRESSIVE;
				GCC_WARN_UNUSED_FUNCTION = YES;
				GCC_WARN_UNUSED_VARIABLE = YES;
				IPHONEOS_DEPLOYMENT_TARGET = 9.3;
				MTL_ENABLE_DEBUG_INFO = YES;
				ONLY_ACTIVE_ARCH = YES;
				SDKROOT = iphoneos;
				SWIFT_OPTIMIZATION_LEVEL = "-Onone";
				TARGETED_DEVICE_FAMILY = "1,2";
			};
			name = Debug;
		};
		CBDA412D1CD5BFD200103F2A /* Release */ = {
			isa = XCBuildConfiguration;
			buildSettings = {
				ALWAYS_SEARCH_USER_PATHS = NO;
				CLANG_ANALYZER_NONNULL = YES;
				CLANG_CXX_LANGUAGE_STANDARD = "gnu++0x";
				CLANG_CXX_LIBRARY = "libc++";
				CLANG_ENABLE_MODULES = YES;
				CLANG_ENABLE_OBJC_ARC = YES;
				CLANG_WARN_BOOL_CONVERSION = YES;
				CLANG_WARN_CONSTANT_CONVERSION = YES;
				CLANG_WARN_DIRECT_OBJC_ISA_USAGE = YES_ERROR;
				CLANG_WARN_EMPTY_BODY = YES;
				CLANG_WARN_ENUM_CONVERSION = YES;
				CLANG_WARN_INT_CONVERSION = YES;
				CLANG_WARN_OBJC_ROOT_CLASS = YES_ERROR;
				CLANG_WARN_UNREACHABLE_CODE = YES;
				CLANG_WARN__DUPLICATE_METHOD_MATCH = YES;
				"CODE_SIGN_IDENTITY[sdk=iphoneos*]" = "iPhone Developer";
				COPY_PHASE_STRIP = NO;
				DEBUG_INFORMATION_FORMAT = "dwarf-with-dsym";
				ENABLE_NS_ASSERTIONS = NO;
				ENABLE_STRICT_OBJC_MSGSEND = YES;
				GCC_C_LANGUAGE_STANDARD = gnu99;
				GCC_NO_COMMON_BLOCKS = YES;
				GCC_WARN_64_TO_32_BIT_CONVERSION = YES;
				GCC_WARN_ABOUT_RETURN_TYPE = YES_ERROR;
				GCC_WARN_UNDECLARED_SELECTOR = YES;
				GCC_WARN_UNINITIALIZED_AUTOS = YES_AGGRESSIVE;
				GCC_WARN_UNUSED_FUNCTION = YES;
				GCC_WARN_UNUSED_VARIABLE = YES;
				IPHONEOS_DEPLOYMENT_TARGET = 9.3;
				MTL_ENABLE_DEBUG_INFO = NO;
				SDKROOT = iphoneos;
				TARGETED_DEVICE_FAMILY = "1,2";
				VALIDATE_PRODUCT = YES;
			};
			name = Release;
		};
		CBDA412F1CD5BFD200103F2A /* Debug */ = {
			isa = XCBuildConfiguration;
			baseConfigurationReference = 53F8C31FAEE215C18ADD7B78 /* Pods-BluffMastr.debug.xcconfig */;
			buildSettings = {
				ASSETCATALOG_COMPILER_APPICON_NAME = AppIcon;
				CODE_SIGN_IDENTITY = "iPhone Developer";
				INFOPLIST_FILE = BluffMastr/Info.plist;
				LD_RUNPATH_SEARCH_PATHS = "$(inherited) @executable_path/Frameworks";
				PRODUCT_BUNDLE_IDENTIFIER = com.ghutle.BluffMastrr;
				PRODUCT_NAME = "$(TARGET_NAME)";
			};
			name = Debug;
		};
		CBDA41301CD5BFD200103F2A /* Release */ = {
			isa = XCBuildConfiguration;
			baseConfigurationReference = E07CB4828D6FA88DFEA518F3 /* Pods-BluffMastr.release.xcconfig */;
			buildSettings = {
				ASSETCATALOG_COMPILER_APPICON_NAME = AppIcon;
				CODE_SIGN_IDENTITY = "iPhone Developer";
				INFOPLIST_FILE = BluffMastr/Info.plist;
				LD_RUNPATH_SEARCH_PATHS = "$(inherited) @executable_path/Frameworks";
				PRODUCT_BUNDLE_IDENTIFIER = com.ghutle.BluffMastrr;
				PRODUCT_NAME = "$(TARGET_NAME)";
			};
			name = Release;
		};
		CBDA41321CD5BFD200103F2A /* Debug */ = {
			isa = XCBuildConfiguration;
			baseConfigurationReference = 058D074EA13CDF2F70ADA458 /* Pods-BluffMastrTests.debug.xcconfig */;
			buildSettings = {
				BUNDLE_LOADER = "$(TEST_HOST)";
				INFOPLIST_FILE = BluffMastrTests/Info.plist;
				LD_RUNPATH_SEARCH_PATHS = "$(inherited) @executable_path/Frameworks @loader_path/Frameworks";
				PRODUCT_BUNDLE_IDENTIFIER = "viswanath-srikant.BluffMastrTests";
				PRODUCT_NAME = "$(TARGET_NAME)";
				TEST_HOST = "$(BUILT_PRODUCTS_DIR)/BluffMastr.app/BluffMastr";
			};
			name = Debug;
		};
		CBDA41331CD5BFD200103F2A /* Release */ = {
			isa = XCBuildConfiguration;
			baseConfigurationReference = 159F3E10CB2C0D6304C10B04 /* Pods-BluffMastrTests.release.xcconfig */;
			buildSettings = {
				BUNDLE_LOADER = "$(TEST_HOST)";
				INFOPLIST_FILE = BluffMastrTests/Info.plist;
				LD_RUNPATH_SEARCH_PATHS = "$(inherited) @executable_path/Frameworks @loader_path/Frameworks";
				PRODUCT_BUNDLE_IDENTIFIER = "viswanath-srikant.BluffMastrTests";
				PRODUCT_NAME = "$(TARGET_NAME)";
				TEST_HOST = "$(BUILT_PRODUCTS_DIR)/BluffMastr.app/BluffMastr";
			};
			name = Release;
		};
		CBDA41351CD5BFD200103F2A /* Debug */ = {
			isa = XCBuildConfiguration;
			baseConfigurationReference = D1BE2D87F109437C3C971985 /* Pods-BluffMastrUITests.debug.xcconfig */;
			buildSettings = {
				INFOPLIST_FILE = BluffMastrUITests/Info.plist;
				LD_RUNPATH_SEARCH_PATHS = "$(inherited) @executable_path/Frameworks @loader_path/Frameworks";
				PRODUCT_BUNDLE_IDENTIFIER = "viswanath-srikant.BluffMastrUITests";
				PRODUCT_NAME = "$(TARGET_NAME)";
				TEST_TARGET_NAME = BluffMastr;
			};
			name = Debug;
		};
		CBDA41361CD5BFD200103F2A /* Release */ = {
			isa = XCBuildConfiguration;
			baseConfigurationReference = 900961ED9134A9383EF027AE /* Pods-BluffMastrUITests.release.xcconfig */;
			buildSettings = {
				INFOPLIST_FILE = BluffMastrUITests/Info.plist;
				LD_RUNPATH_SEARCH_PATHS = "$(inherited) @executable_path/Frameworks @loader_path/Frameworks";
				PRODUCT_BUNDLE_IDENTIFIER = "viswanath-srikant.BluffMastrUITests";
				PRODUCT_NAME = "$(TARGET_NAME)";
				TEST_TARGET_NAME = BluffMastr;
			};
			name = Release;
		};
/* End XCBuildConfiguration section */

/* Begin XCConfigurationList section */
		CBDA40FE1CD5BFD100103F2A /* Build configuration list for PBXProject "BluffMastr" */ = {
			isa = XCConfigurationList;
			buildConfigurations = (
				CBDA412C1CD5BFD200103F2A /* Debug */,
				CBDA412D1CD5BFD200103F2A /* Release */,
			);
			defaultConfigurationIsVisible = 0;
			defaultConfigurationName = Release;
		};
		CBDA412E1CD5BFD200103F2A /* Build configuration list for PBXNativeTarget "BluffMastr" */ = {
			isa = XCConfigurationList;
			buildConfigurations = (
				CBDA412F1CD5BFD200103F2A /* Debug */,
				CBDA41301CD5BFD200103F2A /* Release */,
			);
			defaultConfigurationIsVisible = 0;
			defaultConfigurationName = Release;
		};
		CBDA41311CD5BFD200103F2A /* Build configuration list for PBXNativeTarget "BluffMastrTests" */ = {
			isa = XCConfigurationList;
			buildConfigurations = (
				CBDA41321CD5BFD200103F2A /* Debug */,
				CBDA41331CD5BFD200103F2A /* Release */,
			);
			defaultConfigurationIsVisible = 0;
			defaultConfigurationName = Release;
		};
		CBDA41341CD5BFD200103F2A /* Build configuration list for PBXNativeTarget "BluffMastrUITests" */ = {
			isa = XCConfigurationList;
			buildConfigurations = (
				CBDA41351CD5BFD200103F2A /* Debug */,
				CBDA41361CD5BFD200103F2A /* Release */,
			);
			defaultConfigurationIsVisible = 0;
			defaultConfigurationName = Release;
		};
/* End XCConfigurationList section */

/* Begin XCVersionGroup section */
		CBDA410D1CD5BFD200103F2A /* BluffMastr.xcdatamodeld */ = {
			isa = XCVersionGroup;
			children = (
				CBDA410E1CD5BFD200103F2A /* BluffMastr.xcdatamodel */,
			);
			currentVersion = CBDA410E1CD5BFD200103F2A /* BluffMastr.xcdatamodel */;
			path = BluffMastr.xcdatamodeld;
			sourceTree = "<group>";
			versionGroupType = wrapper.xcdatamodel;
		};
/* End XCVersionGroup section */
	};
	rootObject = CBDA40FB1CD5BFD100103F2A /* Project object */;
}
